{"SurveyEntry":{"SurveyID":"SV_eA19YHRbDNcU3yJ","SurveyName":"UCSB - Asymmetry Without Cause","SurveyDescription":null,"SurveyOwnerID":"UR_1XPdOvzbTEW0KLb","SurveyBrandID":"berkeley","DivisionID":null,"SurveyLanguage":"EN","SurveyActiveResponseSet":"RS_dg4tPQpj0dQTVCl","SurveyStatus":"Inactive","SurveyStartDate":"0000-00-00 00:00:00","SurveyExpirationDate":"0000-00-00 00:00:00","SurveyCreationDate":"2017-06-27 18:57:19","CreatorID":"UR_1XPdOvzbTEW0KLb","LastModified":"2019-11-18 10:40:06","LastAccessed":"0000-00-00 00:00:00","LastActivated":"2017-07-26 15:39:06","Deleted":null},"SurveyElements":[{"SurveyID":"SV_eA19YHRbDNcU3yJ","Element":"BL","PrimaryAttribute":"Survey Blocks","SecondaryAttribute":null,"TertiaryAttribute":null,"Payload":[{"Type":"Default","Description":"Good - Alex","ID":"BL_86RlCKjnMuJ1541","BlockElements":[{"Type":"Question","QuestionID":"QID1"},{"Type":"Question","QuestionID":"QID3"},{"Type":"Question","QuestionID":"QID4"},{"Type":"Question","QuestionID":"QID5"},{"Type":"Page Break"},{"Type":"Question","QuestionID":"QID9"}]},{"Type":"Trash","Description":"Trash \/ Unused Questions","ID":"BL_bBF7VdWZvaGpTbT","BlockElements":[{"Type":"Question","QuestionID":"QID12"}]},{"Type":"Standard","Description":"Good - Mark","ID":"BL_6lEfy7b3K5g8ltr","BlockElements":[{"Type":"Question","QuestionID":"QID2"},{"Type":"Question","QuestionID":"QID6"},{"Type":"Question","QuestionID":"QID7"},{"Type":"Question","QuestionID":"QID8"},{"Type":"Page Break"},{"Type":"Question","QuestionID":"QID10"}]},{"Type":"Standard","SubType":"","Description":"Bad Alex","ID":"BL_6Q0IYUI75rrVKU5","BlockElements":[{"Type":"Question","QuestionID":"QID11"},{"Type":"Question","QuestionID":"QID13"},{"Type":"Question","QuestionID":"QID14"},{"Type":"Question","QuestionID":"QID15"},{"Type":"Page Break"},{"Type":"Question","QuestionID":"QID16"}]},{"Type":"Standard","SubType":"","Description":"Bad Mark","ID":"BL_bvYDFi5tYgrvt3L","BlockElements":[{"Type":"Question","QuestionID":"QID17"},{"Type":"Question","QuestionID":"QID18"},{"Type":"Question","QuestionID":"QID19"},{"Type":"Question","QuestionID":"QID20"},{"Type":"Page Break"},{"Type":"Question","QuestionID":"QID21"}]},{"Type":"Standard","SubType":"","Description":"CRT","ID":"BL_bw7f7gVzZe6HRA1","BlockElements":[{"Type":"Question","QuestionID":"QID22"}]},{"Type":"Standard","SubType":"","Description":"Post","ID":"BL_0AsFistU0TG9gEJ","BlockElements":[{"Type":"Question","QuestionID":"QID23"}]},{"Type":"Standard","SubType":"","Description":"hexaco","ID":"BL_cvxJGJpI3rHVrEN","BlockElements":[{"Type":"Question","QuestionID":"QID24"}]},{"Type":"Standard","SubType":"","Description":"cynicism","ID":"BL_9tOkuzjafSX89oN","BlockElements":[{"Type":"Question","QuestionID":"QID25"}]},{"Type":"Standard","SubType":"","Description":"Consent","ID":"BL_6ESg5oK9SI0hy4t","BlockElements":[{"Type":"Question","QuestionID":"QID26"}]},{"Type":"Standard","SubType":"","Description":"video","ID":"BL_4TxHG5z8kzGEyW1","BlockElements":[{"Type":"Question","QuestionID":"QID27"},{"Type":"Question","QuestionID":"QID28"}]}]},{"SurveyID":"SV_eA19YHRbDNcU3yJ","Element":"FL","PrimaryAttribute":"Survey Flow","SecondaryAttribute":null,"TertiaryAttribute":null,"Payload":{"Type":"Root","FlowID":"FL_1","Flow":[{"Type":"Standard","ID":"BL_6ESg5oK9SI0hy4t","FlowID":"FL_48"},{"Type":"Branch","FlowID":"FL_50","Description":"New Branch","BranchLogic":{"0":{"0":{"LogicType":"Question","QuestionID":"QID26","QuestionIsInLoop":"no","ChoiceLocator":"q:\/\/QID26\/SelectableChoice\/2","Operator":"Selected","QuestionIDFromLocator":"QID26","LeftOperand":"q:\/\/QID26\/SelectableChoice\/2","Type":"Expression","Description":"<span class=\"ConjDesc\">If<\/span> <span class=\"QuestionDesc\">We invite you to take part in this study, which is part of a larger program of research being car...<\/span> <span class=\"LeftOpDesc\">No<\/span> <span class=\"OpDesc\">Is Selected<\/span> "},"Type":"If"},"Type":"BooleanExpression"},"Flow":[{"Type":"EndSurvey","FlowID":"FL_51","EndingType":"Advanced","Options":{"Advanced":"true","SurveyTermination":"Redirect","EOSRedirectURL":"https:\/\/pt.surveysavvy.com\/survey\/finish\/1954\/4"}}]},{"Type":"Standard","ID":"BL_4TxHG5z8kzGEyW1","FlowID":"FL_49"},{"Type":"WebService","FlowID":"FL_20","URL":"http:\/\/reporting.qualtrics.com\/projects\/randomNumGen.php","Method":"GET","RequestParams":[{"key":"min","value":"0"},{"key":"max","value":"1"}],"EditBodyParams":[],"Body":[],"ContentType":"application\/x-www-form-urlencoded","Headers":[],"ResponseMap":[{"key":"random","value":"crt"}],"FireAndForget":false},{"Type":"BlockRandomizer","FlowID":"FL_10","SubSet":1,"EvenPresentation":true,"Flow":[{"Type":"Block","ID":"BL_86RlCKjnMuJ1541","FlowID":"FL_2"},{"Type":"Standard","ID":"BL_6lEfy7b3K5g8ltr","FlowID":"FL_3"},{"Type":"Standard","ID":"BL_6Q0IYUI75rrVKU5","FlowID":"FL_4"},{"Type":"Standard","ID":"BL_bvYDFi5tYgrvt3L","FlowID":"FL_5"}]},{"Type":"Branch","FlowID":"FL_21","Description":"New Branch","BranchLogic":{"0":{"0":{"LogicType":"EmbeddedField","LeftOperand":"crt","Operator":"EqualTo","RightOperand":"1","_HiddenExpression":false,"Type":"Expression","Description":"<span class=\"ConjDesc\">If<\/span>  <span class=\"LeftOpDesc\">crt<\/span> <span class=\"OpDesc\">Is Equal to<\/span> <span class=\"RightOpDesc\"> 1 <\/span>"},"Type":"If"},"Type":"BooleanExpression"},"Flow":[{"Type":"Standard","ID":"BL_bw7f7gVzZe6HRA1","FlowID":"FL_6"}]},{"Type":"Branch","FlowID":"FL_11","Description":"New Branch","BranchLogic":{"0":{"0":{"LogicType":"Question","QuestionID":"QID1","QuestionIsInLoop":"no","ChoiceLocator":"q:\/\/QID1\/DisplayableQuestion\/1","Operator":"Displayed","QuestionIDFromLocator":"QID1","LeftOperand":"q:\/\/QID1\/QuestionDisplayed","Type":"Expression","Description":"<span class=\"ConjDesc\">If<\/span> <span class=\"QuestionDesc\">Alex is 35 years old with a good job. Alex also donates all of his money that is not used for ren...<\/span> <span class=\"LeftOpDesc\"><\/span> <span class=\"OpDesc\">Is Displayed<\/span> "},"Type":"If"},"Type":"BooleanExpression"},"Flow":[{"Type":"Standard","ID":"BL_bvYDFi5tYgrvt3L","FlowID":"FL_15"},{"Type":"Branch","FlowID":"FL_22","Description":"New Branch","BranchLogic":{"0":{"0":{"LogicType":"EmbeddedField","LeftOperand":"crt","Operator":"EqualTo","RightOperand":"0","_HiddenExpression":false,"Type":"Expression","Description":"<span class=\"ConjDesc\">If<\/span>  <span class=\"LeftOpDesc\">crt<\/span> <span class=\"OpDesc\">Is Equal to<\/span> <span class=\"RightOpDesc\"> 0 <\/span>"},"Type":"If"},"Type":"BooleanExpression"},"Flow":[{"Type":"Standard","ID":"BL_bw7f7gVzZe6HRA1","FlowID":"FL_23"}]},{"Type":"Block","ID":"BL_0AsFistU0TG9gEJ","FlowID":"FL_32"},{"Type":"Block","ID":"BL_cvxJGJpI3rHVrEN","FlowID":"FL_33"},{"Type":"Block","ID":"BL_9tOkuzjafSX89oN","FlowID":"FL_34"},{"Type":"EndSurvey","FlowID":"FL_35","EndingType":"Advanced","Options":{"Advanced":"true","SurveyTermination":"Redirect","EOSRedirectURL":"https:\/\/berkeley.qualtrics.com\/jfe\/form\/SV_3yOvV0uajegETch"}}]},{"Type":"Branch","FlowID":"FL_12","Description":"New Branch","BranchLogic":{"0":{"0":{"LogicType":"Question","QuestionID":"QID2","QuestionIsInLoop":"no","ChoiceLocator":"q:\/\/QID2\/DisplayableQuestion\/1","Operator":"Displayed","QuestionIDFromLocator":"QID2","LeftOperand":"q:\/\/QID2\/QuestionDisplayed","Type":"Expression","Description":"<span class=\"ConjDesc\">If<\/span> <span class=\"QuestionDesc\">Mark is 35 years old with a good job. Mark also donates all of his money that is not used for ren...<\/span> <span class=\"LeftOpDesc\"><\/span> <span class=\"OpDesc\">Is Displayed<\/span> "},"Type":"If"},"Type":"BooleanExpression"},"Flow":[{"Type":"Standard","ID":"BL_6Q0IYUI75rrVKU5","FlowID":"FL_16"},{"Type":"Branch","FlowID":"FL_30","Description":"New Branch","BranchLogic":{"0":{"0":{"LogicType":"EmbeddedField","LeftOperand":"crt","Operator":"EqualTo","RightOperand":"0","_HiddenExpression":false,"Type":"Expression","Description":"<span class=\"ConjDesc\">If<\/span>  <span class=\"LeftOpDesc\">crt<\/span> <span class=\"OpDesc\">Is Equal to<\/span> <span class=\"RightOpDesc\"> 0 <\/span>"},"Type":"If"},"Type":"BooleanExpression"},"Flow":[{"Type":"Standard","ID":"BL_bw7f7gVzZe6HRA1","FlowID":"FL_31"}]},{"Type":"Block","ID":"BL_0AsFistU0TG9gEJ","FlowID":"FL_36"},{"Type":"Block","ID":"BL_cvxJGJpI3rHVrEN","FlowID":"FL_37"},{"Type":"Block","ID":"BL_9tOkuzjafSX89oN","FlowID":"FL_38"},{"Type":"EndSurvey","FlowID":"FL_39","EndingType":"Advanced","Options":{"Advanced":"true","SurveyTermination":"Redirect","EOSRedirectURL":"https:\/\/berkeley.qualtrics.com\/jfe\/form\/SV_3yOvV0uajegETch"}}]},{"Type":"Branch","FlowID":"FL_13","Description":"New Branch","BranchLogic":{"0":{"0":{"LogicType":"Question","QuestionID":"QID11","QuestionIsInLoop":"no","ChoiceLocator":"q:\/\/QID11\/DisplayableQuestion\/1","Operator":"Displayed","QuestionIDFromLocator":"QID11","LeftOperand":"q:\/\/QID11\/QuestionDisplayed","Type":"Expression","Description":"<span class=\"ConjDesc\">If<\/span> <span class=\"QuestionDesc\">Alex is 35 years old with a good job. Alex also habitually shoplifts from stores. Alex has been b...<\/span> <span class=\"LeftOpDesc\"><\/span> <span class=\"OpDesc\">Is Displayed<\/span> "},"Type":"If"},"Type":"BooleanExpression"},"Flow":[{"Type":"Standard","ID":"BL_6lEfy7b3K5g8ltr","FlowID":"FL_17"},{"Type":"Branch","FlowID":"FL_28","Description":"New Branch","BranchLogic":{"0":{"0":{"LogicType":"EmbeddedField","LeftOperand":"crt","Operator":"EqualTo","RightOperand":"0","_HiddenExpression":false,"Type":"Expression","Description":"<span class=\"ConjDesc\">If<\/span>  <span class=\"LeftOpDesc\">crt<\/span> <span class=\"OpDesc\">Is Equal to<\/span> <span class=\"RightOpDesc\"> 0 <\/span>"},"Type":"If"},"Type":"BooleanExpression"},"Flow":[{"Type":"Standard","ID":"BL_bw7f7gVzZe6HRA1","FlowID":"FL_29"}]},{"Type":"Block","ID":"BL_0AsFistU0TG9gEJ","FlowID":"FL_40"},{"Type":"Block","ID":"BL_cvxJGJpI3rHVrEN","FlowID":"FL_41"},{"Type":"Block","ID":"BL_9tOkuzjafSX89oN","FlowID":"FL_42"},{"Type":"EndSurvey","FlowID":"FL_43","EndingType":"Advanced","Options":{"Advanced":"true","SurveyTermination":"Redirect","EOSRedirectURL":"https:\/\/berkeley.qualtrics.com\/jfe\/form\/SV_3yOvV0uajegETch"}}]},{"Type":"Branch","FlowID":"FL_14","Description":"New Branch","BranchLogic":{"0":{"0":{"LogicType":"Question","QuestionID":"QID17","QuestionIsInLoop":"no","ChoiceLocator":"q:\/\/QID17\/DisplayableQuestion\/1","Operator":"Displayed","QuestionIDFromLocator":"QID17","LeftOperand":"q:\/\/QID17\/QuestionDisplayed","Type":"Expression","Description":"<span class=\"ConjDesc\">If<\/span> <span class=\"QuestionDesc\">Mark is 35 years old with a good job. Mark also habitually shoplifts from stores. Mark has been b...<\/span> <span class=\"LeftOpDesc\"><\/span> <span class=\"OpDesc\">Is Displayed<\/span> "},"Type":"If"},"Type":"BooleanExpression"},"Flow":[{"Type":"Block","ID":"BL_86RlCKjnMuJ1541","FlowID":"FL_18"},{"Type":"Branch","FlowID":"FL_26","Description":"New Branch","BranchLogic":{"0":{"0":{"LogicType":"EmbeddedField","LeftOperand":"crt","Operator":"EqualTo","RightOperand":"0","_HiddenExpression":false,"Type":"Expression","Description":"<span class=\"ConjDesc\">If<\/span>  <span class=\"LeftOpDesc\">crt<\/span> <span class=\"OpDesc\">Is Equal to<\/span> <span class=\"RightOpDesc\"> 0 <\/span>"},"Type":"If"},"Type":"BooleanExpression"},"Flow":[{"Type":"Standard","ID":"BL_bw7f7gVzZe6HRA1","FlowID":"FL_27"}]},{"Type":"Block","ID":"BL_0AsFistU0TG9gEJ","FlowID":"FL_44"},{"Type":"Block","ID":"BL_cvxJGJpI3rHVrEN","FlowID":"FL_45"},{"Type":"Block","ID":"BL_9tOkuzjafSX89oN","FlowID":"FL_46"},{"Type":"EndSurvey","FlowID":"FL_47","EndingType":"Advanced","Options":{"Advanced":"true","SurveyTermination":"Redirect","EOSRedirectURL":"https:\/\/berkeley.qualtrics.com\/jfe\/form\/SV_3yOvV0uajegETch"}}]}],"Properties":{"Count":51}}},{"SurveyID":"SV_eA19YHRbDNcU3yJ","Element":"SO","PrimaryAttribute":"Survey Options","SecondaryAttribute":null,"TertiaryAttribute":null,"Payload":{"BackButton":"false","SaveAndContinue":"true","SurveyProtection":"PublicSurvey","BallotBoxStuffingPrevention":"false","NoIndex":"Yes","SecureResponseFiles":"true","SurveyExpiration":"None","SurveyTermination":"DefaultMessage","Header":"","Footer":"","ProgressBarDisplay":"None","PartialData":"+1 week","ValidationMessage":"","PreviousButton":"  <<  ","NextButton":"  >>  ","SkinLibrary":"berkeley","SkinType":"MQ","Skin":"berkeley","NewScoring":1,"ProtectSelectionIds":true}},{"SurveyID":"SV_eA19YHRbDNcU3yJ","Element":"SCO","PrimaryAttribute":"Scoring","SecondaryAttribute":null,"TertiaryAttribute":null,"Payload":{"ScoringCategories":[],"ScoringCategoryGroups":[],"ScoringSummaryCategory":null,"ScoringSummaryAfterQuestions":0,"ScoringSummaryAfterSurvey":0,"DefaultScoringCategory":null,"AutoScoringCategory":null}},{"SurveyID":"SV_eA19YHRbDNcU3yJ","Element":"STAT","PrimaryAttribute":"Survey Statistics","SecondaryAttribute":null,"TertiaryAttribute":null,"Payload":{"MobileCompatible":false,"ID":"Survey Statistics"}},{"SurveyID":"SV_eA19YHRbDNcU3yJ","Element":"PROJ","PrimaryAttribute":"CORE","SecondaryAttribute":"1.0.0","TertiaryAttribute":null,"Payload":null},{"SurveyID":"SV_eA19YHRbDNcU3yJ","Element":"QC","PrimaryAttribute":"Survey Question Count","SecondaryAttribute":"28","TertiaryAttribute":null,"Payload":null},{"SurveyID":"SV_eA19YHRbDNcU3yJ","Element":"SQ","PrimaryAttribute":"QID1","SecondaryAttribute":"Alex is 35 years old with a good job. Alex also donates all of his money that is not used for ren...","TertiaryAttribute":null,"Payload":{"QuestionText":"<span style=\"font-size:16px;\">Alex is 35 years old with a good job. Alex also donates all of his money that is not used for rent, groceries, and a bus pass, to charity. Alex only owns a few pairs of clothes and shoes, and lives a very frugal lifestyle. This is so he can have more money to donate to charity.&nbsp;<\/span><div><span style=\"font-size:16px;\"><br><\/span><\/div><div><span style=\"font-size:16px;\">Alex has been behaving like this for as long as he can remember. Never keeping any money for himself, and donating all of his possessions to different charities. It was just discovered that Alex has a brain tumor. The doctors believe the tumor has been there since Alex was a young child.&nbsp;<\/span><\/div><div><span style=\"font-size:16px;\"><br><\/span><\/div><div><span style=\"font-size:16px;\">The doctors go in and remove the tumor. Afterwards, Alex no longer has any interest in donating to charity, and instead spends his money on himself. The doctors say the tumor was making him behave that way.<\/span><\/div>","DefaultChoices":false,"DataExportTag":"Q1","QuestionType":"DB","Selector":"TB","Configuration":{"QuestionDescriptionOption":"UseText"},"QuestionDescription":"Alex is 35 years old with a good job. Alex also donates all of his money that is not used for ren...","ChoiceOrder":[],"Validation":{"Settings":{"Type":"None"}},"GradingData":[],"Language":[],"QuestionID":"QID1"}},{"SurveyID":"SV_eA19YHRbDNcU3yJ","Element":"SQ","PrimaryAttribute":"QID11","SecondaryAttribute":"Alex is 35 years old with a good job. Alex also habitually shoplifts from stores. Alex has been b...","TertiaryAttribute":null,"Payload":{"QuestionText":"<span style=\"font-size:16px;\">Alex is 35 years old with a good job. Alex also habitually shoplifts from stores. Alex has been behaving like this for as long as he can remember; shoplifting from stores.<br \/>\n<br \/>\nIt was just discovered that Alex has a brain tumor. The doctors believe the tumor has been there since Alex was a young child.<br \/>\n<br \/>\nThe doctors go in and remove the tumor. Afterwards, Alex no longer shoplifts. The doctors say the tumor was making him behave that way.<\/span>","DefaultChoices":false,"DataExportTag":"Q11","QuestionType":"DB","Selector":"TB","Configuration":{"QuestionDescriptionOption":"UseText"},"QuestionDescription":"Alex is 35 years old with a good job. Alex also habitually shoplifts from stores. Alex has been b...","ChoiceOrder":[],"Validation":{"Settings":{"Type":"None"}},"GradingData":[],"Language":[],"QuestionID":"QID11"}},{"SurveyID":"SV_eA19YHRbDNcU3yJ","Element":"SQ","PrimaryAttribute":"QID12","SecondaryAttribute":"Click to write the question text","TertiaryAttribute":null,"Payload":{"QuestionText":"Click to write the question text","DataExportTag":"Q12","QuestionType":"MC","Selector":"SAVR","SubSelector":"TX","Configuration":{"QuestionDescriptionOption":"UseText"},"QuestionDescription":"Click to write the question text","Choices":{"1":{"Display":"Click to write Choice 1"},"2":{"Display":"Click to write Choice 2"},"3":{"Display":"Click to write Choice 3"}},"ChoiceOrder":["1","2","3"],"Validation":{"Settings":{"ForceResponse":"OFF","ForceResponseType":"ON","Type":"None"}},"Language":[],"QuestionID":"QID12"}},{"SurveyID":"SV_eA19YHRbDNcU3yJ","Element":"CJ","PrimaryAttribute":"CJ_3qqGIhScOUjgPLT","SecondaryAttribute":"Conjoint","TertiaryAttribute":null,"Payload":{"Type":"SelfExplicated","Description":"Conjoint","DisplayOption":"Importance","DataExportTag":"CJ1","QuestionType":"Conjoint","T_FeatureElemenation":"Is ANY FEATURE LEVEL SO UNACCEPTABLE that ALL OPTIONS CONTAINING THAT LEVEL WOULD BE REJECTED, NO MATTER HOW ATTRACTIVE THE OPTION ON ALL OTHER FEATURES? In other words, with this feature level present, the option just doesn't work for you... and would NEVER, EVER, EVER be considered. It would be better for you to go totally without this product or service than have one with this feature level.","T_MostandLeastPreferred":"Please select your most preferred and least preferred for each set shown below:","T_PreferenceMostandLeast":"Considering the concepts you've just seen, please indicate your preference for the following:","T_ImportancesConstSum":"In the previous questions, you rated the following as your most preferred. Please allocate 100 percentage points showing the relative importance of each:","T_UpgradeConstSum":"Assume you are upgrading...please allocate 100 percentage points showing the relative importance of each upgrade:","DisplayOneAtATime":false,"Features":[],"ID":"CJ_3qqGIhScOUjgPLT"}},{"SurveyID":"SV_eA19YHRbDNcU3yJ","Element":"RS","PrimaryAttribute":"RS_dg4tPQpj0dQTVCl","SecondaryAttribute":"Default Response Set","TertiaryAttribute":null,"Payload":null},{"SurveyID":"SV_eA19YHRbDNcU3yJ","Element":"SQ","PrimaryAttribute":"QID16","SecondaryAttribute":"How much do you agree with the following statement? The tumor brought out the bad in Alex.","TertiaryAttribute":null,"Payload":{"QuestionText":"<span style=\"font-size:16px;\">How much do you agree with the following statement? The tumor brought out the bad in Alex.<\/span>","DefaultChoices":false,"DataExportTag":"Q16","QuestionType":"Matrix","Selector":"Bipolar","Configuration":{"QuestionDescriptionOption":"UseText","TextPosition":"inline","ChoiceColumnWidth":25,"MobileFirst":true},"QuestionDescription":"How much do you agree with the following statement? The tumor brought out the bad in Alex.","Choices":{"1":{"Display":"Strongly agree:Strongly disagree"}},"ChoiceOrder":[1],"Validation":{"Settings":{"ForceResponse":"ON","ForceResponseType":"ON","Type":"None"}},"GradingData":[],"Language":[],"ColumnLabels":[{"Display":"1","IsLabelDefault":false},{"Display":"2","IsLabelDefault":false},{"Display":"3","IsLabelDefault":false},{"Display":"4","IsLabelDefault":false},{"Display":"5","IsLabelDefault":false},{"Display":"6","IsLabelDefault":false},{"Display":"7","IsLabelDefault":false}],"Answers":{"1":{"Display":"1"},"2":{"Display":"2"},"3":{"Display":"3"},"4":{"Display":"4"},"5":{"Display":"5"},"6":{"Display":"6"},"7":{"Display":"7"}},"AnswerOrder":[1,2,3,4,5,6,7],"AnswerColumns":7,"ChoiceDataExportTags":false,"QuestionID":"QID16"}},{"SurveyID":"SV_eA19YHRbDNcU3yJ","Element":"SQ","PrimaryAttribute":"QID21","SecondaryAttribute":"How much do you agree with the following statement? The tumor brought out the bad in Mark.","TertiaryAttribute":null,"Payload":{"QuestionText":"<span style=\"font-size:16px;\">How much do you agree with the following statement? The tumor brought out the bad in Mark.<\/span>","DefaultChoices":false,"QuestionType":"Matrix","Selector":"Bipolar","Configuration":{"QuestionDescriptionOption":"UseText","TextPosition":"inline","ChoiceColumnWidth":25,"MobileFirst":true},"QuestionDescription":"How much do you agree with the following statement? The tumor brought out the bad in Mark.","Choices":{"1":{"Display":"Strongly agree:Strongly disagree"}},"ChoiceOrder":[1],"Validation":{"Settings":{"ForceResponse":"ON","ForceResponseType":"ON","Type":"None"}},"GradingData":[],"Language":[],"ColumnLabels":[{"Display":"1","IsLabelDefault":false},{"Display":"2","IsLabelDefault":false},{"Display":"3","IsLabelDefault":false},{"Display":"4","IsLabelDefault":false},{"Display":"5","IsLabelDefault":false},{"Display":"6","IsLabelDefault":false},{"Display":"7","IsLabelDefault":false}],"Answers":{"1":{"Display":"1"},"2":{"Display":"2"},"3":{"Display":"3"},"4":{"Display":"4"},"5":{"Display":"5"},"6":{"Display":"6"},"7":{"Display":"7"}},"AnswerOrder":[1,2,3,4,5,6,7],"AnswerColumns":7,"ChoiceDataExportTags":false,"QuestionText_Unsafe":"<span style=\"font-size:16px;\">How much do you agree with the following statement? The tumor brought out the bad in Alex.<\/span>","DataExportTag":"Q21","QuestionID":"QID21"}},{"SurveyID":"SV_eA19YHRbDNcU3yJ","Element":"SQ","PrimaryAttribute":"QID9","SecondaryAttribute":"How much do you agree with the following statement? The tumor brought out the good in Alex.","TertiaryAttribute":null,"Payload":{"QuestionText":"<span style=\"font-size:16px;\">How much do you agree with the following statement? The tumor brought out the good in Alex.<\/span>","DefaultChoices":false,"DataExportTag":"Q9","QuestionType":"Matrix","Selector":"Bipolar","Configuration":{"QuestionDescriptionOption":"UseText","TextPosition":"inline","ChoiceColumnWidth":25,"MobileFirst":true},"QuestionDescription":"How much do you agree with the following statement? The tumor brought out the good in Alex.","Choices":{"1":{"Display":"Strongly agree:Strongly disagree"}},"ChoiceOrder":[1],"Validation":{"Settings":{"ForceResponse":"ON","ForceResponseType":"ON","Type":"None"}},"GradingData":[],"Language":[],"ColumnLabels":[{"Display":"1","IsLabelDefault":false},{"Display":"2","IsLabelDefault":false},{"Display":"3","IsLabelDefault":false},{"Display":"4","IsLabelDefault":false},{"Display":"5","IsLabelDefault":false},{"Display":"6","IsLabelDefault":false},{"Display":"7","IsLabelDefault":false}],"Answers":{"1":{"Display":"1"},"2":{"Display":"2"},"3":{"Display":"3"},"4":{"Display":"4"},"5":{"Display":"5"},"6":{"Display":"6"},"7":{"Display":"7"}},"AnswerOrder":[1,2,3,4,5,6,7],"AnswerColumns":7,"ChoiceDataExportTags":false,"QuestionID":"QID9"}},{"SurveyID":"SV_eA19YHRbDNcU3yJ","Element":"SQ","PrimaryAttribute":"QID10","SecondaryAttribute":"How much do you agree with the following statement? The tumor brought out the good in Mark.","TertiaryAttribute":null,"Payload":{"QuestionText":"<span style=\"font-size:16px;\">How much do you agree with the following statement? The tumor brought out the good in Mark.<\/span>","DefaultChoices":false,"DataExportTag":"Q10","QuestionType":"Matrix","Selector":"Bipolar","Configuration":{"QuestionDescriptionOption":"UseText","TextPosition":"inline","ChoiceColumnWidth":25,"MobileFirst":true},"QuestionDescription":"How much do you agree with the following statement? The tumor brought out the good in Mark.","Choices":{"1":{"Display":"Strongly agree:Strongly disagree"}},"ChoiceOrder":[1],"Validation":{"Settings":{"ForceResponse":"ON","ForceResponseType":"ON","Type":"None"}},"GradingData":[],"Language":[],"ColumnLabels":[{"Display":"1","IsLabelDefault":false},{"Display":"2","IsLabelDefault":false},{"Display":"3","IsLabelDefault":false},{"Display":"4","IsLabelDefault":false},{"Display":"5","IsLabelDefault":false},{"Display":"6","IsLabelDefault":false},{"Display":"7","IsLabelDefault":false}],"Answers":{"1":{"Display":"1"},"2":{"Display":"2"},"3":{"Display":"3"},"4":{"Display":"4"},"5":{"Display":"5"},"6":{"Display":"6"},"7":{"Display":"7"}},"AnswerOrder":[1,2,3,4,5,6,7],"AnswerColumns":7,"ChoiceDataExportTags":false,"QuestionID":"QID10"}},{"SurveyID":"SV_eA19YHRbDNcU3yJ","Element":"SQ","PrimaryAttribute":"QID3","SecondaryAttribute":"How responsible is Alex for his charitable donations? \u00a0 Please use the following scale: \u00a0 1= not..","TertiaryAttribute":null,"Payload":{"QuestionText":"<span style=\"font-size:16px;\">How responsible is Alex for his charitable donations?<\/span>\n\n<div>&nbsp;<\/div>\n\n<div><span style=\"font-size:16px;\">Please use the following scale:<\/span><\/div>\n\n<div>&nbsp;<\/div>\n\n<div><span style=\"font-size:16px;\">1= not responsible at all; 2 = only a little responsible; 3 = somewhat responsible; 4 = responsible; 5 = very responsible.<\/span><\/div>","DefaultChoices":false,"DataExportTag":"Q3","QuestionType":"Matrix","Selector":"Bipolar","Configuration":{"QuestionDescriptionOption":"UseText","TextPosition":"inline","ChoiceColumnWidth":25,"MobileFirst":true},"QuestionDescription":"How responsible is Alex for his charitable donations? \u00a0 Please use the following scale: \u00a0 1= not...","Choices":{"1":{"Display":"Not responsible at all:Very responsible"}},"ChoiceOrder":[1],"Validation":{"Settings":{"ForceResponse":"ON","ForceResponseType":"ON","Type":"None"}},"GradingData":[],"Language":[],"ColumnLabels":[{"Display":"1","IsLabelDefault":false},{"Display":"2","IsLabelDefault":false},{"Display":"3","IsLabelDefault":false},{"Display":"4","IsLabelDefault":false},{"Display":"5","IsLabelDefault":false}],"Answers":{"1":{"Display":"1"},"2":{"Display":"2"},"3":{"Display":"3"},"4":{"Display":"4"},"5":{"Display":"5"}},"AnswerOrder":[1,2,3,4,5],"AnswerColumns":5,"ChoiceDataExportTags":false,"QuestionID":"QID3"}},{"SurveyID":"SV_eA19YHRbDNcU3yJ","Element":"SQ","PrimaryAttribute":"QID13","SecondaryAttribute":"How responsible is Alex for his shoplifting?\u00a0 \u00a0 Please use the following scale: \u00a0 1= not responsi","TertiaryAttribute":null,"Payload":{"QuestionText":"<span style=\"font-size:16px;\"><span style=\"font-family:arial,helvetica,sans-serif;\">How responsible is Alex for his shoplifting?&nbsp;<\/span><\/span><br \/>\n&nbsp;\n<div style=\"box-sizing: border-box; font-family: &quot;Qualtrics Grotesque&quot;, &quot;Helvetica Neue&quot;, Helvetica, Arial, sans-serif; margin: 0px; padding: 0px; color: rgb(64, 64, 64); font-size: 15px;\"><span style=\"box-sizing: border-box; font-size: 16px;\">Please use the following scale:<\/span><\/div>\n\n<div style=\"box-sizing: border-box; font-family: &quot;Qualtrics Grotesque&quot;, &quot;Helvetica Neue&quot;, Helvetica, Arial, sans-serif; margin: 0px; padding: 0px; color: rgb(64, 64, 64); font-size: 15px;\">&nbsp;<\/div>\n\n<div style=\"box-sizing: border-box; font-family: &quot;Qualtrics Grotesque&quot;, &quot;Helvetica Neue&quot;, Helvetica, Arial, sans-serif; margin: 0px; padding: 0px; color: rgb(64, 64, 64); font-size: 15px;\"><span style=\"box-sizing: border-box; font-size: 16px;\">1= not responsible at all; 2 = only a little responsible; 3 = somewhat responsible; 4 = responsible; 5 = very responsible.<\/span><\/div>","DefaultChoices":false,"DataExportTag":"Q13","QuestionType":"Matrix","Selector":"Bipolar","Configuration":{"QuestionDescriptionOption":"UseText","TextPosition":"inline","ChoiceColumnWidth":25,"MobileFirst":true},"QuestionDescription":"How responsible is Alex for his shoplifting?\u00a0 \u00a0 Please use the following scale: \u00a0 1= not responsi...","Choices":{"1":{"Display":"Not responsible at all:Very responsible"}},"ChoiceOrder":[1],"Validation":{"Settings":{"ForceResponse":"ON","ForceResponseType":"ON","Type":"None"}},"GradingData":[],"Language":[],"ColumnLabels":[{"Display":"1","IsLabelDefault":false},{"Display":"2","IsLabelDefault":false},{"Display":"3","IsLabelDefault":false},{"Display":"4","IsLabelDefault":false},{"Display":"5","IsLabelDefault":false}],"Answers":{"1":{"Display":"1"},"2":{"Display":"2"},"3":{"Display":"3"},"4":{"Display":"4"},"5":{"Display":"5"}},"AnswerOrder":[1,2,3,4,5],"AnswerColumns":5,"ChoiceDataExportTags":false,"QuestionID":"QID13"}},{"SurveyID":"SV_eA19YHRbDNcU3yJ","Element":"SQ","PrimaryAttribute":"QID6","SecondaryAttribute":"How responsible is Mark for his charitable donations? \u00a0 Please use the following scale: \u00a0 1= not..","TertiaryAttribute":null,"Payload":{"QuestionText":"<span style=\"font-size:16px;\">How responsible is Mark for his charitable donations?<\/span>\n\n<div>&nbsp;<\/div>\n\n<div><span style=\"font-size:16px;\">Please use the following scale:<\/span><\/div>\n\n<div>&nbsp;<\/div>\n\n<div><span style=\"font-size:16px;\">1= not responsible at all; 2 = only a little responsible; 3 = somewhat responsible; 4 = responsible; 5 = very responsible.<\/span><\/div>","DefaultChoices":false,"DataExportTag":"Q6","QuestionType":"Matrix","Selector":"Bipolar","Configuration":{"QuestionDescriptionOption":"UseText","TextPosition":"inline","ChoiceColumnWidth":25,"MobileFirst":true},"QuestionDescription":"How responsible is Mark for his charitable donations? \u00a0 Please use the following scale: \u00a0 1= not...","Choices":{"1":{"Display":"Not responsible at all:Very responsible"}},"ChoiceOrder":[1],"Validation":{"Settings":{"ForceResponse":"ON","ForceResponseType":"ON","Type":"None"}},"GradingData":[],"Language":[],"ColumnLabels":[{"Display":"1","IsLabelDefault":false},{"Display":"2","IsLabelDefault":false},{"Display":"3","IsLabelDefault":false},{"Display":"4","IsLabelDefault":false},{"Display":"5","IsLabelDefault":false}],"Answers":{"1":{"Display":"1"},"2":{"Display":"2"},"3":{"Display":"3"},"4":{"Display":"4"},"5":{"Display":"5"}},"AnswerOrder":[1,2,3,4,5],"AnswerColumns":5,"ChoiceDataExportTags":false,"QuestionID":"QID6"}},{"SurveyID":"SV_eA19YHRbDNcU3yJ","Element":"SQ","PrimaryAttribute":"QID18","SecondaryAttribute":"How responsible is Mark for his shoplifting?\u00a0 \u00a0 Please use the following scale: \u00a0 1= not responsi","TertiaryAttribute":null,"Payload":{"QuestionText":"<span style=\"font-size:16px;\"><span style=\"font-family:arial,helvetica,sans-serif;\">How responsible is Mark for his shoplifting?&nbsp;<\/span><\/span><br>\n&nbsp;\n<div style=\"box-sizing: border-box; font-family: &quot;Qualtrics Grotesque&quot;, &quot;Helvetica Neue&quot;, Helvetica, Arial, sans-serif; margin: 0px; padding: 0px; color: rgb(64, 64, 64); font-size: 15px;\"><span style=\"box-sizing: border-box; font-size: 16px;\">Please use the following scale:<\/span><\/div>\n\n<div style=\"box-sizing: border-box; font-family: &quot;Qualtrics Grotesque&quot;, &quot;Helvetica Neue&quot;, Helvetica, Arial, sans-serif; margin: 0px; padding: 0px; color: rgb(64, 64, 64); font-size: 15px;\">&nbsp;<\/div>\n\n<div style=\"box-sizing: border-box; font-family: &quot;Qualtrics Grotesque&quot;, &quot;Helvetica Neue&quot;, Helvetica, Arial, sans-serif; margin: 0px; padding: 0px; color: rgb(64, 64, 64); font-size: 15px;\"><span style=\"box-sizing: border-box; font-size: 16px;\">1= not responsible at all; 2 = only a little responsible; 3 = somewhat responsible; 4 = responsible; 5 = very responsible.<\/span><\/div>","DefaultChoices":false,"QuestionType":"Matrix","Selector":"Bipolar","Configuration":{"QuestionDescriptionOption":"UseText","TextPosition":"inline","ChoiceColumnWidth":25,"MobileFirst":true},"QuestionDescription":"How responsible is Mark for his shoplifting?\u00a0 \u00a0 Please use the following scale: \u00a0 1= not responsi...","Choices":{"1":{"Display":"Not responsible at all:Very responsible"}},"ChoiceOrder":[1],"Validation":{"Settings":{"ForceResponse":"ON","ForceResponseType":"ON","Type":"None"}},"GradingData":[],"Language":[],"ColumnLabels":[{"Display":"1","IsLabelDefault":false},{"Display":"2","IsLabelDefault":false},{"Display":"3","IsLabelDefault":false},{"Display":"4","IsLabelDefault":false},{"Display":"5","IsLabelDefault":false}],"Answers":{"1":{"Display":"1"},"2":{"Display":"2"},"3":{"Display":"3"},"4":{"Display":"4"},"5":{"Display":"5"}},"AnswerOrder":[1,2,3,4,5],"AnswerColumns":5,"ChoiceDataExportTags":false,"QuestionText_Unsafe":"<span style=\"font-size:16px;\"><span style=\"font-family:arial,helvetica,sans-serif;\">How responsible is Alex for his shoplifting?&nbsp;<\/span><\/span><br \/>\n&nbsp;\n<div style=\"box-sizing: border-box; font-family: &quot;Qualtrics Grotesque&quot;, &quot;Helvetica Neue&quot;, Helvetica, Arial, sans-serif; margin: 0px; padding: 0px; color: rgb(64, 64, 64); font-size: 15px;\"><span style=\"box-sizing: border-box; font-size: 16px;\">Please use the following scale:<\/span><\/div>\n\n<div style=\"box-sizing: border-box; font-family: &quot;Qualtrics Grotesque&quot;, &quot;Helvetica Neue&quot;, Helvetica, Arial, sans-serif; margin: 0px; padding: 0px; color: rgb(64, 64, 64); font-size: 15px;\">&nbsp;<\/div>\n\n<div style=\"box-sizing: border-box; font-family: &quot;Qualtrics Grotesque&quot;, &quot;Helvetica Neue&quot;, Helvetica, Arial, sans-serif; margin: 0px; padding: 0px; color: rgb(64, 64, 64); font-size: 15px;\"><span style=\"box-sizing: border-box; font-size: 16px;\">1= not responsible at all; 2 = only a little responsible; 3 = somewhat responsible; 4 = responsible; 5 = very responsible.<\/span><\/div>","DataExportTag":"Q18","QuestionID":"QID18"}},{"SurveyID":"SV_eA19YHRbDNcU3yJ","Element":"SQ","PrimaryAttribute":"QID2","SecondaryAttribute":"Mark is 35 years old with a good job. Mark also donates all of his money that is not used for ren...","TertiaryAttribute":null,"Payload":{"QuestionText":"<span style=\"font-size:16px;\">Mark is 35 years old with a good job. Mark also donates all of his money that is not used for rent, groceries, and a bus pass, to charity. Mark only owns a few pairs of clothes and shoes, and lives a very frugal lifestyle. This is so he can have more money to donate to charity.<br \/>\n<br \/>\nMark has been behaving like this for as long as he can remember. Never keeping any money for himself, and donating all of his possessions to different charities. It was just discovered that Mark has a brain tumor.<br \/>\n<br \/>\nThe doctors believe the tumor has been there since Mark was a young child. The doctors go in and remove the tumor. Afterwards, Mark no longer has any interest in donating to charity, and instead spends his money on himself. The doctors say the tumor was making him behave that way.<\/span>","DefaultChoices":false,"QuestionType":"DB","Selector":"TB","Configuration":{"QuestionDescriptionOption":"UseText"},"QuestionDescription":"Mark is 35 years old with a good job. Mark also donates all of his money that is not used for ren...","ChoiceOrder":[],"Validation":{"Settings":{"Type":"None"}},"GradingData":[],"Language":[],"QuestionText_Unsafe":"Alex\/Mark is 35 years old with a good job. Alex\/Mark also donates all of his money that is not used for rent, groceries, and a bus pass, to charity. Alex\/Mark only owns a few pairs of clothes and shoes, and lives a very frugal lifestyle. This is so he can have more money to donate to charity. Alex\/Mark has been behaving like this for as long as he can remember. Never keeping any money for himself, and donating all of his possessions to different charities. It was just discovered that Alex\/Mark has a brain tumor. The doctors believe the tumor has been there since Alex\/Mark was a young child. The doctors go in and remove the tumor. Afterwards, Alex\/Mark no longer has any interest in donating to charity, and instead spends his money on himself. The doctors say the tumor was making him behave that way.","DataExportTag":"Q2","QuestionID":"QID2"}},{"SurveyID":"SV_eA19YHRbDNcU3yJ","Element":"SQ","PrimaryAttribute":"QID17","SecondaryAttribute":"Mark is 35 years old with a good job. Mark also habitually shoplifts from stores. Mark has been b...","TertiaryAttribute":null,"Payload":{"QuestionText":"<span style=\"font-size:16px;\">Mark is 35 years old with a good job. Mark also habitually shoplifts from stores. Mark has been behaving like this for as long as he can remember; shoplifting from stores.<br>\n<br>\nIt was just discovered that Mark has a brain tumor. The doctors believe the tumor has been there since Mark was a young child.<br>\n<br>\nThe doctors go in and remove the tumor. Afterwards, Mark no longer shoplifts. The doctors say the tumor was making him behave that way.<\/span>","DefaultChoices":false,"QuestionType":"DB","Selector":"TB","Configuration":{"QuestionDescriptionOption":"UseText"},"QuestionDescription":"Mark is 35 years old with a good job. Mark also habitually shoplifts from stores. Mark has been b...","ChoiceOrder":[],"Validation":{"Settings":{"Type":"None"}},"GradingData":[],"Language":[],"QuestionText_Unsafe":"<span style=\"font-size:16px;\">Alex is 35 years old with a good job. Alex also habitually shoplifts from stores. Alex has been behaving like this for as long as he can remember; shoplifting from stores.<br \/>\n<br \/>\nIt was just discovered that Alex has a brain tumor. The doctors believe the tumor has been there since Alex was a young child.<br \/>\n<br \/>\nThe doctors go in and remove the tumor. Afterwards, Alex no longer shoplifts. The doctors say the tumor was making him behave that way.<\/span>","DataExportTag":"Q17","QuestionID":"QID17"}},{"SurveyID":"SV_eA19YHRbDNcU3yJ","Element":"SQ","PrimaryAttribute":"QID24","SecondaryAttribute":"On this page you will find a series of statements about you. Please read each statement and decid...","TertiaryAttribute":null,"Payload":{"QuestionText":"<span style=\"font-size:16px;\">On this page you will find a series of statements about you. Please read each statement and decide how much you agree or disagree with that statement. Then indicate your response in the space next to the statement using the following scale:<\/span><br \/>\n&nbsp;\n<div><span style=\"font-size:16px;\">1 = strongly disagree; 2 = disagree;&nbsp;&nbsp;3 = neutral (neither agree nor disagree);&nbsp;4 = agree;&nbsp;5 = strongly agree<\/span><\/div>","DefaultChoices":false,"DataExportTag":"Q24","QuestionType":"Matrix","Selector":"Likert","SubSelector":"MultipleAnswer","Configuration":{"QuestionDescriptionOption":"UseText","TextPosition":"inline","ChoiceColumnWidthPixels":288,"RepeatHeaders":"none","WhiteSpace":"OFF","MobileFirst":true},"QuestionDescription":"On this page you will find a series of statements about you. Please read each statement and decid...","Choices":{"1":{"Display":"<span style=\"font-size:16px;\">I rarely express my opinions in group meetings<\/span>"},"2":{"Display":"<span style=\"font-size:16px;\">I sometimes feel that I am a worthless person<\/span>"},"3":{"Display":"<span style=\"font-size:16px;\">I tend to feel quite self-conscious when speaking in front of a group of people&nbsp;<\/span>"},"4":{"Display":"<span style=\"font-size:16px;\">For this statement, to make sure you're paying attention, please select 1: strongly disagree.<\/span>"}},"ChoiceOrder":[1,2,3,4],"Validation":{"Settings":{"ForceResponse":"ON","ForceResponseType":"ON","Type":"None"}},"GradingData":[],"Language":[],"Answers":{"1":{"Display":"1: strongly disagree"},"2":{"Display":"2: disagree"},"3":{"Display":"3: neutral"},"4":{"Display":"4: agree"},"5":{"Display":"5: strongly agree"}},"AnswerOrder":["1","2","3","4","5"],"ChoiceDataExportTags":false,"QuestionID":"QID24","Randomization":{"Advanced":null,"Type":"All","TotalRandSubset":""}}},{"SurveyID":"SV_eA19YHRbDNcU3yJ","Element":"SQ","PrimaryAttribute":"QID22","SecondaryAttribute":"Please answer the following question:If it takes 5 machines 5 minutes to make 5 widgets, how long...","TertiaryAttribute":null,"Payload":{"QuestionText":"<span style=\"font-size:16px;\">Please answer the following question:<br \/>\n<br \/>\n<strong>If it takes 5 machines 5 minutes to make 5 widgets, how long would it take 100 machines to make 100 widgets? &nbsp; _____ minutes.<\/strong><br \/>\n<br \/>\nType your answer into the box below. Only type in a number, do not type the word &quot;minutes.&quot;<\/span>","DefaultChoices":false,"DataExportTag":"Q22","QuestionType":"TE","Selector":"SL","Configuration":{"QuestionDescriptionOption":"UseText"},"QuestionDescription":"Please answer the following question:If it takes 5 machines 5 minutes to make 5 widgets, how long...","Validation":{"Settings":{"ForceResponse":"ON","ForceResponseType":"ON","Type":"ContentType","ContentType":"ValidNumber","ValidDateType":"DateWithFormat","ValidPhoneType":"ValidUSPhone","ValidZipType":"ValidUSZip"}},"GradingData":[],"Language":[],"QuestionID":"QID22"}},{"SurveyID":"SV_eA19YHRbDNcU3yJ","Element":"SQ","PrimaryAttribute":"QID25","SecondaryAttribute":"Please indicate to what extent you agree or disagree with the following statements \u00a0 1 = strongly..","TertiaryAttribute":null,"Payload":{"QuestionText":"<span style=\"font-size:16px;\">Please indicate to what extent you agree or disagree with the following statements<\/span><br \/>\n&nbsp;\n<div><span style=\"font-size:16px;\">1 = strongly disagree;&nbsp;5 = strongly agree<\/span><\/div>","DefaultChoices":false,"QuestionType":"Matrix","Selector":"Likert","SubSelector":"MultipleAnswer","Configuration":{"QuestionDescriptionOption":"UseText","TextPosition":"inline","ChoiceColumnWidthPixels":288,"RepeatHeaders":"none","WhiteSpace":"OFF","MobileFirst":true},"QuestionDescription":"Please indicate to what extent you agree or disagree with the following statements \u00a0 1 = strongly...","Choices":{"1":{"Display":"<span style=\"font-size:16px;\">If most people could get into a movie without paying and be sure that they would not be seen, they would do it.<\/span>"},"2":{"Display":"<span style=\"font-size:16px;\">Most people are honest because they are afraid of getting caught.<\/span>"},"3":{"Display":"<span style=\"font-size:16px;\">The average person is conceited.<\/span>"},"4":{"Display":"<span style=\"font-size:16px;\">Most people would cheat on their income tax if they had a chance.<\/span>"},"5":{"Display":"<span style=\"font-size:16px;\">Most people would tell a lie if they could gain by it.<\/span>"},"6":{"Display":"<span style=\"font-size:16px;\">When the chips are down, most people would behave dishonestly.<\/span>"},"7":{"Display":"<span style=\"font-size:16px;\">For this statement, to make sure you're paying attention, please select 5: strongly agree.<\/span>"}},"ChoiceOrder":[1,2,3,4,5,6,7],"Validation":{"Settings":{"ForceResponse":"ON","ForceResponseType":"ON","Type":"None"}},"GradingData":[],"Language":[],"Answers":{"1":{"Display":"1: strongly disagree"},"2":{"Display":"2: disagree"},"3":{"Display":"3: neutral"},"4":{"Display":"4: agree"},"5":{"Display":"5: strongly agree"}},"AnswerOrder":["1","2","3","4","5"],"ChoiceDataExportTags":false,"QuestionText_Unsafe":"<span style=\"font-size:16px;\">On this page you will find a series of statements about you. Please read each statement and decide how much you agree or disagree with that statement. Then indicate your response in the space next to the statement using the following scale:<\/span><br \/>\n&nbsp;\n<div><span style=\"font-size:16px;\">1 = strongly disagree; 2 = disagree;&nbsp;&nbsp;3 = neutral (neither agree nor disagree);&nbsp;4 = agree;&nbsp;5 = strongly agree<\/span><\/div>","DataExportTag":"Q25","QuestionID":"QID25","Randomization":{"Advanced":null,"Type":"All","TotalRandSubset":""}}},{"SurveyID":"SV_eA19YHRbDNcU3yJ","Element":"SQ","PrimaryAttribute":"QID27","SecondaryAttribute":"Please watch the brief introductory video below and proceed to the survey.","TertiaryAttribute":null,"Payload":{"QuestionText":"<span style=\"color: rgb(64, 64, 64); font-family: &quot;Qualtrics Grotesque&quot;, &quot;Helvetica Neue&quot;, Helvetica, Arial, sans-serif; font-size: 15px;\">Please watch the brief introductory video below and proceed to the survey.<\/span><br \/>\n<br \/>\n<iframe allowfullscreen=\"true\" frameborder=\"0\" height=\"375\" src=\"https:\/\/www.youtube.com\/embed\/vI2pwgNA19c?rel=0&amp;amp;modestbranding=1&amp;amp;autoplay=1&amp;amp;controls=0&amp;amp;showinfo=0\" width=\"500\"><\/iframe>","DefaultChoices":false,"DataExportTag":"Q28","QuestionType":"DB","Selector":"TB","Configuration":{"QuestionDescriptionOption":"UseText"},"QuestionDescription":"Please watch the brief introductory video below and proceed to the survey.","ChoiceOrder":[],"Validation":{"Settings":{"Type":"None"}},"GradingData":[],"Language":[],"QuestionID":"QID27"}},{"SurveyID":"SV_eA19YHRbDNcU3yJ","Element":"SQ","PrimaryAttribute":"QID5","SecondaryAttribute":"Timing","TertiaryAttribute":null,"Payload":{"QuestionText":"Timing","DefaultChoices":false,"DataExportTag":"Q5","QuestionType":"Timing","Selector":"PageTimer","Configuration":{"QuestionDescriptionOption":"UseText","MinSeconds":"0","MaxSeconds":"0"},"QuestionDescription":"Timing","Choices":{"1":{"Display":"First Click"},"2":{"Display":"Last Click"},"3":{"Display":"Page Submit"},"4":{"Display":"Click Count"}},"GradingData":[],"Language":[],"QuestionID":"QID5"}},{"SurveyID":"SV_eA19YHRbDNcU3yJ","Element":"SQ","PrimaryAttribute":"QID8","SecondaryAttribute":"Timing","TertiaryAttribute":null,"Payload":{"QuestionText":"Timing","DefaultChoices":false,"DataExportTag":"Q8","QuestionType":"Timing","Selector":"PageTimer","Configuration":{"QuestionDescriptionOption":"UseText","MinSeconds":"0","MaxSeconds":"0"},"QuestionDescription":"Timing","Choices":{"1":{"Display":"First Click"},"2":{"Display":"Last Click"},"3":{"Display":"Page Submit"},"4":{"Display":"Click Count"}},"GradingData":[],"Language":[],"QuestionID":"QID8"}},{"SurveyID":"SV_eA19YHRbDNcU3yJ","Element":"SQ","PrimaryAttribute":"QID15","SecondaryAttribute":"Timing","TertiaryAttribute":null,"Payload":{"QuestionText":"Timing","DefaultChoices":false,"DataExportTag":"Q15","QuestionType":"Timing","Selector":"PageTimer","Configuration":{"QuestionDescriptionOption":"UseText","MinSeconds":"0","MaxSeconds":"0"},"QuestionDescription":"Timing","Choices":{"1":{"Display":"First Click"},"2":{"Display":"Last Click"},"3":{"Display":"Page Submit"},"4":{"Display":"Click Count"}},"GradingData":[],"Language":[],"QuestionID":"QID15"}},{"SurveyID":"SV_eA19YHRbDNcU3yJ","Element":"SQ","PrimaryAttribute":"QID20","SecondaryAttribute":"Timing","TertiaryAttribute":null,"Payload":{"QuestionText":"Timing","DefaultChoices":false,"QuestionType":"Timing","Selector":"PageTimer","Configuration":{"QuestionDescriptionOption":"UseText","MinSeconds":"0","MaxSeconds":"0"},"QuestionDescription":"Timing","Choices":{"1":{"Display":"First Click"},"2":{"Display":"Last Click"},"3":{"Display":"Page Submit"},"4":{"Display":"Click Count"}},"GradingData":[],"Language":[],"QuestionText_Unsafe":"Timing","DataExportTag":"Q20","QuestionID":"QID20"}},{"SurveyID":"SV_eA19YHRbDNcU3yJ","Element":"SQ","PrimaryAttribute":"QID28","SecondaryAttribute":"Timing","TertiaryAttribute":null,"Payload":{"QuestionText":"Timing","DefaultChoices":false,"DataExportTag":"Q28","QuestionType":"Timing","Selector":"PageTimer","Configuration":{"QuestionDescriptionOption":"UseText","MinSeconds":20,"MaxSeconds":"0"},"QuestionDescription":"Timing","Choices":{"1":{"Display":"First Click"},"2":{"Display":"Last Click"},"3":{"Display":"Page Submit"},"4":{"Display":"Click Count"}},"GradingData":[],"Language":[],"QuestionID":"QID28"}},{"SurveyID":"SV_eA19YHRbDNcU3yJ","Element":"SQ","PrimaryAttribute":"QID26","SecondaryAttribute":"We invite you to take part in this study, which is part of a larger program of research being car...","TertiaryAttribute":null,"Payload":{"QuestionText":"<style type=\"text\/css\">p.p1 {margin: 0.0px 0.0px 0.0px 0.0px; font: 11.5px Helvetica}\n<\/style>\n<p class=\"p1\"><span style=\"font-size:16px;\"><span style=\"font-family:arial,helvetica,sans-serif;\">We invite you to take part in this study, which is part of a larger program of research being carried out under the supervision of Professor Leif Nelson, who is a faculty member in the Haas School of Business at UC Berkeley.<br>\n<br>\nAs a participant in this research, you will be asked to complete the attached online survey, which contains a short questionnaire.<br>\n<br>\nYou will complete this survey at home, on your own computer<\/span><\/span><\/p>\n\n<p class=\"p1\"><br>\n<span style=\"font-size:16px;\"><span style=\"font-family:arial,helvetica,sans-serif;\">Although this research has no direct benefits for you, the findings from it may benefit scientific knowledge.<\/span><\/span><\/p>\n\n<p class=\"p1\"><br>\n<span style=\"font-size:16px;\"><span style=\"font-family:arial,helvetica,sans-serif;\">This study presents minimal risk to you. In the event of an unanticipated breach of confidentiality, you would be exposed to a loss of privacy; however, we are taking measures to minimize such a risk. Your responses will be kept as confidential as possible and all data will be stored on password protected computers and on encrypted hard drives.<br>\n<br>\nYour responses will be retained indefinitely. Your name and other identifying information will not be used in any publications of this research.<br>\n<br>\nIf you have any questions about your rights or treatment as a participant in this research project, please contact the University of California at Berkeley's Committee for the Protection of Human Subjects at 510-642-7461 or email subjects@berkeley.edu.<\/span><\/span><\/p>\n\n<p class=\"p1\"><br>\n<span style=\"font-size:16px;\"><span style=\"font-family:arial,helvetica,sans-serif;\">If you agree to participate in this study, select yes below to enter the survey.<\/span><\/span><\/p><p class=\"p1\"><span style=\"font-size:16px;\"><span style=\"font-family:arial,helvetica,sans-serif;\"><br><\/span><\/span><\/p><p class=\"p1\"><span style=\"font-size:16px;\"><span style=\"font-family:arial,helvetica,sans-serif;\">Do you consent to participate in this study?<\/span><\/span><\/p>","DefaultChoices":false,"DataExportTag":"Q27","QuestionType":"MC","Selector":"SAVR","SubSelector":"TX","Configuration":{"QuestionDescriptionOption":"UseText"},"QuestionDescription":"We invite you to take part in this study, which is part of a larger program of research being car...","Choices":{"1":{"Display":"Yes"},"2":{"Display":"No"}},"ChoiceOrder":["1","2"],"Validation":{"Settings":{"ForceResponse":"ON","ForceResponseType":"ON","Type":"None"}},"GradingData":[],"Language":[],"QuestionID":"QID26"}},{"SurveyID":"SV_eA19YHRbDNcU3yJ","Element":"SQ","PrimaryAttribute":"QID23","SecondaryAttribute":"Which behavior would you say is more uncommon?","TertiaryAttribute":null,"Payload":{"QuestionText":"<span style=\"font-size:16px;\">Which behavior would you say is more uncommon?<br><\/span>","DataExportTag":"Q23","QuestionType":"MC","Selector":"SAVR","SubSelector":"TX","Configuration":{"QuestionDescriptionOption":"UseText"},"QuestionDescription":"Which behavior would you say is more uncommon?","Choices":{"1":{"Display":"<span style=\"color: rgb(64, 64, 64); font-family: &quot;Qualtrics Grotesque&quot;, &quot;Helvetica Neue&quot;, Helvetica, Arial, sans-serif; font-size: 16px;\">Chronically shop lifting is more uncommon.<\/span>"},"2":{"Display":"<span style=\"color: rgb(64, 64, 64); font-family: &quot;Qualtrics Grotesque&quot;, &quot;Helvetica Neue&quot;, Helvetica, Arial, sans-serif; font-size: 16px;\">Chronically giving virtually all one&rsquo;s earnings and possessions away to charity is more uncommon.<\/span>"},"3":{"Display":"<span style=\"color: rgb(64, 64, 64); font-family: &quot;Qualtrics Grotesque&quot;, &quot;Helvetica Neue&quot;, Helvetica, Arial, sans-serif; font-size: 16px;\">The two behaviors are equally uncommon.<\/span>"}},"ChoiceOrder":["1","2","3"],"Validation":{"Settings":{"ForceResponse":"ON","ForceResponseType":"ON","Type":"None"}},"Language":[],"QuestionID":"QID23","Randomization":{"Type":"Advanced","Advanced":{"FixedOrder":["{~Randomized~}","{~Randomized~}","3"],"RandomizeAll":["1","2"],"RandomSubSet":[],"Undisplayed":[],"TotalRandSubset":0},"EvenPresentation":false,"TotalRandSubset":""}}},{"SurveyID":"SV_eA19YHRbDNcU3yJ","Element":"SQ","PrimaryAttribute":"QID4","SecondaryAttribute":"Who is the \"real\" Alex?","TertiaryAttribute":null,"Payload":{"QuestionText":"<span style=\"font-size:16px;\">Who is the &quot;real&quot; Alex?<\/span>","DataExportTag":"Q4","QuestionType":"MC","Selector":"SAVR","SubSelector":"TX","Configuration":{"QuestionDescriptionOption":"UseText"},"QuestionDescription":"Who is the \"real\" Alex?","Choices":{"1":{"Display":"<span style=\"font-size:16px;\">The one who was donating to charity.<\/span>"},"2":{"Display":"<span style=\"font-size:16px;\">Both the one who was donating to charity and the one who doesn&#39;t want to anymore.<\/span>"},"3":{"Display":"<span style=\"font-size:16px;\">The one who no longer wants to donate to charity.<\/span>"}},"ChoiceOrder":["1","2","3"],"Validation":{"Settings":{"ForceResponse":"ON","ForceResponseType":"ON","Type":"None"}},"Language":[],"QuestionID":"QID4"}},{"SurveyID":"SV_eA19YHRbDNcU3yJ","Element":"SQ","PrimaryAttribute":"QID14","SecondaryAttribute":"Who is the \"real\" Alex?","TertiaryAttribute":null,"Payload":{"QuestionText":"<span style=\"font-size:16px;\"><span style=\"font-family:arial,helvetica,sans-serif;\">Who is the \"real\" Alex?<br><\/span><\/span>","DataExportTag":"Q14","QuestionType":"MC","Selector":"SAVR","SubSelector":"TX","Configuration":{"QuestionDescriptionOption":"UseText"},"QuestionDescription":"Who is the \"real\" Alex?","Choices":{"1":{"Display":"<span style=\"font-size:16px;\">The one who was shoplifting.<\/span>"},"2":{"Display":"<span style=\"color: rgb(64, 64, 64); font-family: arial, helvetica, sans-serif; font-size: 16px;\">Both the one who was shoplifting and the one who is not anymore.<\/span>"},"3":{"Display":"<span style=\"color: rgb(64, 64, 64); font-family: arial, helvetica, sans-serif; font-size: 16px;\">The one who is not shoplifting anymore.<\/span>"}},"ChoiceOrder":["1","2","3"],"Validation":{"Settings":{"ForceResponse":"ON","ForceResponseType":"ON","Type":"None"}},"Language":[],"QuestionID":"QID14"}},{"SurveyID":"SV_eA19YHRbDNcU3yJ","Element":"SQ","PrimaryAttribute":"QID7","SecondaryAttribute":"Who is the \"real\" Mark?","TertiaryAttribute":null,"Payload":{"QuestionText":"<span style=\"font-size:16px;\">Who is the \"real\" Mark?<\/span>","DataExportTag":"Q7","QuestionType":"MC","Selector":"SAVR","SubSelector":"TX","Configuration":{"QuestionDescriptionOption":"UseText"},"QuestionDescription":"Who is the \"real\" Mark?","Choices":{"1":{"Display":"<span style=\"font-size:16px;\">The one who was donating to charity.<\/span>"},"2":{"Display":"<span style=\"font-size:16px;\">Both the one who was donating to charity and the one who doesn&#39;t want to anymore.<\/span>"},"3":{"Display":"<span style=\"font-size:16px;\">The one who no longer wants to donate to charity.<\/span>"}},"ChoiceOrder":["1","2","3"],"Validation":{"Settings":{"ForceResponse":"ON","ForceResponseType":"ON","Type":"None"}},"Language":[],"QuestionID":"QID7"}},{"SurveyID":"SV_eA19YHRbDNcU3yJ","Element":"SQ","PrimaryAttribute":"QID19","SecondaryAttribute":"Who is the \"real\" Mark?","TertiaryAttribute":null,"Payload":{"QuestionText":"<span style=\"font-size:16px;\"><span style=\"font-family:arial,helvetica,sans-serif;\">Who is the \"real\" Mark?<br><\/span><\/span>","QuestionType":"MC","Selector":"SAVR","SubSelector":"TX","Configuration":{"QuestionDescriptionOption":"UseText"},"QuestionDescription":"Who is the \"real\" Mark?","Choices":{"1":{"Display":"<span style=\"font-size:16px;\">The one who was shoplifting.<\/span>"},"2":{"Display":"<span style=\"color: rgb(64, 64, 64); font-family: arial, helvetica, sans-serif; font-size: 16px;\">Both the one who was shoplifting and the one who is not anymore.<\/span>"},"3":{"Display":"<span style=\"color: rgb(64, 64, 64); font-family: arial, helvetica, sans-serif; font-size: 16px;\">The one who is not shoplifting anymore.<\/span>"}},"ChoiceOrder":["1","2","3"],"Validation":{"Settings":{"ForceResponse":"ON","ForceResponseType":"ON","Type":"None"}},"Language":[],"QuestionText_Unsafe":"<span style=\"font-size:16px;\"><span style=\"font-family:arial,helvetica,sans-serif;\">Who is the \"real\" Alex?<br><\/span><\/span>","DataExportTag":"Q19","QuestionID":"QID19"}}]}