{"SurveyEntry":{"SurveyID":"SV_9nStgGXiFHeTaPb","SurveyName":"UCSB Self-Control - Fetzer","SurveyDescription":null,"SurveyOwnerID":"UR_1XPdOvzbTEW0KLb","SurveyBrandID":"berkeley","DivisionID":null,"SurveyLanguage":"EN","SurveyActiveResponseSet":"RS_424rbXhrACFtvUx","SurveyStatus":"Active","SurveyStartDate":"0000-00-00 00:00:00","SurveyExpirationDate":"0000-00-00 00:00:00","SurveyCreationDate":"2017-10-03 12:37:18","CreatorID":"UR_1XPdOvzbTEW0KLb","LastModified":"2019-11-19 12:43:27","LastAccessed":"0000-00-00 00:00:00","LastActivated":"2017-10-04 12:01:24","Deleted":null},"SurveyElements":[{"SurveyID":"SV_9nStgGXiFHeTaPb","Element":"BL","PrimaryAttribute":"Survey Blocks","SecondaryAttribute":null,"TertiaryAttribute":null,"Payload":{"1":{"Type":"Trash","Description":"Trash \/ Unused Questions","ID":"BL_3w562evorsjwN5H","BlockElements":[]},"3":{"Type":"Standard","SubType":"","Description":"DVs","ID":"BL_cu3Dr9lahh9sKkR","BlockElements":[{"Type":"Question","QuestionID":"QID6"},{"Type":"Question","QuestionID":"QID7"},{"Type":"Question","QuestionID":"QID8"},{"Type":"Page Break"},{"Type":"Question","QuestionID":"QID9"},{"Type":"Question","QuestionID":"QID10"},{"Type":"Page Break"},{"Type":"Question","QuestionID":"QID12"},{"Type":"Question","QuestionID":"QID14"}]},"5":{"Type":"Standard","SubType":"","Description":"Consent","ID":"BL_9ymYbWIB1G6CRNP","BlockElements":[{"Type":"Question","QuestionID":"QID15"}]},"6":{"Type":"Standard","SubType":"","Description":"genes","ID":"BL_3Ld4GzCcPhzbxaJ","BlockElements":[{"Type":"Question","QuestionID":"QID16"},{"Type":"Question","QuestionID":"QID17"}]},"7":{"Type":"Standard","SubType":"","Description":"tbi","ID":"BL_cGeTfx1oCIPcu5n","BlockElements":[{"Type":"Question","QuestionID":"QID18"},{"Type":"Question","QuestionID":"QID19"}]},"8":{"Type":"Standard","SubType":"","Description":"video","ID":"BL_6ihl3bVB0PS6Hzv","BlockElements":[{"Type":"Question","QuestionID":"QID20"},{"Type":"Question","QuestionID":"QID21"}]},"9":{"Type":"Standard","SubType":"","Description":"Attention Check","ID":"BL_6xwJ90qxFNdr5Nb","BlockElements":[{"Type":"Question","QuestionID":"QID22"}]}}},{"SurveyID":"SV_9nStgGXiFHeTaPb","Element":"FL","PrimaryAttribute":"Survey Flow","SecondaryAttribute":null,"TertiaryAttribute":null,"Payload":{"Type":"Root","FlowID":"FL_1","Flow":[{"Type":"Standard","ID":"BL_9ymYbWIB1G6CRNP","FlowID":"FL_10"},{"Type":"Branch","FlowID":"FL_11","Description":"New Branch","BranchLogic":{"0":{"0":{"LogicType":"Question","QuestionID":"QID15","QuestionIsInLoop":"no","ChoiceLocator":"q:\/\/QID15\/SelectableChoice\/2","Operator":"Selected","QuestionIDFromLocator":"QID15","LeftOperand":"q:\/\/QID15\/SelectableChoice\/2","Type":"Expression","Description":"<span class=\"ConjDesc\">If<\/span> <span class=\"QuestionDesc\">We invite you to take part in this study, which is part of a larger program of research being car...<\/span> <span class=\"LeftOpDesc\">No<\/span> <span class=\"OpDesc\">Is Selected<\/span> "},"Type":"If"},"Type":"BooleanExpression"},"Flow":[{"Type":"EndSurvey","FlowID":"FL_12","EndingType":"Advanced","Options":{"Advanced":"true","SurveyTermination":"Redirect","EOSMessageLibrary":"UR_1XPdOvzbTEW0KLb","EOSMessage":"MS_6ijMhs6TlLAlDmd","EOSRedirectURL":"https:\/\/pt.surveysavvy.com\/survey\/finish\/2201\/4"}}]},{"Type":"Standard","ID":"BL_6ihl3bVB0PS6Hzv","FlowID":"FL_17"},{"Type":"BlockRandomizer","FlowID":"FL_13","SubSet":1,"Flow":[{"Type":"Standard","ID":"BL_3Ld4GzCcPhzbxaJ","FlowID":"FL_14"},{"Type":"Standard","ID":"BL_cGeTfx1oCIPcu5n","FlowID":"FL_15"}]},{"Type":"Standard","ID":"BL_cu3Dr9lahh9sKkR","FlowID":"FL_8"},{"ID":"BL_6xwJ90qxFNdr5Nb","Type":"Standard","FlowID":"FL_18"},{"Type":"EndSurvey","FlowID":"FL_16","EndingType":"Advanced","Options":{"Advanced":"true","SurveyTermination":"Redirect","EOSRedirectURL":"http:\/\/nyustern.az1.qualtrics.com\/jfe\/form\/SV_3Oh5R6pLJoTkJyl"}}],"Properties":{"Count":18}}},{"SurveyID":"SV_9nStgGXiFHeTaPb","Element":"SO","PrimaryAttribute":"Survey Options","SecondaryAttribute":null,"TertiaryAttribute":null,"Payload":{"BackButton":"false","SaveAndContinue":"true","SurveyProtection":"PublicSurvey","BallotBoxStuffingPrevention":"false","NoIndex":"Yes","SecureResponseFiles":"true","SurveyExpiration":"None","SurveyTermination":"DefaultMessage","Header":"","Footer":"","ProgressBarDisplay":"None","PartialData":"+1 week","ValidationMessage":"","PreviousButton":"  <<  ","NextButton":"  >>  ","SkinLibrary":"berkeley","SkinType":"MQ","Skin":"berkeley","NewScoring":1,"ProtectSelectionIds":true}},{"SurveyID":"SV_9nStgGXiFHeTaPb","Element":"SCO","PrimaryAttribute":"Scoring","SecondaryAttribute":null,"TertiaryAttribute":null,"Payload":{"ScoringCategories":[],"ScoringCategoryGroups":[],"ScoringSummaryCategory":null,"ScoringSummaryAfterQuestions":0,"ScoringSummaryAfterSurvey":0,"DefaultScoringCategory":null,"AutoScoringCategory":null}},{"SurveyID":"SV_9nStgGXiFHeTaPb","Element":"STAT","PrimaryAttribute":"Survey Statistics","SecondaryAttribute":null,"TertiaryAttribute":null,"Payload":{"MobileCompatible":true,"ID":"Survey Statistics"}},{"SurveyID":"SV_9nStgGXiFHeTaPb","Element":"PROJ","PrimaryAttribute":"CORE","SecondaryAttribute":"1.0.0","TertiaryAttribute":null,"Payload":null},{"SurveyID":"SV_9nStgGXiFHeTaPb","Element":"QC","PrimaryAttribute":"Survey Question Count","SecondaryAttribute":"22","TertiaryAttribute":null,"Payload":null},{"SurveyID":"SV_9nStgGXiFHeTaPb","Element":"SQ","PrimaryAttribute":"QID12","SecondaryAttribute":"Based on J--- having genes causing below-average self-control, to what extent would you say that...","TertiaryAttribute":null,"Payload":{"QuestionText":"<span style=\"font-size:16px;\">Based on J--- having genes causing below-average self-control, t<span style=\"color: rgb(64, 64, 64); font-family: &quot;Qualtrics Grotesque&quot;, &quot;Helvetica Neue&quot;, Helvetica, Arial, sans-serif;\">o what extent would you say that there is something &lsquo;wrong&rsquo; with him?<\/span><\/span>","DefaultChoices":false,"DataExportTag":"wrong_genes","QuestionID":"QID12","QuestionType":"MC","Selector":"SAHR","SubSelector":"TX","Configuration":{"QuestionDescriptionOption":"UseText","LabelPosition":"BELOW"},"QuestionDescription":"Based on J--- having genes causing below-average self-control, to what extent would you say that...","Choices":{"1":{"Display":"None at all"},"2":{"Display":"A little"},"3":{"Display":"A moderate amount"},"4":{"Display":"A lot"},"5":{"Display":"A great deal"}},"DisplayLogic":{"0":{"0":{"LogicType":"Question","QuestionID":"QID16","QuestionIsInLoop":"no","ChoiceLocator":"q:\/\/QID16\/DisplayableQuestion\/1","Operator":"Displayed","QuestionIDFromLocator":"QID16","LeftOperand":"q:\/\/QID16\/QuestionDisplayed","Type":"Expression","Description":"<span class=\"ConjDesc\">If<\/span> <span class=\"QuestionDesc\">Please consider the following hypothetical scenario: &nbsp; J---- is a American adult who was born wit...<\/span> <span class=\"LeftOpDesc\"><\/span> <span class=\"OpDesc\">Is Displayed<\/span> "},"Type":"If"},"Type":"BooleanExpression","inPage":false},"ChoiceOrder":[1,2,3,4,5],"Validation":{"Settings":{"ForceResponse":"ON","ForceResponseType":"ON","Type":"None"}},"GradingData":[],"Language":[],"RecodeValues":{"1":1,"2":2,"3":3,"4":4,"5":5}}},{"SurveyID":"SV_9nStgGXiFHeTaPb","Element":"SQ","PrimaryAttribute":"QID14","SecondaryAttribute":"Based on J--- having minor brain damage causing below-average self-control, to what extent would...","TertiaryAttribute":null,"Payload":{"QuestionText":"<span style=\"font-size:16px;\"><span style=\"font-family:arial,helvetica,sans-serif;\">Based on J--- having minor brain damage causing below-average self-control, t<span style=\"color: rgb(64, 64, 64);\">o what extent would you say that there is something &lsquo;wrong&rsquo; with him?<\/span><\/span><\/span>","DefaultChoices":false,"DataExportTag":"wrong_tbi","QuestionID":"QID14","QuestionType":"MC","Selector":"SAHR","SubSelector":"TX","Configuration":{"QuestionDescriptionOption":"UseText","LabelPosition":"BELOW"},"QuestionDescription":"Based on J--- having minor brain damage causing below-average self-control, to what extent would...","Choices":{"1":{"Display":"None at all"},"2":{"Display":"A little"},"3":{"Display":"A moderate amount"},"4":{"Display":"A lot"},"5":{"Display":"A great deal"}},"DisplayLogic":{"0":{"0":{"LogicType":"Question","QuestionID":"QID18","QuestionIsInLoop":"no","ChoiceLocator":"q:\/\/QID18\/DisplayableQuestion\/1","Operator":"Displayed","QuestionIDFromLocator":"QID18","LeftOperand":"q:\/\/QID18\/QuestionDisplayed","Type":"Expression","Description":"<span class=\"ConjDesc\">If<\/span> <span class=\"QuestionDesc\">Please consider the following hypothetical scenario: J--- is a American adult who suffered minor...<\/span> <span class=\"LeftOpDesc\"><\/span> <span class=\"OpDesc\">Is Displayed<\/span> "},"Type":"If"},"Type":"BooleanExpression","inPage":false},"ChoiceOrder":[1,2,3,4,5],"Validation":{"Settings":{"ForceResponse":"ON","ForceResponseType":"ON","Type":"None"}},"GradingData":[],"Language":[],"RecodeValues":{"1":1,"2":2,"3":3,"4":4,"5":5}}},{"SurveyID":"SV_9nStgGXiFHeTaPb","Element":"SQ","PrimaryAttribute":"QID8","SecondaryAttribute":"blame","TertiaryAttribute":null,"Payload":{"QuestionText":"How much should the victim blame J--- for making him go blind in one eye?","DefaultChoices":false,"DataExportTag":"blame","QuestionType":"MC","Selector":"SAHR","SubSelector":"TX","Configuration":{"QuestionDescriptionOption":"SpecifyLabel","LabelPosition":"BELOW"},"QuestionDescription":"blame","Choices":{"1":{"Display":"None at all"},"2":{"Display":"A little"},"3":{"Display":"A moderate amount"},"4":{"Display":"A lot"},"5":{"Display":"A great deal"}},"ChoiceOrder":[1,2,3,4,5],"Validation":{"Settings":{"ForceResponse":"ON","ForceResponseType":"ON","Type":"None"}},"GradingData":[],"Language":[],"QuestionID":"QID8","RecodeValues":{"1":1,"2":2,"3":3,"4":4,"5":5}}},{"SurveyID":"SV_9nStgGXiFHeTaPb","Element":"RS","PrimaryAttribute":"RS_424rbXhrACFtvUx","SecondaryAttribute":"Default Response Set","TertiaryAttribute":null,"Payload":null},{"SurveyID":"SV_9nStgGXiFHeTaPb","Element":"SQ","PrimaryAttribute":"QID7","SecondaryAttribute":"fault","TertiaryAttribute":null,"Payload":{"QuestionText":"How much at fault is J--- for the man going blind in one eye?","DefaultChoices":false,"DataExportTag":"fault","QuestionType":"MC","Selector":"SAHR","SubSelector":"TX","Configuration":{"QuestionDescriptionOption":"SpecifyLabel","LabelPosition":"BELOW"},"QuestionDescription":"fault","Choices":{"1":{"Display":"None at all"},"2":{"Display":"A little"},"3":{"Display":"A moderate amount"},"4":{"Display":"A lot"},"5":{"Display":"A great deal"}},"ChoiceOrder":[1,2,3,4,5],"Validation":{"Settings":{"ForceResponse":"ON","ForceResponseType":"ON","Type":"None"}},"GradingData":[],"Language":[],"QuestionID":"QID7","RecodeValues":{"1":1,"2":2,"3":3,"4":4,"5":5}}},{"SurveyID":"SV_9nStgGXiFHeTaPb","Element":"SQ","PrimaryAttribute":"QID22","SecondaryAttribute":"In this study, you read about J---, a person who has below-average self-control and punches a str...","TertiaryAttribute":null,"Payload":{"QuestionText":"In this study, you read about J---, a person who has below-average self-control and punches a stranger in the face, causing the man to go blind in one eye. In the version of the study you completed, what caused J---'s below-average self-control?","DataExportTag":"att_check","QuestionType":"MC","Selector":"SAVR","SubSelector":"TX","Configuration":{"QuestionDescriptionOption":"UseText"},"QuestionDescription":"In this study, you read about J---, a person who has below-average self-control and punches a str...","Choices":{"1":{"Display":"J--- was born with genes that caused below-average self-control."},"2":{"Display":"J--- sustained a traumatic brain injury (tbi) as an adult that caused below-average self-control."}},"ChoiceOrder":["1","2"],"Validation":{"Settings":{"ForceResponse":"ON","ForceResponseType":"ON","Type":"None"}},"Language":[],"QuestionID":"QID22","Randomization":{"Advanced":null,"Type":"All","TotalRandSubset":""}}},{"SurveyID":"SV_9nStgGXiFHeTaPb","Element":"SQ","PrimaryAttribute":"QID16","SecondaryAttribute":"Please consider the following hypothetical scenario: \u00a0 J---- is a American adult who was born wit..","TertiaryAttribute":null,"Payload":{"QuestionText":"<span style=\"box-sizing: border-box; font-family: &quot;Qualtrics Grotesque&quot;, &quot;Helvetica Neue&quot;, Helvetica, Arial, sans-serif; color: rgb(64, 64, 64); font-size: 15px;\"><span style=\"box-sizing: border-box; font-size: 19px;\"><span style=\"box-sizing: border-box;\">Please consider the following hypothetical scenario:<\/span><\/span><\/span>\n<div style=\"box-sizing: border-box; font-family: &quot;Qualtrics Grotesque&quot;, &quot;Helvetica Neue&quot;, Helvetica, Arial, sans-serif; margin: 0px; padding: 0px; color: rgb(64, 64, 64); font-size: 15px;\">&nbsp;<\/div>\n\n<div style=\"box-sizing: border-box; font-family: &quot;Qualtrics Grotesque&quot;, &quot;Helvetica Neue&quot;, Helvetica, Arial, sans-serif; margin: 0px; padding: 0px; color: rgb(64, 64, 64); font-size: 15px;\"><span style=\"box-sizing: border-box;\"><span style=\"box-sizing: border-box; font-size: 19px;\"><span style=\"box-sizing: border-box;\">J---- is a American adult who was born with genes for permanent below-average self-control. One day, he gets into a heated argument with a stranger. Unable to resist, he punches the man in the face so hard, the man goes permanently blind in one eye.<\/span><\/span><\/span><\/div>","DefaultChoices":false,"DataExportTag":"genes_scenario","QuestionID":"QID16","QuestionType":"DB","Selector":"TB","Configuration":{"QuestionDescriptionOption":"UseText"},"QuestionDescription":"Please consider the following hypothetical scenario: \u00a0 J---- is a American adult who was born wit...","ChoiceOrder":[],"Validation":{"Settings":{"Type":"None"}},"GradingData":[],"Language":[]}},{"SurveyID":"SV_9nStgGXiFHeTaPb","Element":"SQ","PrimaryAttribute":"QID18","SecondaryAttribute":"Please consider the following hypothetical scenario: J--- is a American adult who suffered minor...","TertiaryAttribute":null,"Payload":{"QuestionText":"<span style=\"box-sizing: border-box; font-family: &quot;Qualtrics Grotesque&quot;, &quot;Helvetica Neue&quot;, Helvetica, Arial, sans-serif; color: rgb(64, 64, 64); font-size: 19px;\"><span style=\"box-sizing: border-box;\"><span style=\"box-sizing: border-box; font-family: &quot;Qualtrics Grotesque&quot;, &quot;Helvetica Neue&quot;, Helvetica, Arial, sans-serif;\">Please consider the following hypothetical scenario:<br style=\"box-sizing: border-box;\" \/>\n<br style=\"box-sizing: border-box;\" \/>\nJ--- is a American adult who suffered minor brain damage as an adult. The only effect was that the brain damage left J--- with permanent below-average self-control. One day, he gets into a heated argument with a stranger. Unable to resist, he punches the man in the face so hard, the man goes permanently blind in one eye.<\/span><\/span><\/span>\n<div style=\"box-sizing: border-box; font-family: &quot;Qualtrics Grotesque&quot;, &quot;Helvetica Neue&quot;, Helvetica, Arial, sans-serif; margin: 0px; padding: 0px; color: rgb(64, 64, 64); font-size: 15px;\">\n<div>&nbsp;<\/div>\n<\/div>","DefaultChoices":false,"DataExportTag":"tbi_scenario","QuestionID":"QID18","QuestionType":"DB","Selector":"TB","Configuration":{"QuestionDescriptionOption":"UseText"},"QuestionDescription":"Please consider the following hypothetical scenario: J--- is a American adult who suffered minor...","ChoiceOrder":[],"Validation":{"Settings":{"Type":"None"}},"GradingData":[],"Language":[]}},{"SurveyID":"SV_9nStgGXiFHeTaPb","Element":"SQ","PrimaryAttribute":"QID20","SecondaryAttribute":"Please watch the brief introductory video below and proceed to the survey.","TertiaryAttribute":null,"Payload":{"QuestionText":"<span style=\"color: rgb(64, 64, 64); font-family: &quot;Qualtrics Grotesque&quot;, &quot;Helvetica Neue&quot;, Helvetica, Arial, sans-serif; font-size: 15px;\">Please watch the brief introductory video below and proceed to the survey.<\/span><br \/>\n<br \/>\n<iframe allowfullscreen=\"true\" frameborder=\"0\" height=\"375\" scrolling=\"no\" src=\"https:\/\/www.youtube.com\/embed\/nQa-_J3oVC8?rel=0&amp;amp;modestbranding=1&amp;amp;autoplay=1&amp;amp;controls=0&amp;amp;showinfo=0\" width=\"500\"><\/iframe>","DefaultChoices":false,"DataExportTag":"video","QuestionType":"DB","Selector":"TB","Configuration":{"QuestionDescriptionOption":"UseText"},"QuestionDescription":"Please watch the brief introductory video below and proceed to the survey.","ChoiceOrder":[],"Validation":{"Settings":{"Type":"None"}},"GradingData":[],"Language":[],"QuestionID":"QID20"}},{"SurveyID":"SV_9nStgGXiFHeTaPb","Element":"SQ","PrimaryAttribute":"QID6","SecondaryAttribute":"punish_type","TertiaryAttribute":null,"Payload":{"QuestionText":"<div>Assume J--- is found guilty. This crime is punishable by up to five years in prison or probation.<\/div><div>Would you recommend J--- go to prison or be put on probation?<\/div>","DataExportTag":"punish_type","QuestionType":"MC","Selector":"SAVR","SubSelector":"TX","Configuration":{"QuestionDescriptionOption":"SpecifyLabel"},"QuestionDescription":"punish_type","Choices":{"1":{"Display":"Probation"},"2":{"Display":"Prison"}},"ChoiceOrder":[1,2],"Randomization":{"Advanced":null,"Type":"All","TotalRandSubset":""},"Validation":{"Settings":{"ForceResponse":"ON","ForceResponseType":"ON","Type":"None"}},"Language":[],"QuestionID":"QID6","RecodeValues":{"1":"0","2":"1"}}},{"SurveyID":"SV_9nStgGXiFHeTaPb","Element":"SQ","PrimaryAttribute":"QID9","SecondaryAttribute":"self_control","TertiaryAttribute":null,"Payload":{"QuestionText":"How much self-control did J--- exert before punching the man?","DefaultChoices":false,"DataExportTag":"self_control","QuestionType":"MC","Selector":"SAHR","SubSelector":"TX","Configuration":{"QuestionDescriptionOption":"SpecifyLabel","LabelPosition":"BELOW"},"QuestionDescription":"self_control","Choices":{"1":{"Display":"A great deal"},"2":{"Display":"A lot"},"3":{"Display":"A moderate amount"},"4":{"Display":"A little"},"5":{"Display":"None at all"}},"ChoiceOrder":[1,2,3,4,5],"Validation":{"Settings":{"ForceResponse":"ON","ForceResponseType":"ON","Type":"None"}},"GradingData":[],"Language":[],"QuestionID":"QID9","RecodeValues":{"1":"5","2":"4","3":"3","4":"2","5":"1"}}},{"SurveyID":"SV_9nStgGXiFHeTaPb","Element":"SQ","PrimaryAttribute":"QID10","SecondaryAttribute":"self_control","TertiaryAttribute":null,"Payload":{"QuestionText":"<div>How much do you agree with the following statement?:&nbsp;<\/div><div><br><\/div><div>Deep down, the true self of J--- is not a violent person.<\/div>","DefaultChoices":false,"DataExportTag":"nature","QuestionType":"MC","Selector":"SAHR","SubSelector":"TX","Configuration":{"QuestionDescriptionOption":"SpecifyLabel","LabelPosition":"BELOW"},"QuestionDescription":"self_control","Choices":{"1":{"Display":"Strongly Disagree"},"2":{"Display":"Disagree"},"3":{"Display":"Somewhat Disagree"},"4":{"Display":"Neither agree nor disagree"},"5":{"Display":"Somewhat agree"},"6":{"Display":"Agree"},"7":{"Display":"Strongly Agree"}},"ChoiceOrder":[1,2,3,4,5,6,7],"Validation":{"Settings":{"ForceResponse":"ON","ForceResponseType":"ON","Type":"None"}},"GradingData":[],"Language":[],"QuestionID":"QID10"}},{"SurveyID":"SV_9nStgGXiFHeTaPb","Element":"SQ","PrimaryAttribute":"QID21","SecondaryAttribute":"Timing","TertiaryAttribute":null,"Payload":{"QuestionText":"Timing","DefaultChoices":false,"DataExportTag":"video_timer","QuestionType":"Timing","Selector":"PageTimer","Configuration":{"QuestionDescriptionOption":"UseText","MinSeconds":15,"MaxSeconds":"0"},"QuestionDescription":"Timing","Choices":{"1":{"Display":"First Click"},"2":{"Display":"Last Click"},"3":{"Display":"Page Submit"},"4":{"Display":"Click Count"}},"GradingData":[],"Language":[],"QuestionID":"QID21"}},{"SurveyID":"SV_9nStgGXiFHeTaPb","Element":"SQ","PrimaryAttribute":"QID15","SecondaryAttribute":"We invite you to take part in this study, which is part of a larger program of research being car...","TertiaryAttribute":null,"Payload":{"QuestionText":"<style type=\"text\/css\">p.p1 {margin: 0.0px 0.0px 0.0px 0.0px; font: 11.5px Helvetica}\n<\/style>\n<p class=\"p1\"><span style=\"font-size:16px;\"><span style=\"font-family:arial,helvetica,sans-serif;\">We invite you to take part in this study, which is part of a larger program of research being carried out under the supervision of Professor Leif Nelson, who is a faculty member in the Haas School of Business at UC Berkeley.<br>\n<br>\nAs a participant in this research, you will be asked to complete the attached online survey, which contains a short questionnaire.<br>\n<br>\nYou will complete this survey at home, on your own computer<\/span><\/span><\/p>\n\n<p class=\"p1\"><br>\n<span style=\"font-size:16px;\"><span style=\"font-family:arial,helvetica,sans-serif;\">Although this research has no direct benefits for you, the findings from it may benefit scientific knowledge.<\/span><\/span><\/p>\n\n<p class=\"p1\"><br>\n<span style=\"font-size:16px;\"><span style=\"font-family:arial,helvetica,sans-serif;\">This study presents minimal risk to you. In the event of an unanticipated breach of confidentiality, you would be exposed to a loss of privacy; however, we are taking measures to minimize such a risk. Your responses will be kept as confidential as possible and all data will be stored on password protected computers and on encrypted hard drives.<br>\n<br>\nYour responses will be retained indefinitely. Your name and other identifying information will not be used in any publications of this research.<br>\n<br>\nIf you have any questions about your rights or treatment as a participant in this research project, please contact the University of California at Berkeley's Committee for the Protection of Human Subjects at 510-642-7461 or email subjects@berkeley.edu.<\/span><\/span><\/p>\n\n<p class=\"p1\"><br>\n<span style=\"font-size:16px;\"><span style=\"font-family:arial,helvetica,sans-serif;\">If you agree to participate in this study, select yes below to enter the survey.<\/span><\/span><\/p><p class=\"p1\"><span style=\"font-size:16px;\"><span style=\"font-family:arial,helvetica,sans-serif;\"><br><\/span><\/span><\/p><p class=\"p1\"><span style=\"font-size:16px;\"><span style=\"font-family:arial,helvetica,sans-serif;\">Do you consent to participate in this study?<\/span><\/span><\/p>","DefaultChoices":false,"DataExportTag":"consent","QuestionType":"MC","Selector":"SAVR","SubSelector":"TX","Configuration":{"QuestionDescriptionOption":"UseText"},"QuestionDescription":"We invite you to take part in this study, which is part of a larger program of research being car...","Choices":{"1":{"Display":"Yes"},"2":{"Display":"No"}},"ChoiceOrder":["1","2"],"Validation":{"Settings":{"ForceResponse":"ON","ForceResponseType":"ON","Type":"None"}},"GradingData":[],"Language":[],"QuestionID":"QID15","PrivateData":false}},{"SurveyID":"SV_9nStgGXiFHeTaPb","Element":"SQ","PrimaryAttribute":"QID17","SecondaryAttribute":"Would you find J--- guilty of assault and battery?","TertiaryAttribute":null,"Payload":{"QuestionText":"Would you find J--- guilty of assault and battery?","DataExportTag":"guilty_genes","QuestionType":"MC","Selector":"SAVR","SubSelector":"TX","Configuration":{"QuestionDescriptionOption":"UseText"},"QuestionDescription":"Would you find J--- guilty of assault and battery?","Choices":{"1":{"Display":"Yes"},"2":{"Display":"No"}},"ChoiceOrder":[1,2],"Randomization":{"Advanced":null,"Type":"All","TotalRandSubset":""},"Validation":{"Settings":{"ForceResponse":"ON","ForceResponseType":"ON","Type":"None"}},"Language":[],"QuestionID":"QID17","RecodeValues":{"1":1,"2":"0"}}},{"SurveyID":"SV_9nStgGXiFHeTaPb","Element":"SQ","PrimaryAttribute":"QID19","SecondaryAttribute":"Would you find J--- guilty of assault and battery?","TertiaryAttribute":null,"Payload":{"QuestionText":"Would you find J--- guilty of assault and battery?","DataExportTag":"guilty_tbi","QuestionType":"MC","Selector":"SAVR","SubSelector":"TX","Configuration":{"QuestionDescriptionOption":"UseText"},"QuestionDescription":"Would you find J--- guilty of assault and battery?","Choices":{"1":{"Display":"Yes"},"2":{"Display":"No"}},"ChoiceOrder":[1,2],"Randomization":{"Advanced":null,"Type":"All","TotalRandSubset":""},"Validation":{"Settings":{"ForceResponse":"ON","ForceResponseType":"ON","Type":"None"}},"Language":[],"QuestionID":"QID19","RecodeValues":{"1":1,"2":"0"}}}]}