{"SurveyEntry":{"SurveyID":"SV_7PTBA2TELfKDjAp","SurveyName":"Fairness - Time\/Money - Revise Rating - Fetzer","SurveyDescription":null,"SurveyOwnerID":"UR_1XPdOvzbTEW0KLb","SurveyBrandID":"berkeley","DivisionID":null,"SurveyLanguage":"EN","SurveyActiveResponseSet":"RS_5mOTQr7LRWnoMzX","SurveyStatus":"Inactive","SurveyStartDate":"0000-00-00 00:00:00","SurveyExpirationDate":"0000-00-00 00:00:00","SurveyCreationDate":"2018-02-26 12:24:42","CreatorID":"UR_1XPdOvzbTEW0KLb","LastModified":"2019-11-18 15:23:47","LastAccessed":"0000-00-00 00:00:00","LastActivated":"2018-03-06 16:44:58","Deleted":null},"SurveyElements":[{"SurveyID":"SV_7PTBA2TELfKDjAp","Element":"BL","PrimaryAttribute":"Survey Blocks","SecondaryAttribute":null,"TertiaryAttribute":null,"Payload":{"0":{"Type":"Default","Description":"money_150\/75","ID":"BL_0uMUoYVlsT1F7xz","BlockElements":[{"Type":"Question","QuestionID":"QID5"},{"Type":"Question","QuestionID":"QID1"},{"Type":"Page Break"},{"Type":"Question","QuestionID":"QID33"},{"Type":"Question","QuestionID":"QID32"}],"Options":{"BlockLocking":"false","RandomizeQuestions":"false","BlockVisibility":"Collapsed"}},"1":{"Type":"Trash","Description":"Trash \/ Unused Questions","ID":"BL_eepKzILFPFgstgh","BlockElements":[]},"2":{"Type":"Standard","SubType":"","Description":"money_150\/100","ID":"BL_2lYH0ek4QQXSxnf","BlockElements":[{"Type":"Question","QuestionID":"QID6"},{"Type":"Question","QuestionID":"QID2"},{"Type":"Page Break"},{"Type":"Question","QuestionID":"QID34"},{"Type":"Question","QuestionID":"QID35"}],"Options":{"BlockLocking":"false","RandomizeQuestions":"false","BlockVisibility":"Expanded"}},"3":{"Type":"Standard","SubType":"","Description":"time_3\/3","ID":"BL_1CjtUe9X5RUesVT","BlockElements":[{"Type":"Question","QuestionID":"QID7"},{"Type":"Question","QuestionID":"QID15"},{"Type":"Page Break"},{"Type":"Question","QuestionID":"QID39"},{"Type":"Question","QuestionID":"QID38"}],"Options":{"BlockLocking":"false","RandomizeQuestions":"false","BlockVisibility":"Collapsed"}},"4":{"Type":"Standard","SubType":"","Description":"time_3\/4","ID":"BL_0JaVGb3AiD0TNNr","BlockElements":[{"Type":"Question","QuestionID":"QID8"},{"Type":"Question","QuestionID":"QID4"},{"Type":"Page Break"},{"Type":"Question","QuestionID":"QID41"},{"Type":"Question","QuestionID":"QID40"}],"Options":{"BlockLocking":"false","RandomizeQuestions":"false","BlockVisibility":"Expanded"}},"5":{"Type":"Standard","SubType":"","Description":"demos","ID":"BL_82goFtpV8OrgPid","BlockElements":[{"Type":"Question","QuestionID":"QID9"},{"Type":"Question","QuestionID":"QID10"},{"Type":"Question","QuestionID":"QID13"},{"Type":"Question","QuestionID":"QID11"},{"Type":"Question","QuestionID":"QID12"}],"Options":{"BlockLocking":"false","RandomizeQuestions":"false","BlockVisibility":"Expanded"}},"6":{"Type":"Standard","SubType":"","Description":"intro","ID":"BL_8G7mC0i6Mlhixdr","BlockElements":[{"Type":"Question","QuestionID":"QID14"}],"Options":{"BlockLocking":"false","RandomizeQuestions":"false","BlockVisibility":"Collapsed"}},"7":{"Type":"Standard","SubType":"","Description":"money_150\/150","ID":"BL_el1ZhtI5LW7sxeJ","BlockElements":[{"Type":"Question","QuestionID":"QID16"},{"Type":"Question","QuestionID":"QID17"},{"Type":"Page Break"},{"Type":"Question","QuestionID":"QID37"},{"Type":"Question","QuestionID":"QID36"}],"Options":{"BlockLocking":"false","RandomizeQuestions":"false","BlockVisibility":"Collapsed"}},"8":{"Type":"Standard","SubType":"","Description":"time_3\/6","ID":"BL_02R8DAp7GDI7wep","BlockElements":[{"Type":"Question","QuestionID":"QID18"},{"Type":"Question","QuestionID":"QID19"},{"Type":"Page Break"},{"Type":"Question","QuestionID":"QID43"},{"Type":"Question","QuestionID":"QID42"}],"Options":{"BlockLocking":"false","RandomizeQuestions":"false","BlockVisibility":"Collapsed"}},"14":{"Type":"Standard","SubType":"","Description":"attention check","ID":"BL_3CVthe2wq6Ne3xX","BlockElements":[{"Type":"Question","QuestionID":"QID57"}]},"15":{"Type":"Standard","SubType":"","Description":"consent","ID":"BL_9ouH5BavtcNsE6x","BlockElements":[{"Type":"Question","QuestionID":"QID58"}]},"16":{"Type":"Standard","SubType":"","Description":"Block 10","ID":"BL_cZqQSpHZTM84CCV","BlockElements":[{"Type":"Question","QuestionID":"QID59"},{"Type":"Question","QuestionID":"QID60"}]}}},{"SurveyID":"SV_7PTBA2TELfKDjAp","Element":"FL","PrimaryAttribute":"Survey Flow","SecondaryAttribute":null,"TertiaryAttribute":null,"Payload":{"Type":"Root","FlowID":"FL_1","Flow":[{"Type":"Standard","ID":"BL_9ouH5BavtcNsE6x","FlowID":"FL_38"},{"Type":"Branch","FlowID":"FL_39","Description":"New Branch","BranchLogic":{"0":{"0":{"LogicType":"Question","QuestionID":"QID58","QuestionIsInLoop":"no","ChoiceLocator":"q:\/\/QID58\/SelectableChoice\/2","Operator":"Selected","QuestionIDFromLocator":"QID58","LeftOperand":"q:\/\/QID58\/SelectableChoice\/2","Type":"Expression","Description":"<span class=\"ConjDesc\">If<\/span> <span class=\"QuestionDesc\">We invite you to take part in this study, which is part of a larger program of research being car...<\/span> <span class=\"LeftOpDesc\">No<\/span> <span class=\"OpDesc\">Is Selected<\/span> "},"Type":"If"},"Type":"BooleanExpression"},"Flow":[{"Type":"EndSurvey","FlowID":"FL_41","EndingType":"Advanced","Options":{"Advanced":"true","SurveyTermination":"Redirect","EOSRedirectURL":"https:\/\/pt.surveysavvy.com\/survey\/finish\/2717\/4"}}]},{"Type":"Standard","ID":"BL_cZqQSpHZTM84CCV","FlowID":"FL_40"},{"Type":"BlockRandomizer","FlowID":"FL_8","SubSet":1,"EvenPresentation":true,"Flow":[{"Type":"Standard","ID":"BL_2lYH0ek4QQXSxnf","FlowID":"FL_3"},{"Type":"Standard","ID":"BL_0JaVGb3AiD0TNNr","FlowID":"FL_5"}]},{"Type":"Standard","ID":"BL_3CVthe2wq6Ne3xX","FlowID":"FL_37"},{"Type":"Standard","ID":"BL_82goFtpV8OrgPid","FlowID":"FL_6"},{"Type":"EndSurvey","FlowID":"FL_9","EndingType":"Advanced","Options":{"Advanced":"true","SurveyTermination":"Redirect","EOSMessageLibrary":"UR_1XPdOvzbTEW0KLb","EOSMessage":"MS_eFgdOeONmHAXyDz","EOSRedirectURL":"https:\/\/berkeley.qualtrics.com\/jfe\/form\/SV_cTPUQGvGy1s78rj"}}],"Properties":{"Count":41}}},{"SurveyID":"SV_7PTBA2TELfKDjAp","Element":"SO","PrimaryAttribute":"Survey Options","SecondaryAttribute":null,"TertiaryAttribute":null,"Payload":{"BackButton":"false","SaveAndContinue":"true","SurveyProtection":"PublicSurvey","BallotBoxStuffingPrevention":"true","NoIndex":"Yes","SecureResponseFiles":"true","SurveyExpiration":null,"SurveyTermination":"DefaultMessage","Header":"","Footer":"","ProgressBarDisplay":"None","PartialData":"+1 week","ValidationMessage":null,"PreviousButton":" \u2190 ","NextButton":" \u2192 ","SkinLibrary":"berkeley","SkinType":"MQ","Skin":"berkeley","NewScoring":1,"ProtectSelectionIds":true,"EOSMessage":"","ShowExportTags":"false","CollectGeoLocation":"false","SurveyTitle":"Online Survey Software | Qualtrics Survey Solutions","SurveyMetaDescription":"Qualtrics sophisticated online survey software solutions make creating online surveys easy. Learn more about Research Suite and get a free account today.","PasswordProtection":"No","AnonymizeResponse":"No","Password":"","RefererCheck":"No","RefererURL":"http:\/\/","EOSMessageLibrary":"","EOSRedirectURL":"https:\/\/","EmailThankYou":"false","ThankYouEmailMessageLibrary":null,"ThankYouEmailMessage":null,"ValidateMessage":"false","ValidationMessageLibrary":null,"InactiveSurvey":"DefaultMessage","PartialDataCloseAfter":"LastActivity","InactiveMessageLibrary":"","InactiveMessage":"","ActiveResponseSet":null,"AvailableLanguages":{"EN":[]}}},{"SurveyID":"SV_7PTBA2TELfKDjAp","Element":"SCO","PrimaryAttribute":"Scoring","SecondaryAttribute":null,"TertiaryAttribute":null,"Payload":{"ScoringCategories":[],"ScoringCategoryGroups":[],"ScoringSummaryCategory":null,"ScoringSummaryAfterQuestions":0,"ScoringSummaryAfterSurvey":0,"DefaultScoringCategory":null,"AutoScoringCategory":null}},{"SurveyID":"SV_7PTBA2TELfKDjAp","Element":"STAT","PrimaryAttribute":"Survey Statistics","SecondaryAttribute":null,"TertiaryAttribute":null,"Payload":{"MobileCompatible":true,"ID":"Survey Statistics"}},{"SurveyID":"SV_7PTBA2TELfKDjAp","Element":"PROJ","PrimaryAttribute":"CORE","SecondaryAttribute":"1.0.0","TertiaryAttribute":null,"Payload":null},{"SurveyID":"SV_7PTBA2TELfKDjAp","Element":"QC","PrimaryAttribute":"Survey Question Count","SecondaryAttribute":"60","TertiaryAttribute":null,"Payload":null},{"SurveyID":"SV_7PTBA2TELfKDjAp","Element":"SQ","PrimaryAttribute":"QID1","SecondaryAttribute":"Alan and Bob are both contractors and both live in a small, relatively rural town that is about 4...","TertiaryAttribute":null,"Payload":{"QuestionText":"<span style=\"font-size:19px;\">Alan and Bob are both contractors and both live in a small, relatively rural town that is about 45 minutes outside a big city.<br>\n<br>\nAlan earns $50\/hour at his job and Bob earns $25\/hour at his job.<br>\n<br>\nBoth Alan and Bob receive a ticket for speeding.&nbsp;<br>\n<br>\nAlan receives a letter from the town requesting that he pays $150 for his speeding ticket.<br>\n<br>\nBob receives a letter from the town requesting that he pays $75 for his speeding ticket.<\/span>\n\n<div>&nbsp;<\/div>\n\n<div><span style=\"font-size: 19px;\">Please indicate what you think the relative fairness of this arrangement is.<\/span><\/div>\n\n<div>&nbsp;<\/div>\n\n<div><span style=\"font-size:19px;\">Use the following scale:<br>\n-50 = extremely favorable to Alan\/extremely unfair to Bob<br>\n0 = equally fair to Alan and Bob<br>\n50 = extremely unfair to Alan\/extremely favorable to Bob<\/span><\/div>","DefaultChoices":false,"DataExportTag":"money_150\/75","QuestionID":"QID1","QuestionType":"Slider","Selector":"HSLIDER","DataVisibility":{"Private":false},"Configuration":{"QuestionDescriptionOption":"UseText","TextPosition":"inline","CSSliderMin":-50,"CSSliderMax":50,"GridLines":10,"SnapToGrid":false,"NumDecimals":"0","ShowValue":true,"CustomStart":true,"SliderStartPositions":{"1":0.498834498834499984187829113579937256872653961181640625},"NotApplicable":false,"CenterLabels":true,"MobileFirst":true},"QuestionDescription":"Alan and Bob are both contractors and both live in a small, relatively rural town that is about 4...","Choices":{"1":{"Display":"Relative fairness"}},"ChoiceOrder":[1],"Validation":{"Settings":{"ForceResponse":"ON","ForceResponseType":"ON","Type":"None"}},"GradingData":[],"Language":[],"Labels":{"1":{"Display":"Extremely favorable to Alan"},"2":{"Display":"Equally fair to both"},"8":{"Display":"Extremely favorable to Bob"}}}},{"SurveyID":"SV_7PTBA2TELfKDjAp","Element":"SQ","PrimaryAttribute":"QID2","SecondaryAttribute":"Alan and Bob are both contractors and both live in a small, relatively rural town that is about 4...","TertiaryAttribute":null,"Payload":{"QuestionText":"<span style=\"font-size:19px;\">Alan and Bob are both contractors and both live in a small, relatively rural town that is about 45 minutes outside a big city.<br>\n<br>\n<strong>Alan earns $50\/hour at his job and Bob earns $25\/hour at his job.<\/strong><\/span><div><span style=\"font-size: 19px;\"><b><br><\/b><\/span><strong><span style=\"color: rgb(64, 64, 64); font-family: &quot;Qualtrics Grotesque&quot;, &quot;Helvetica Neue&quot;, Helvetica, Arial, sans-serif; font-size: 19px;\">Both Alan and Bob receive a ticket for running a red light.&nbsp;<\/span><\/strong><br style=\"box-sizing: border-box; font-family: &quot;Qualtrics Grotesque&quot;, &quot;Helvetica Neue&quot;, Helvetica, Arial, sans-serif; color: rgb(64, 64, 64); font-size: 19px;\">\n<br style=\"box-sizing: border-box; font-family: &quot;Qualtrics Grotesque&quot;, &quot;Helvetica Neue&quot;, Helvetica, Arial, sans-serif; color: rgb(64, 64, 64); font-size: 19px;\">\n<strong><span style=\"color: rgb(64, 64, 64); font-family: &quot;Qualtrics Grotesque&quot;, &quot;Helvetica Neue&quot;, Helvetica, Arial, sans-serif; font-size: 19px;\">Alan receives a letter from the town requesting that he pays $150 for his traffic ticket.<\/span><br style=\"box-sizing: border-box; font-family: &quot;Qualtrics Grotesque&quot;, &quot;Helvetica Neue&quot;, Helvetica, Arial, sans-serif; color: rgb(64, 64, 64); font-size: 19px;\">\n<br style=\"box-sizing: border-box; font-family: &quot;Qualtrics Grotesque&quot;, &quot;Helvetica Neue&quot;, Helvetica, Arial, sans-serif; color: rgb(64, 64, 64); font-size: 19px;\">\n<span style=\"color: rgb(64, 64, 64); font-family: &quot;Qualtrics Grotesque&quot;, &quot;Helvetica Neue&quot;, Helvetica, Arial, sans-serif; font-size: 19px;\">Bob receives a letter from the town requesting that he pays $100 for his traffic ticket.<\/span><\/strong>\n\n<div>&nbsp;<\/div><div><br><\/div>\n\n<div>\n<div style=\"box-sizing: border-box; font-family: &quot;Qualtrics Grotesque&quot;, &quot;Helvetica Neue&quot;, Helvetica, Arial, sans-serif; margin: 0px; padding: 0px; color: rgb(64, 64, 64); font-size: 15px;\"><span style=\"box-sizing: border-box; font-size: 19px;\">Please indicate what you think the relative fairness of this arrangement is.<\/span><\/div>\n\n<div style=\"box-sizing: border-box; font-family: &quot;Qualtrics Grotesque&quot;, &quot;Helvetica Neue&quot;, Helvetica, Arial, sans-serif; margin: 0px; padding: 0px; color: rgb(64, 64, 64); font-size: 15px;\">&nbsp;<\/div>\n\n<div style=\"box-sizing: border-box; font-family: &quot;Qualtrics Grotesque&quot;, &quot;Helvetica Neue&quot;, Helvetica, Arial, sans-serif; margin: 0px; padding: 0px; color: rgb(64, 64, 64); font-size: 15px;\"><span style=\"box-sizing: border-box; font-size: 19px;\">Use the following scale:<br style=\"box-sizing: border-box;\">\n-50 = extremely favorable to Alan\/extremely unfair to Bob<br style=\"box-sizing: border-box;\">\n0 = equally fair to Alan and Bob<br style=\"box-sizing: border-box;\">\n50 = extremely unfair to Alan\/extremely favorable to Bob<\/span><\/div>\n<\/div><\/div>","DefaultChoices":false,"DataExportTag":"money_150\/100","QuestionID":"QID2","QuestionType":"Slider","Selector":"HSLIDER","DataVisibility":{"Private":false,"Hidden":false},"Configuration":{"QuestionDescriptionOption":"UseText","TextPosition":"inline","CSSliderMin":-50,"CSSliderMax":50,"GridLines":10,"SnapToGrid":false,"NumDecimals":0,"ShowValue":true,"CustomStart":true,"NotApplicable":false,"CenterLabels":true,"MobileFirst":true,"SliderStartPositions":{"1":0.498834498834499984187829113579937256872653961181640625}},"QuestionDescription":"Alan and Bob are both contractors and both live in a small, relatively rural town that is about 4...","Choices":{"1":{"Display":"Relative fairness"}},"ChoiceOrder":[1],"Validation":{"Settings":{"ForceResponse":"ON","ForceResponseType":"ON","Type":"None"}},"GradingData":[],"Language":[],"Labels":{"1":{"Display":"Extremely unfair to Bob"},"2":{"Display":"Equally fair to both"},"3":{"Display":"Extremely unfair to Alan"}}}},{"SurveyID":"SV_7PTBA2TELfKDjAp","Element":"SQ","PrimaryAttribute":"QID15","SecondaryAttribute":"Alan and Bob are both contractors and both live in a small, relatively rural town that is about 4...","TertiaryAttribute":null,"Payload":{"QuestionText":"<span style=\"font-size:19px;\">Alan and Bob are both contractors and both live in a small, relatively rural town that is about 45 minutes outside a big city.<br>\n<br>\nAlan earns $50\/hour at his job and Bob earns $25\/hour at his job.<\/span><br>\n<br>\n<span style=\"color: rgb(64, 64, 64); font-family: &quot;Qualtrics Grotesque&quot;, &quot;Helvetica Neue&quot;, Helvetica, Arial, sans-serif; font-size: 19px;\">Both Alan and Bob receive a ticket for speeding.&nbsp;<\/span><div><span style=\"color: rgb(64, 64, 64); font-family: &quot;Qualtrics Grotesque&quot;, &quot;Helvetica Neue&quot;, Helvetica, Arial, sans-serif; font-size: 19px;\"><br><\/span><\/div><div><span style=\"color: rgb(64, 64, 64); font-family: &quot;Qualtrics Grotesque&quot;, &quot;Helvetica Neue&quot;, Helvetica, Arial, sans-serif; font-size: 19px;\">The town recently passed a law so that citizens who are given a speeding ticket are required to perform community service.<\/span><br>\n<br>\n<span style=\"font-size:19px;\">Alan receives a letter from the town requesting that he volunteer 3 hours as a consequence of his speeding ticket.<br>\n<br>\nBob receives a letter from the town requesting that he volunteer 3 hours as a consequence of his speeding ticket.&nbsp;<\/span>\n\n<div>&nbsp;<\/div>\n\n<div>\n<div style=\"box-sizing: border-box; font-family: &quot;Qualtrics Grotesque&quot;, &quot;Helvetica Neue&quot;, Helvetica, Arial, sans-serif; margin: 0px; padding: 0px; color: rgb(64, 64, 64); font-size: 15px;\"><span style=\"box-sizing: border-box; font-size: 19px;\">Please indicate what you think the relative fairness of this arrangement is.<\/span><\/div>\n\n<div style=\"box-sizing: border-box; font-family: &quot;Qualtrics Grotesque&quot;, &quot;Helvetica Neue&quot;, Helvetica, Arial, sans-serif; margin: 0px; padding: 0px; color: rgb(64, 64, 64); font-size: 15px;\">&nbsp;<\/div>\n\n<div style=\"box-sizing: border-box; font-family: &quot;Qualtrics Grotesque&quot;, &quot;Helvetica Neue&quot;, Helvetica, Arial, sans-serif; margin: 0px; padding: 0px; color: rgb(64, 64, 64); font-size: 15px;\"><span style=\"box-sizing: border-box; font-size: 19px;\">Use the following scale:<br style=\"box-sizing: border-box;\">\n-50 = extremely favorable to Alan\/extremely unfair to Bob<br style=\"box-sizing: border-box;\">\n0 = equally fair to Alan and Bob<br style=\"box-sizing: border-box;\">\n50 = extremely unfair to Alan\/extremely favorable to Bob<\/span><\/div>\n<\/div><\/div>","DefaultChoices":false,"DataExportTag":"time_3\/3","QuestionID":"QID15","QuestionType":"Slider","Selector":"HSLIDER","DataVisibility":{"Private":false},"Configuration":{"QuestionDescriptionOption":"UseText","TextPosition":"inline","CSSliderMin":-50,"CSSliderMax":50,"GridLines":10,"SnapToGrid":false,"NumDecimals":"0","ShowValue":true,"CustomStart":true,"NotApplicable":false,"CenterLabels":true,"MobileFirst":true,"SliderStartPositions":{"1":0.5034965034964999919253614280023612082004547119140625}},"QuestionDescription":"Alan and Bob are both contractors and both live in a small, relatively rural town that is about 4...","Choices":{"1":{"Display":"Relative fairness"}},"ChoiceOrder":[1],"Validation":{"Settings":{"ForceResponse":"ON","ForceResponseType":"ON","Type":"None"}},"GradingData":[],"Language":[],"Labels":{"1":{"Display":"Extremely favorable to Alan"},"2":{"Display":"Equally fair to both"},"3":{"Display":"Extremely favorable to Bob"}}}},{"SurveyID":"SV_7PTBA2TELfKDjAp","Element":"SQ","PrimaryAttribute":"QID17","SecondaryAttribute":"Alan and Bob are both contractors and both live in a small, relatively rural town that is about 4...","TertiaryAttribute":null,"Payload":{"QuestionText":"<span style=\"font-size:19px;\">Alan and Bob are both contractors and both live in a small, relatively rural town that is about 45 minutes outside a big city.<br>\n<br>\nAlan earns $50\/hour at his job and Bob earns $25\/hour at his job.<\/span><br>\n<br>\n<span style=\"color: rgb(64, 64, 64); font-family: &quot;Qualtrics Grotesque&quot;, &quot;Helvetica Neue&quot;, Helvetica, Arial, sans-serif; font-size: 19px;\">Both Alan and Bob receive a ticket for speeding.&nbsp;<\/span><br style=\"box-sizing: border-box; font-family: &quot;Qualtrics Grotesque&quot;, &quot;Helvetica Neue&quot;, Helvetica, Arial, sans-serif; color: rgb(64, 64, 64); font-size: 19px;\">\n<br style=\"box-sizing: border-box; font-family: &quot;Qualtrics Grotesque&quot;, &quot;Helvetica Neue&quot;, Helvetica, Arial, sans-serif; color: rgb(64, 64, 64); font-size: 19px;\">\n<span style=\"color: rgb(64, 64, 64); font-family: &quot;Qualtrics Grotesque&quot;, &quot;Helvetica Neue&quot;, Helvetica, Arial, sans-serif; font-size: 19px;\">Alan receives a letter from the town requesting that he pays $150 for his speeding ticket.<\/span><br style=\"box-sizing: border-box; font-family: &quot;Qualtrics Grotesque&quot;, &quot;Helvetica Neue&quot;, Helvetica, Arial, sans-serif; color: rgb(64, 64, 64); font-size: 19px;\">\n<br style=\"box-sizing: border-box; font-family: &quot;Qualtrics Grotesque&quot;, &quot;Helvetica Neue&quot;, Helvetica, Arial, sans-serif; color: rgb(64, 64, 64); font-size: 19px;\">\n<span style=\"color: rgb(64, 64, 64); font-family: &quot;Qualtrics Grotesque&quot;, &quot;Helvetica Neue&quot;, Helvetica, Arial, sans-serif; font-size: 19px;\">Bob receives a letter from the town requesting that he pays $150 for his speeding ticket.<\/span>\n\n<div>&nbsp;<\/div>\n\n<div>\n<div style=\"box-sizing: border-box; font-family: &quot;Qualtrics Grotesque&quot;, &quot;Helvetica Neue&quot;, Helvetica, Arial, sans-serif; margin: 0px; padding: 0px; color: rgb(64, 64, 64); font-size: 15px;\"><span style=\"box-sizing: border-box; font-size: 19px;\">Please indicate what you think the relative fairness of this arrangement is.<\/span><\/div>\n\n<div style=\"box-sizing: border-box; font-family: &quot;Qualtrics Grotesque&quot;, &quot;Helvetica Neue&quot;, Helvetica, Arial, sans-serif; margin: 0px; padding: 0px; color: rgb(64, 64, 64); font-size: 15px;\">&nbsp;<\/div>\n\n<div style=\"box-sizing: border-box; font-family: &quot;Qualtrics Grotesque&quot;, &quot;Helvetica Neue&quot;, Helvetica, Arial, sans-serif; margin: 0px; padding: 0px; color: rgb(64, 64, 64); font-size: 15px;\"><span style=\"box-sizing: border-box; font-size: 19px;\">Use the following scale:<br style=\"box-sizing: border-box;\">\n-50 = extremely favorable to Alan\/extremely unfair to Bob<br style=\"box-sizing: border-box;\">\n0 = equally fair to Alan and Bob<br style=\"box-sizing: border-box;\">\n50 = extremely unfair to Alan\/extremely favorable to Bob<\/span><\/div>\n<\/div>","DefaultChoices":false,"QuestionType":"Slider","Selector":"HSLIDER","DataVisibility":{"Private":false},"Configuration":{"QuestionDescriptionOption":"UseText","TextPosition":"inline","CSSliderMin":-50,"CSSliderMax":50,"GridLines":10,"SnapToGrid":false,"NumDecimals":0,"ShowValue":true,"CustomStart":true,"NotApplicable":false,"CenterLabels":true,"MobileFirst":true,"SliderStartPositions":{"1":0.498834498834499984187829113579937256872653961181640625}},"QuestionDescription":"Alan and Bob are both contractors and both live in a small, relatively rural town that is about 4...","Choices":{"1":{"Display":"Relative fairness"}},"ChoiceOrder":[1],"Validation":{"Settings":{"ForceResponse":"ON","ForceResponseType":"ON","Type":"None"}},"GradingData":[],"Language":[],"Labels":{"1":{"Display":"Extremely favorable to Alan"},"2":{"Display":"Equally fair to both"},"3":{"Display":"Extremely favorable to Bob"}},"QuestionText_Unsafe":"<span style=\"font-size:19px;\">Alan and Bob are both contractors, and both live in a small, relatively rural town that is about 45 minutes outside a big city.<br>\n<br>\nAlan earns $50\/hour at his job and Bob earns $25\/hour at his job.<\/span><br>\n<br>\n<span style=\"color: rgb(64, 64, 64); font-family: &quot;Qualtrics Grotesque&quot;, &quot;Helvetica Neue&quot;, Helvetica, Arial, sans-serif; font-size: 19px;\">Both Alan and Bob receive a ticket for speeding. The town recently passed a law so that the cost of speeding tickets will be based on residents' income.<\/span><br style=\"box-sizing: border-box; font-family: &quot;Qualtrics Grotesque&quot;, &quot;Helvetica Neue&quot;, Helvetica, Arial, sans-serif; color: rgb(64, 64, 64); font-size: 19px;\">\n<br style=\"box-sizing: border-box; font-family: &quot;Qualtrics Grotesque&quot;, &quot;Helvetica Neue&quot;, Helvetica, Arial, sans-serif; color: rgb(64, 64, 64); font-size: 19px;\">\n<span style=\"color: rgb(64, 64, 64); font-family: &quot;Qualtrics Grotesque&quot;, &quot;Helvetica Neue&quot;, Helvetica, Arial, sans-serif; font-size: 19px;\">Alan receives a letter from the town requesting that he pays $150 for his speeding ticket.<\/span><br style=\"box-sizing: border-box; font-family: &quot;Qualtrics Grotesque&quot;, &quot;Helvetica Neue&quot;, Helvetica, Arial, sans-serif; color: rgb(64, 64, 64); font-size: 19px;\">\n<br style=\"box-sizing: border-box; font-family: &quot;Qualtrics Grotesque&quot;, &quot;Helvetica Neue&quot;, Helvetica, Arial, sans-serif; color: rgb(64, 64, 64); font-size: 19px;\">\n<span style=\"color: rgb(64, 64, 64); font-family: &quot;Qualtrics Grotesque&quot;, &quot;Helvetica Neue&quot;, Helvetica, Arial, sans-serif; font-size: 19px;\">Bob receives a letter from the town requesting that he pays $100 for his speeding ticket.<\/span>\n\n<div>&nbsp;<\/div>\n\n<div>\n<div style=\"box-sizing: border-box; font-family: &quot;Qualtrics Grotesque&quot;, &quot;Helvetica Neue&quot;, Helvetica, Arial, sans-serif; margin: 0px; padding: 0px; color: rgb(64, 64, 64); font-size: 15px;\"><span style=\"box-sizing: border-box; font-size: 19px;\">Please indicate what you think the relative fairness of this arrangement is.<\/span><\/div>\n\n<div style=\"box-sizing: border-box; font-family: &quot;Qualtrics Grotesque&quot;, &quot;Helvetica Neue&quot;, Helvetica, Arial, sans-serif; margin: 0px; padding: 0px; color: rgb(64, 64, 64); font-size: 15px;\">&nbsp;<\/div>\n\n<div style=\"box-sizing: border-box; font-family: &quot;Qualtrics Grotesque&quot;, &quot;Helvetica Neue&quot;, Helvetica, Arial, sans-serif; margin: 0px; padding: 0px; color: rgb(64, 64, 64); font-size: 15px;\"><span style=\"box-sizing: border-box; font-size: 19px;\">Use the following scale:<br style=\"box-sizing: border-box;\">\n-50 = extremely favorable to Alan\/extremely unfair to Bob<br style=\"box-sizing: border-box;\">\n0 = equally fair to Alan and Bob<br style=\"box-sizing: border-box;\">\n50 = extremely unfair to Alan\/extremely favorable to Bob<\/span><\/div>\n<\/div>","DataExportTag":"money_150\/150","QuestionID":"QID17"}},{"SurveyID":"SV_7PTBA2TELfKDjAp","Element":"SQ","PrimaryAttribute":"QID4","SecondaryAttribute":"Alan and Bob are both contractors, and both live in a small, relatively rural town that is about...","TertiaryAttribute":null,"Payload":{"QuestionText":"<span style=\"box-sizing: border-box; font-family: &quot;Qualtrics Grotesque&quot;, &quot;Helvetica Neue&quot;, Helvetica, Arial, sans-serif; color: rgb(64, 64, 64); font-size: 19px;\">Alan and Bob are both contractors, and both live in a small, relatively rural town that is about 45 minutes outside a big city.<br style=\"box-sizing: border-box;\">\n<br style=\"box-sizing: border-box;\"><b>\nAlan earns $50\/hour at his job and Bob earns $25\/hour at his job.<\/b><\/span><b><br style=\"box-sizing: border-box; font-family: &quot;Qualtrics Grotesque&quot;, &quot;Helvetica Neue&quot;, Helvetica, Arial, sans-serif; color: rgb(64, 64, 64); font-size: 15px;\">\n<br style=\"box-sizing: border-box; font-family: &quot;Qualtrics Grotesque&quot;, &quot;Helvetica Neue&quot;, Helvetica, Arial, sans-serif; color: rgb(64, 64, 64); font-size: 15px;\">\n<span style=\"box-sizing: border-box; font-family: &quot;Qualtrics Grotesque&quot;, &quot;Helvetica Neue&quot;, Helvetica, Arial, sans-serif; color: rgb(64, 64, 64); font-size: 19px;\">Both Alan and Bob receive a ticket for running a red light.&nbsp;<\/span><\/b><div><div style=\"box-sizing: border-box; font-family: &quot;Qualtrics Grotesque&quot;, &quot;Helvetica Neue&quot;, Helvetica, Arial, sans-serif; margin: 0px; padding: 0px; color: rgb(64, 64, 64); font-size: 15px;\"><br><\/div>\n\n<div style=\"box-sizing: border-box; font-family: &quot;Qualtrics Grotesque&quot;, &quot;Helvetica Neue&quot;, Helvetica, Arial, sans-serif; margin: 0px; padding: 0px; color: rgb(64, 64, 64); font-size: 15px;\"><b><span style=\"box-sizing: border-box; font-size: 19px;\">The town recently passed a law so that citizens who are given a traffic ticket are required to perform community service.<\/span><br style=\"box-sizing: border-box;\">\n<br style=\"box-sizing: border-box;\">\n<span style=\"box-sizing: border-box; font-size: 19px;\">Alan receives a letter from the town requesting that he volunteer 3 hours as a consequence of his traffic ticket.&nbsp;<\/span><br style=\"box-sizing: border-box;\">\n<br style=\"box-sizing: border-box;\">\n<span style=\"box-sizing: border-box; font-size: 19px;\">Bob receives a letter from the town requesting that he volunteer 4 hours as a consequence of his traffic ticket.&nbsp;<\/span><\/b><\/div><div><br><\/div>\n\n<div>\n<div style=\"box-sizing: border-box; font-family: &quot;Qualtrics Grotesque&quot;, &quot;Helvetica Neue&quot;, Helvetica, Arial, sans-serif; margin: 0px; padding: 0px; color: rgb(64, 64, 64); font-size: 15px;\"><span style=\"box-sizing: border-box; font-size: 19px;\">Please indicate what you think the relative fairness of this arrangement is.<\/span><\/div>\n\n<div style=\"box-sizing: border-box; font-family: &quot;Qualtrics Grotesque&quot;, &quot;Helvetica Neue&quot;, Helvetica, Arial, sans-serif; margin: 0px; padding: 0px; color: rgb(64, 64, 64); font-size: 15px;\">&nbsp;<\/div>\n\n<div style=\"box-sizing: border-box; font-family: &quot;Qualtrics Grotesque&quot;, &quot;Helvetica Neue&quot;, Helvetica, Arial, sans-serif; margin: 0px; padding: 0px; color: rgb(64, 64, 64); font-size: 15px;\"><span style=\"box-sizing: border-box; font-size: 19px;\">Use the following scale:<br style=\"box-sizing: border-box;\">\n-50 = extremely favorable to Alan\/extremely unfair to Bob<br style=\"box-sizing: border-box;\">\n0 = equally fair to Alan and Bob<br style=\"box-sizing: border-box;\">\n50 = extremely unfair to Alan\/extremely favorable&nbsp;to Bob<\/span><\/div>\n<\/div><\/div>","DefaultChoices":false,"DataExportTag":"time_3\/4","QuestionID":"QID4","QuestionType":"Slider","Selector":"HSLIDER","DataVisibility":{"Private":false,"Hidden":false},"Configuration":{"QuestionDescriptionOption":"UseText","TextPosition":"inline","CSSliderMin":-50,"CSSliderMax":50,"GridLines":10,"SnapToGrid":false,"NumDecimals":"0","ShowValue":true,"CustomStart":true,"NotApplicable":false,"MobileFirst":true,"CenterLabels":true,"SliderStartPositions":{"1":0.4965034965035000080746385719976387917995452880859375}},"QuestionDescription":"Alan and Bob are both contractors, and both live in a small, relatively rural town that is about...","Choices":{"1":{"Display":"Relative fairness"}},"ChoiceOrder":[1],"Validation":{"Settings":{"ForceResponse":"ON","ForceResponseType":"ON","Type":"None"}},"GradingData":[],"Language":[],"Labels":{"1":{"Display":"Extremely unfair to Bob"},"2":{"Display":"Equally fair to both"},"3":{"Display":"Extremely unfair to Alan"}}}},{"SurveyID":"SV_7PTBA2TELfKDjAp","Element":"SQ","PrimaryAttribute":"QID19","SecondaryAttribute":"Alan and Bob are both contractors, and both live in a small, relatively rural town that is about...","TertiaryAttribute":null,"Payload":{"QuestionText":"<span style=\"box-sizing: border-box; font-family: &quot;Qualtrics Grotesque&quot;, &quot;Helvetica Neue&quot;, Helvetica, Arial, sans-serif; color: rgb(64, 64, 64); font-size: 19px;\">Alan and Bob are both contractors, and both live in a small, relatively rural town that is about 45 minutes outside a big city.<br style=\"box-sizing: border-box;\">\n<br style=\"box-sizing: border-box;\">\nAlan earns $50\/hour at his job and Bob earns $25\/hour at his job.<\/span><br style=\"box-sizing: border-box; font-family: &quot;Qualtrics Grotesque&quot;, &quot;Helvetica Neue&quot;, Helvetica, Arial, sans-serif; color: rgb(64, 64, 64); font-size: 15px;\">\n<br style=\"box-sizing: border-box; font-family: &quot;Qualtrics Grotesque&quot;, &quot;Helvetica Neue&quot;, Helvetica, Arial, sans-serif; color: rgb(64, 64, 64); font-size: 15px;\">\n<span style=\"box-sizing: border-box; font-family: &quot;Qualtrics Grotesque&quot;, &quot;Helvetica Neue&quot;, Helvetica, Arial, sans-serif; color: rgb(64, 64, 64); font-size: 19px;\">Both Alan and Bob receive a ticket for speeding.&nbsp;<\/span>\n\n<div style=\"box-sizing: border-box; font-family: &quot;Qualtrics Grotesque&quot;, &quot;Helvetica Neue&quot;, Helvetica, Arial, sans-serif; margin: 0px; padding: 0px; color: rgb(64, 64, 64); font-size: 15px;\">&nbsp;<\/div>\n\n<div style=\"box-sizing: border-box; font-family: &quot;Qualtrics Grotesque&quot;, &quot;Helvetica Neue&quot;, Helvetica, Arial, sans-serif; margin: 0px; padding: 0px; color: rgb(64, 64, 64); font-size: 15px;\"><span style=\"box-sizing: border-box; font-size: 19px;\">The town recently passed a law so that citizens who are given a speeding ticket are required to perform community service.<\/span><br style=\"box-sizing: border-box;\">\n<br style=\"box-sizing: border-box;\">\n<span style=\"box-sizing: border-box; font-size: 19px;\">Alan receives a letter from the town requesting that he volunteer 3 hours as a consequence of his speeding ticket.<\/span><br style=\"box-sizing: border-box;\">\n<br style=\"box-sizing: border-box;\">\n<span style=\"box-sizing: border-box; font-size: 19px;\">Bob receives a letter from the town requesting that he volunteer 6 hours as a consequence of his speeding ticket.<\/span><\/div>\n\n<div>&nbsp;<\/div>\n\n<div>\n<div style=\"box-sizing: border-box; font-family: &quot;Qualtrics Grotesque&quot;, &quot;Helvetica Neue&quot;, Helvetica, Arial, sans-serif; margin: 0px; padding: 0px; color: rgb(64, 64, 64); font-size: 15px;\"><span style=\"box-sizing: border-box; font-size: 19px;\">Please indicate what you think the relative fairness of this arrangement is.<\/span><\/div>\n\n<div style=\"box-sizing: border-box; font-family: &quot;Qualtrics Grotesque&quot;, &quot;Helvetica Neue&quot;, Helvetica, Arial, sans-serif; margin: 0px; padding: 0px; color: rgb(64, 64, 64); font-size: 15px;\">&nbsp;<\/div>\n\n<div style=\"box-sizing: border-box; font-family: &quot;Qualtrics Grotesque&quot;, &quot;Helvetica Neue&quot;, Helvetica, Arial, sans-serif; margin: 0px; padding: 0px; color: rgb(64, 64, 64); font-size: 15px;\"><span style=\"box-sizing: border-box; font-size: 19px;\">Use the following scale:<br style=\"box-sizing: border-box;\">\n-50 = extremely favorable to Alan\/extremely unfair to Bob<br style=\"box-sizing: border-box;\">\n0 = equally fair to Alan and Bob<br style=\"box-sizing: border-box;\">\n50 = extremely unfair to Alan\/extremely favorable&nbsp;to Bob<\/span><\/div>\n<\/div>","DefaultChoices":false,"QuestionType":"Slider","Selector":"HSLIDER","DataVisibility":{"Private":false},"Configuration":{"QuestionDescriptionOption":"UseText","TextPosition":"inline","CSSliderMin":-50,"CSSliderMax":50,"GridLines":10,"SnapToGrid":false,"NumDecimals":"0","ShowValue":true,"CustomStart":true,"NotApplicable":false,"MobileFirst":true,"CenterLabels":true,"SliderStartPositions":{"1":0.50116550116549996030101965516223572194576263427734375}},"QuestionDescription":"Alan and Bob are both contractors, and both live in a small, relatively rural town that is about...","Choices":{"1":{"Display":"Relative fairness"}},"ChoiceOrder":[1],"Validation":{"Settings":{"ForceResponse":"ON","ForceResponseType":"ON","Type":"None"}},"GradingData":[],"Language":[],"Labels":{"1":{"Display":"Extremely favorable to Alan"},"2":{"Display":"Equally fair to both"},"3":{"Display":"Extremely favorable to Bob"}},"QuestionText_Unsafe":"<span style=\"box-sizing: border-box; font-family: &quot;Qualtrics Grotesque&quot;, &quot;Helvetica Neue&quot;, Helvetica, Arial, sans-serif; color: rgb(64, 64, 64); font-size: 19px;\">Alan and Bob are both contractors, and both live in a small, relatively rural town that is about 45 minutes outside a big city.<br style=\"box-sizing: border-box;\">\n<br style=\"box-sizing: border-box;\">\nAlan earns $50\/hour at his job and Bob earns $25\/hour at his job.<\/span><br style=\"box-sizing: border-box; font-family: &quot;Qualtrics Grotesque&quot;, &quot;Helvetica Neue&quot;, Helvetica, Arial, sans-serif; color: rgb(64, 64, 64); font-size: 15px;\">\n<br style=\"box-sizing: border-box; font-family: &quot;Qualtrics Grotesque&quot;, &quot;Helvetica Neue&quot;, Helvetica, Arial, sans-serif; color: rgb(64, 64, 64); font-size: 15px;\">\n<span style=\"box-sizing: border-box; font-family: &quot;Qualtrics Grotesque&quot;, &quot;Helvetica Neue&quot;, Helvetica, Arial, sans-serif; color: rgb(64, 64, 64); font-size: 19px;\">Both Alan and Bob receive a ticket for speeding.&nbsp;<\/span>\n\n<div style=\"box-sizing: border-box; font-family: &quot;Qualtrics Grotesque&quot;, &quot;Helvetica Neue&quot;, Helvetica, Arial, sans-serif; margin: 0px; padding: 0px; color: rgb(64, 64, 64); font-size: 15px;\">&nbsp;<\/div>\n\n<div style=\"box-sizing: border-box; font-family: &quot;Qualtrics Grotesque&quot;, &quot;Helvetica Neue&quot;, Helvetica, Arial, sans-serif; margin: 0px; padding: 0px; color: rgb(64, 64, 64); font-size: 15px;\"><span style=\"box-sizing: border-box; font-size: 19px;\">The town recently passed a law so that citizens who are given a speeding ticket are required to perform community service.<\/span><br style=\"box-sizing: border-box;\">\n<br style=\"box-sizing: border-box;\">\n<span style=\"box-sizing: border-box; font-size: 19px;\">Alan receives a letter from the town requesting that he volunteer 3 hours as a consequence of his speeding ticket.&nbsp;<\/span><br style=\"box-sizing: border-box;\">\n<br style=\"box-sizing: border-box;\">\n<span style=\"box-sizing: border-box; font-size: 19px;\">Bob receives a letter from the town requesting that he volunteer 4 hours as a consequence of his speeding ticket.&nbsp;<\/span><\/div>\n\n<div>&nbsp;<\/div>\n\n<div>\n<div style=\"box-sizing: border-box; font-family: &quot;Qualtrics Grotesque&quot;, &quot;Helvetica Neue&quot;, Helvetica, Arial, sans-serif; margin: 0px; padding: 0px; color: rgb(64, 64, 64); font-size: 15px;\"><span style=\"box-sizing: border-box; font-size: 19px;\">Please indicate what you think the relative fairness of this arrangement is.<\/span><\/div>\n\n<div style=\"box-sizing: border-box; font-family: &quot;Qualtrics Grotesque&quot;, &quot;Helvetica Neue&quot;, Helvetica, Arial, sans-serif; margin: 0px; padding: 0px; color: rgb(64, 64, 64); font-size: 15px;\">&nbsp;<\/div>\n\n<div style=\"box-sizing: border-box; font-family: &quot;Qualtrics Grotesque&quot;, &quot;Helvetica Neue&quot;, Helvetica, Arial, sans-serif; margin: 0px; padding: 0px; color: rgb(64, 64, 64); font-size: 15px;\"><span style=\"box-sizing: border-box; font-size: 19px;\">Use the following scale:<br style=\"box-sizing: border-box;\">\n-50 = extremely favorable to Alan\/extremely unfair to Bob<br style=\"box-sizing: border-box;\">\n0 = equally fair to Alan and Bob<br style=\"box-sizing: border-box;\">\n50 = extremely unfair to Alan\/extremely favorable&nbsp;to Bob<\/span><\/div>\n<\/div>","DataExportTag":"time_3\/6","QuestionID":"QID19"}},{"SurveyID":"SV_7PTBA2TELfKDjAp","Element":"RS","PrimaryAttribute":"RS_5mOTQr7LRWnoMzX","SecondaryAttribute":"Default Response Set","TertiaryAttribute":null,"Payload":null},{"SurveyID":"SV_7PTBA2TELfKDjAp","Element":"SQ","PrimaryAttribute":"QID57","SecondaryAttribute":"Earlier, you read a scenario about two men who were punished for a traffic violation. What were t...","TertiaryAttribute":null,"Payload":{"QuestionText":"<span style=\"font-size:16px;\">Earlier, you read a scenario about two men who were punished for a traffic violation. What were their names?<\/span>","DataExportTag":"Q44","QuestionType":"MC","Selector":"SAVR","SubSelector":"TX","Configuration":{"QuestionDescriptionOption":"UseText"},"QuestionDescription":"Earlier, you read a scenario about two men who were punished for a traffic violation. What were t...","Choices":{"1":{"Display":"Alan and Bob"},"2":{"Display":"John and Paul"},"3":{"Display":"Jimmy and Robert"},"4":{"Display":"Bruce and Steve"}},"ChoiceOrder":["1","2","3","4"],"Validation":{"Settings":{"ForceResponse":"ON","ForceResponseType":"ON","Type":"None"}},"Language":[],"QuestionID":"QID57","Randomization":{"Advanced":null,"Type":"All","TotalRandSubset":""}}},{"SurveyID":"SV_7PTBA2TELfKDjAp","Element":"SQ","PrimaryAttribute":"QID9","SecondaryAttribute":"Finally, please answer these questions:","TertiaryAttribute":null,"Payload":{"QuestionText":"<strong><span style=\"font-size:16px;\"><span style=\"font-family:tahoma,geneva,sans-serif;\">Finally, please answer these questions:<\/span><\/span><\/strong>","DefaultChoices":false,"DataExportTag":"Q10","QuestionType":"DB","Selector":"TB","DataVisibility":{"Private":false},"Configuration":{"QuestionDescriptionOption":"UseText"},"QuestionDescription":"Finally, please answer these questions:","ChoiceOrder":[],"Validation":{"Settings":{"Type":"None"}},"GradingData":[],"Language":[],"QuestionID":"QID9"}},{"SurveyID":"SV_7PTBA2TELfKDjAp","Element":"SQ","PrimaryAttribute":"QID12","SecondaryAttribute":"If you have any comments, please leave them below:","TertiaryAttribute":null,"Payload":{"QuestionText":"<span style=\"font-size:16px;\"><span style=\"font-family:tahoma,geneva,sans-serif;\">If you have any comments, please leave them below:<\/span><\/span>","DefaultChoices":false,"DataExportTag":"comment","QuestionType":"TE","Selector":"ML","DataVisibility":{"Private":false},"Configuration":{"QuestionDescriptionOption":"UseText"},"QuestionDescription":"If you have any comments, please leave them below:","Validation":{"Settings":{"ForceResponse":"OFF","ForceResponseType":"RequestResponse","Type":"None"}},"GradingData":[],"Language":[],"QuestionID":"QID12"}},{"SurveyID":"SV_7PTBA2TELfKDjAp","Element":"SQ","PrimaryAttribute":"QID11","SecondaryAttribute":"My age is:","TertiaryAttribute":null,"Payload":{"QuestionText":"<span style=\"font-size:16px;\"><span style=\"font-family:tahoma,geneva,sans-serif;\">My age is:<\/span><\/span>","DefaultChoices":false,"DataExportTag":"age","QuestionType":"TE","Selector":"SL","DataVisibility":{"Private":false},"Configuration":{"QuestionDescriptionOption":"UseText"},"QuestionDescription":"My age is:","Validation":{"Settings":{"ForceResponse":"RequestResponse","ForceResponseType":"RequestResponse","Type":"ContentType","ContentType":"ValidNumber","ValidDateType":"DateWithFormat","ValidPhoneType":"ValidUSPhone","ValidZipType":"ValidUSZip","ValidNumber":{"NumDecimals":"0"}}},"GradingData":[],"Language":[],"QuestionID":"QID11"}},{"SurveyID":"SV_7PTBA2TELfKDjAp","Element":"SQ","PrimaryAttribute":"QID10","SecondaryAttribute":"My gender is:","TertiaryAttribute":null,"Payload":{"QuestionText":"<span style=\"font-size:16px;\"><span style=\"font-family:tahoma,geneva,sans-serif;\">My gender is:<\/span><\/span>","DataExportTag":"gender","QuestionType":"MC","Selector":"SAVR","SubSelector":"TX","DataVisibility":{"Private":false},"Configuration":{"QuestionDescriptionOption":"UseText"},"QuestionDescription":"My gender is:","Choices":{"1":{"Display":"<span style=\"font-size:16px;\"><span style=\"font-family:tahoma,geneva,sans-serif;\">Male<\/span><\/span>"},"2":{"Display":"<span style=\"font-size:16px;\"><span style=\"font-family:tahoma,geneva,sans-serif;\">Female<\/span><\/span>"}},"ChoiceOrder":[1,2],"Validation":{"Settings":{"ForceResponse":"RequestResponse","ForceResponseType":"RequestResponse","Type":"None"}},"Language":[],"QuestionID":"QID10"}},{"SurveyID":"SV_7PTBA2TELfKDjAp","Element":"SQ","PrimaryAttribute":"QID32","SecondaryAttribute":"People sometimes think money and time should be considered interchangeable to each other.\u00a0 \u00a0 For..","TertiaryAttribute":null,"Payload":{"QuestionText":"<span style=\"font-size:19px;\">People sometimes think money and time should be considered interchangeable to each other.&nbsp;<\/span>\n\n<div>&nbsp;<\/div>\n\n<div><span style=\"font-size:19px;\">For instance, because Alan has a salary of $50\/hour, his&nbsp;$150 for speeding ticket can be considered equal to 3 hours of working time.<br>\n<br>\nLikewise, because Bob has a salary of $25\/hour, his $75 for his speeding ticket can be considered equal to 3 hours of working time.<\/span><\/div>\n\n<div>&nbsp;<\/div>\n\n<div><span style=\"font-size: 19px;\">Taking this information into account, we would like to give you the opportunity to change your fairness rating from before. Your original rating was:<\/span><\/div>\n\n<div><b><span style=\"font-size: 19px;\"><br><\/span><\/b><\/div><div><b><span style=\"font-size: 19px;\">&nbsp;<\/span>${q:\/\/QID1\/ChoiceNumericEntryValue\/1}\n\n<\/b><div>&nbsp;<\/div>\n\n<div><span style=\"font-size: 19px;\">If you would like to update this response, select a new rating below. If you would like to keep the same response, please re-select the same value below.<br>\n<br>\nPlease indicate what you think the relative fairness of this arrangement is.<\/span><\/div>\n\n<div>&nbsp;<\/div>\n\n<div><span style=\"font-size:19px;\">Use the following scale:<br>\n-50 = extremely favorable to Alan\/extremely unfair to Bob<br>\n0 = equally fair to Alan and Bob<br>\n50 = extremely unfair to Alan\/extremely favorable to Bob<\/span><\/div>\n<\/div>","DefaultChoices":false,"DataExportTag":"money_150\/75_re-rate","QuestionType":"Slider","Selector":"HSLIDER","DataVisibility":{"Private":false},"Configuration":{"QuestionDescriptionOption":"UseText","CSSliderMin":-50,"CSSliderMax":50,"GridLines":10,"SnapToGrid":false,"NumDecimals":"0","ShowValue":true,"CustomStart":true,"SliderStartPositions":{"1":0.498834498834499984187829113579937256872653961181640625},"NotApplicable":false,"CenterLabels":true,"MobileFirst":true},"QuestionDescription":"People sometimes think money and time should be considered interchangeable to each other.\u00a0 \u00a0 For...","Choices":{"1":{"Display":"Relative fairness"}},"ChoiceOrder":[1],"Validation":{"Settings":{"ForceResponse":"ON","ForceResponseType":"ON","Type":"None"}},"GradingData":[],"Language":[],"Labels":{"1":{"Display":"Extremely favorable to Alan"},"2":{"Display":"Equally fair to both"},"8":{"Display":"Extremely favorable to Bob"}},"QuestionID":"QID32"}},{"SurveyID":"SV_7PTBA2TELfKDjAp","Element":"SQ","PrimaryAttribute":"QID35","SecondaryAttribute":"People sometimes think money and time should be considered interchangeable to each other.\u00a0 \u00a0 For..","TertiaryAttribute":null,"Payload":{"QuestionText":"<span style=\"font-size:19px;\">People sometimes think money and time should be considered interchangeable to each other.&nbsp;<\/span>\n\n<div>&nbsp;<\/div>\n\n<div><span style=\"font-size:19px;\"><b>For instance, because Alan has a salary of $50\/hour, his&nbsp;$150 traffic ticket can be considered equal to 3 hours of working time.<\/b><\/span><\/div><div><span style=\"font-size:19px;\"><b><br>Likewise, because Bob has a salary of $25\/hour, his $100 traffic ticket can be considered equal to 4 hours of working time.<\/b><\/span><\/div>\n\n<div>&nbsp;<\/div>\n\n<div>\n<div style=\"box-sizing: border-box; font-family: &quot;Qualtrics Grotesque&quot;, &quot;Helvetica Neue&quot;, Helvetica, Arial, sans-serif; margin: 0px; padding: 0px; color: rgb(64, 64, 64); font-size: 15px;\"><span style=\"box-sizing: border-box; font-size: 19px;\">Realizing this, would you still judge this situation the same way?&nbsp;<\/span><\/div><div style=\"box-sizing: border-box; font-family: &quot;Qualtrics Grotesque&quot;, &quot;Helvetica Neue&quot;, Helvetica, Arial, sans-serif; margin: 0px; padding: 0px; color: rgb(64, 64, 64); font-size: 15px;\"><br><\/div>\n\n<div style=\"box-sizing: border-box; font-family: &quot;Qualtrics Grotesque&quot;, &quot;Helvetica Neue&quot;, Helvetica, Arial, sans-serif; margin: 0px; padding: 0px; color: rgb(64, 64, 64); font-size: 15px;\"><span style=\"box-sizing: border-box; font-size: 19px;\">Just to remind you:&nbsp;<\/span><br><span style=\"box-sizing: border-box; font-family: &quot;Qualtrics Grotesque&quot;, &quot;Helvetica Neue&quot;, Helvetica, Arial, sans-serif; color: rgb(64, 64, 64); font-size: 19px;\">Alan receives a letter from the town requesting that he pays $150 for his traffic ticket.<\/span><br style=\"box-sizing: border-box; font-family: &quot;Qualtrics Grotesque&quot;, &quot;Helvetica Neue&quot;, Helvetica, Arial, sans-serif; color: rgb(64, 64, 64); font-size: 19px;\"><span style=\"box-sizing: border-box; font-family: &quot;Qualtrics Grotesque&quot;, &quot;Helvetica Neue&quot;, Helvetica, Arial, sans-serif; color: rgb(64, 64, 64); font-size: 19px;\">Bob receives a letter from the town requesting that he pays $100 for his traffic ticket.<\/span><\/div>\n\n<div><br><\/div><div>\n<span style=\"font-size: 19px;\">Please indicate what you think the relative fairness of this arrangement is.<\/span><\/div>\n\n<div>&nbsp;<\/div>\n\n<div><span style=\"font-size:19px;\">Use the following scale:<br>\n-50 = extremely favorable to Alan\/extremely unfair to Bob<br>\n0 = equally fair to Alan and Bob<br>\n50 = extremely unfair to Alan\/extremely favorable to Bob<\/span><\/div>\n<\/div>","DefaultChoices":false,"DataExportTag":"money_150\/100_rerate","QuestionType":"Slider","Selector":"HSLIDER","DataVisibility":{"Private":false,"Hidden":false},"Configuration":{"QuestionDescriptionOption":"UseText","CSSliderMin":-50,"CSSliderMax":50,"GridLines":10,"SnapToGrid":false,"NumDecimals":"0","ShowValue":true,"CustomStart":true,"SliderStartPositions":{"1":0.498834498834499984187829113579937256872653961181640625},"NotApplicable":false,"CenterLabels":true,"MobileFirst":true},"QuestionDescription":"People sometimes think money and time should be considered interchangeable to each other.\u00a0 \u00a0 For...","Choices":{"1":{"Display":"Relative fairness"}},"ChoiceOrder":[1],"Validation":{"Settings":{"ForceResponse":"ON","ForceResponseType":"ON","Type":"None"}},"GradingData":[],"Language":[],"Labels":{"1":{"Display":"Extremely unfair to Bob"},"2":{"Display":"Equally fair to both"},"8":{"Display":"Extremely unfair to Alan"}},"QuestionID":"QID35"}},{"SurveyID":"SV_7PTBA2TELfKDjAp","Element":"SQ","PrimaryAttribute":"QID36","SecondaryAttribute":"People sometimes think money and time should be considered interchangeable to each other.\u00a0 \u00a0 For..","TertiaryAttribute":null,"Payload":{"QuestionText":"<span style=\"font-size:19px;\">People sometimes think money and time should be considered interchangeable to each other.&nbsp;<\/span>\n\n<div>&nbsp;<\/div>\n\n<div><span style=\"font-size:19px;\">For instance, because Alan has a salary of $50\/hour, his&nbsp;$150 for speeding ticket can be considered equal to 3 hours of working time.<br>\n<br>\nLikewise, because Bob has a salary of $25\/hour, his $150 for his speeding ticket can be considered equal to 6 hours of working time.<\/span><\/div>\n\n<div>&nbsp;<\/div>\n\n<div><span style=\"font-size: 19px;\">Taking this information into account, we would like to give you the opportunity to change your fairness rating from before. Your original rating was:<\/span><\/div>\n\n<div>&nbsp;<\/div>\n\n<div><strong>${q:\/\/QID17\/ChoiceNumericEntryValue\/1}<\/strong>\n\n<div>&nbsp;<\/div>\n\n<div><span style=\"font-size: 19px;\">If you would like to update this response, select a new rating below. If you would like to keep the same response, please re-select the same value below.<br>\n<br>\nPlease indicate what you think the relative fairness of this arrangement is.<\/span><\/div>\n\n<div>&nbsp;<\/div>\n\n<div><span style=\"font-size:19px;\">Use the following scale:<br>\n-50 = extremely favorable to Alan\/extremely unfair to Bob<br>\n0 = equally fair to Alan and Bob<br>\n50 = extremely unfair to Alan\/extremely favorable to Bob<\/span><\/div>\n<\/div>","DefaultChoices":false,"DataExportTag":"money 150\/150 re-rat","QuestionType":"Slider","Selector":"HSLIDER","DataVisibility":{"Private":false},"Configuration":{"QuestionDescriptionOption":"UseText","CSSliderMin":-50,"CSSliderMax":50,"GridLines":10,"SnapToGrid":false,"NumDecimals":"0","ShowValue":true,"CustomStart":true,"SliderStartPositions":{"1":0.498834498834499984187829113579937256872653961181640625},"NotApplicable":false,"CenterLabels":true,"MobileFirst":true},"QuestionDescription":"People sometimes think money and time should be considered interchangeable to each other.\u00a0 \u00a0 For...","Choices":{"1":{"Display":"Relative fairness"}},"ChoiceOrder":[1],"Validation":{"Settings":{"ForceResponse":"ON","ForceResponseType":"ON","Type":"None"}},"GradingData":[],"Language":[],"Labels":{"1":{"Display":"Extremely favorable to Alan"},"2":{"Display":"Equally fair to both"},"8":{"Display":"Extremely favorable to Bob"}},"QuestionID":"QID36"}},{"SurveyID":"SV_7PTBA2TELfKDjAp","Element":"SQ","PrimaryAttribute":"QID38","SecondaryAttribute":"People sometimes think money and time should be considered interchangeable to each other.\u00a0 \u00a0 For..","TertiaryAttribute":null,"Payload":{"QuestionText":"<span style=\"font-size:19px;\">People sometimes think money and time should be considered interchangeable to each other.&nbsp;<\/span>\n\n<div>&nbsp;<\/div>\n\n<div><span style=\"font-size:19px;\">For instance, because Alan has a salary of $50\/hour, his 3 hours of community service can be considered equal to $150 in lost salary.<br>\n<br>\nLikewise, because Bob has a salary of $25\/hour, his 3 hours of community service can be considered equal to $75 in lost salary.<\/span><\/div>\n\n<div>&nbsp;<\/div>\n\n<div><span style=\"font-size: 19px;\">Taking this information into account, we would like to give you the opportunity to change your fairness rating from before. Your original rating was:<\/span><br>\n&nbsp;<\/div>\n\n<div><strong>${q:\/\/QID15\/ChoiceNumericEntryValue\/1}<\/strong>\n\n<div>&nbsp;<\/div>\n\n<div><span style=\"font-size: 19px;\">If you would like to update this response, select a new rating below. If you would like to keep the same response, please re-select the same value below.<br>\n<br>\nPlease indicate what you think the relative fairness of this arrangement is.<\/span><\/div>\n\n<div>&nbsp;<\/div>\n\n<div><span style=\"font-size:19px;\">Use the following scale:<br>\n-50 = extremely favorable to Alan\/extremely unfair to Bob<br>\n0 = equally fair to Alan and Bob<br>\n50 = extremely unfair to Alan\/extremely favorable to Bob<\/span><\/div>\n<\/div>","DefaultChoices":false,"DataExportTag":"time_3\/3_re-rate","QuestionType":"Slider","Selector":"HSLIDER","DataVisibility":{"Private":false},"Configuration":{"QuestionDescriptionOption":"UseText","CSSliderMin":-50,"CSSliderMax":50,"GridLines":10,"SnapToGrid":false,"NumDecimals":"0","ShowValue":true,"CustomStart":true,"SliderStartPositions":{"1":0.498834498834499984187829113579937256872653961181640625},"NotApplicable":false,"CenterLabels":true,"MobileFirst":true},"QuestionDescription":"People sometimes think money and time should be considered interchangeable to each other.\u00a0 \u00a0 For...","Choices":{"1":{"Display":"Relative fairness"}},"ChoiceOrder":[1],"Validation":{"Settings":{"ForceResponse":"ON","ForceResponseType":"ON","Type":"None"}},"GradingData":[],"Language":[],"Labels":{"1":{"Display":"Extremely favorable to Alan"},"2":{"Display":"Equally fair to both"},"8":{"Display":"Extremely favorable to Bob"}},"QuestionID":"QID38"}},{"SurveyID":"SV_7PTBA2TELfKDjAp","Element":"SQ","PrimaryAttribute":"QID40","SecondaryAttribute":"People sometimes think money and time should be considered interchangeable to each other.\u00a0 \u00a0 For..","TertiaryAttribute":null,"Payload":{"QuestionText":"<span style=\"font-size:19px;\">People sometimes think money and time should be considered interchangeable to each other.&nbsp;<\/span>\n\n<div>&nbsp;<\/div>\n\n<div><span style=\"font-size:19px;\"><b>For instance, because Alan has a salary of $50\/hour, his 3 hours of community service can be considered equal to $150 in lost salary.<br>\n<br>\nLikewise, because Bob has a salary of $25\/hour, his 4 hours of community service can be considered equal to $100 in lost salary.<\/b><\/span><\/div>\n\n<div>&nbsp;<\/div>\n\n<div><span style=\"font-size: 19px;\">Realizing this, would you still judge this situation the same way?&nbsp;<\/span><\/div><div>&nbsp;<\/div>\n\n<div><span style=\"font-size: 19px;\">Just to remind you:&nbsp;<\/span><\/div><div><span style=\"font-size: 19px;\">Alan receives a letter from the town requesting that he volunteer 3 hours as a consequence of his traffic ticket.&nbsp;<\/span><\/div><div><span style=\"box-sizing: border-box; font-family: &quot;Qualtrics Grotesque&quot;, &quot;Helvetica Neue&quot;, Helvetica, Arial, sans-serif; color: rgb(64, 64, 64); font-size: 19px;\">Bob receives a letter from the town requesting that he volunteer 4 hours as a consequence of his traffic ticket.&nbsp;<\/span><\/div><div><span style=\"font-size: 19px;\"><br><\/span>\n<br>\n<span style=\"font-size: 19px;\">Please indicate what you think the relative fairness of this arrangement is.<\/span><\/div>\n\n<div>\n<div>&nbsp;<\/div>\n\n<div><span style=\"font-size:19px;\">Use the following scale:<br>\n-50 = extremely favorable to Alan\/extremely unfair to Bob<br>\n0 = equally fair to Alan and Bob<br>\n50 = extremely unfair to Alan\/extremely favorable to Bob<\/span><\/div>\n<\/div>","DefaultChoices":false,"DataExportTag":"time_3\/4_re-rate","QuestionType":"Slider","Selector":"HSLIDER","DataVisibility":{"Private":false,"Hidden":false},"Configuration":{"QuestionDescriptionOption":"UseText","CSSliderMin":-50,"CSSliderMax":50,"GridLines":10,"SnapToGrid":false,"NumDecimals":"0","ShowValue":true,"CustomStart":true,"SliderStartPositions":{"1":0.498834498834499984187829113579937256872653961181640625},"NotApplicable":false,"CenterLabels":true,"MobileFirst":true},"QuestionDescription":"People sometimes think money and time should be considered interchangeable to each other.\u00a0 \u00a0 For...","Choices":{"1":{"Display":"Relative fairness"}},"ChoiceOrder":[1],"Validation":{"Settings":{"ForceResponse":"ON","ForceResponseType":"ON","Type":"None"}},"GradingData":[],"Language":[],"Labels":{"1":{"Display":"Extremely unfair to Bob"},"2":{"Display":"Equally fair to both"},"8":{"Display":"Extremely unfair to Alan"}},"QuestionID":"QID40"}},{"SurveyID":"SV_7PTBA2TELfKDjAp","Element":"SQ","PrimaryAttribute":"QID42","SecondaryAttribute":"People sometimes think money and time should be considered interchangeable to each other.\u00a0 \u00a0 For..","TertiaryAttribute":null,"Payload":{"QuestionText":"<span style=\"font-size:19px;\">People sometimes think money and time should be considered interchangeable to each other.&nbsp;<\/span>\n\n<div>&nbsp;<\/div>\n\n<div><span style=\"font-size:19px;\">For instance, because Alan has a salary of $50\/hour, his 3 hours of community service can be considered equal to $150 in lost salary.<br \/>\n<br \/>\nLikewise, because Bob has a salary of $25\/hour, his 6 hours of community service can be considered equal to $150 in lost salary.<\/span><\/div>\n\n<div>&nbsp;<\/div>\n\n<div><span style=\"font-size: 19px;\">Taking this information into account, we would like to give you the opportunity to change your fairness rating from before. Your original rating was:<\/span><br \/>\n&nbsp;<\/div>\n\n<div><strong>${q:\/\/QID19\/ChoiceNumericEntryValue\/1}\u200b<\/strong>\n\n<div>&nbsp;<\/div>\n\n<div><span style=\"font-size: 19px;\">If you would like to update this response, select a new rating below. If you would like to keep the same response, please re-select the same value below.<br \/>\n<br \/>\nPlease indicate what you think the relative fairness of this arrangement is.<\/span><\/div>\n\n<div>&nbsp;<\/div>\n\n<div><span style=\"font-size:19px;\">Use the following scale:<br \/>\n-50 = extremely favorable to Alan\/extremely unfair to Bob<br \/>\n0 = equally fair to Alan and Bob<br \/>\n50 = extremely unfair to Alan\/extremely favorable to Bob<\/span><\/div>\n<\/div>","DefaultChoices":false,"DataExportTag":"time_3\/6_re-rate","QuestionType":"Slider","Selector":"HSLIDER","DataVisibility":{"Private":false},"Configuration":{"QuestionDescriptionOption":"UseText","CSSliderMin":-50,"CSSliderMax":50,"GridLines":10,"SnapToGrid":false,"NumDecimals":"0","ShowValue":true,"CustomStart":true,"SliderStartPositions":{"1":0.498834498834499984187829113579937256872653961181640625},"NotApplicable":false,"CenterLabels":true,"MobileFirst":true},"QuestionDescription":"People sometimes think money and time should be considered interchangeable to each other.\u00a0 \u00a0 For...","Choices":{"1":{"Display":"Relative fairness"}},"ChoiceOrder":[1],"Validation":{"Settings":{"ForceResponse":"ON","ForceResponseType":"ON","Type":"None"}},"GradingData":[],"Language":[],"Labels":{"1":{"Display":"Extremely favorable to Alan"},"2":{"Display":"Equally fair to both"},"8":{"Display":"Extremely favorable to Bob"}},"QuestionID":"QID42"}},{"SurveyID":"SV_7PTBA2TELfKDjAp","Element":"SQ","PrimaryAttribute":"QID13","SecondaryAttribute":"Please indicate how much you consider yourself a Republican or a Democrat at the moment:\u00a0 \u00a0 Use t.","TertiaryAttribute":null,"Payload":{"QuestionText":"<span style=\"font-size:16px;\">Please indicate how much you consider yourself a Republican or a Democrat at the moment:&nbsp;<\/span>\n\n<div>&nbsp;<\/div>\n\n<div><span style=\"font-size:16px;\">Use the following scale:&nbsp;<\/span><\/div><div><span style=\"font-size:16px;\">1 = completely a Republican<\/span><\/div><div><span style=\"font-size:16px;\">4 = evenly split between the two parties<\/span><\/div><div><span style=\"font-size:16px;\">7 = completely a Democrat&nbsp;<\/span><\/div>","DefaultChoices":false,"DataExportTag":"politic","QuestionType":"Matrix","Selector":"Bipolar","Configuration":{"QuestionDescriptionOption":"UseText","TextPosition":"inline","ChoiceColumnWidth":25,"MobileFirst":true},"QuestionDescription":"Please indicate how much you consider yourself a Republican or a Democrat at the moment:\u00a0 \u00a0 Use t...","Choices":{"1":{"Display":"<span style=\"font-size\\:16px;\">Completely a Republican<\/span>:<span style=\"font-size\\:16px;\">Completely a Democrat<\/span>"}},"ChoiceOrder":[1],"Validation":{"Settings":{"ForceResponse":"ON","ForceResponseType":"ON","Type":"None"}},"GradingData":[],"Language":[],"ColumnLabels":[{"Display":"1","IsLabelDefault":false},{"Display":"2","IsLabelDefault":false},{"Display":"3","IsLabelDefault":false},{"Display":"4","IsLabelDefault":false},{"Display":"5","IsLabelDefault":false},{"Display":"6","IsLabelDefault":false},{"Display":"7","IsLabelDefault":false}],"Answers":{"1":{"Display":"1"},"2":{"Display":"2"},"3":{"Display":"3"},"4":{"Display":"4"},"5":{"Display":"5"},"6":{"Display":"6"},"7":{"Display":"7"}},"AnswerOrder":[1,2,3,4,5,6,7],"AnswerColumns":7,"ChoiceDataExportTags":false,"QuestionID":"QID13","DataVisibility":{"Private":false}}},{"SurveyID":"SV_7PTBA2TELfKDjAp","Element":"SQ","PrimaryAttribute":"QID59","SecondaryAttribute":"Please watch the brief introductory video below and proceed to the survey. \u00a0","TertiaryAttribute":null,"Payload":{"QuestionText":"<span style=\"color: rgb(64, 64, 64); font-family: &quot;Qualtrics Grotesque&quot;, &quot;Helvetica Neue&quot;, Helvetica, Arial, sans-serif; font-size: 15px;\">Please watch the brief introductory video below and proceed to the survey.<br \/>\n<br \/>\n<iframe allowfullscreen=\"true\" frameborder=\"0\" height=\"375\" scrolling=\"no\" src=\"https:\/\/www.youtube.com\/embed\/Jpq4h64qevg?&amp;rel=0&amp;modestbranding=1&amp;autoplay=1&amp;controls=0&amp;showinfo=0\" width=\"500\"><\/iframe><\/span><br \/>\n<br \/>\n&nbsp;","DefaultChoices":false,"DataExportTag":"Q34","QuestionType":"DB","Selector":"TB","DataVisibility":{"Private":false,"Hidden":false},"Configuration":{"QuestionDescriptionOption":"UseText"},"QuestionDescription":"Please watch the brief introductory video below and proceed to the survey. \u00a0","ChoiceOrder":[],"Validation":{"Settings":{"Type":"None"}},"GradingData":[],"Language":[],"QuestionID":"QID59"}},{"SurveyID":"SV_7PTBA2TELfKDjAp","Element":"SQ","PrimaryAttribute":"QID14","SecondaryAttribute":"The following is an experiment conducted by researchers at the University of California, Berkeley...","TertiaryAttribute":null,"Payload":{"QuestionText":"<p style=\"text-align: justify;\"><span style=\"font-size:16px;\"><span style=\"font-family:tahoma,geneva,sans-serif;\">The following is an experiment conducted by researchers at the University of California, Berkeley.&nbsp;<\/span><\/span><span style=\"font-family: tahoma, geneva, sans-serif; font-size: 16px;\">In this survey, we are interested in how people evaluate different scenarios. The scenario you will read has a moderate amount of text, and you will be required to stay on two separate pages with the scenario text for a minimum of 10 seconds each.<\/span><\/p>\n\n<p style=\"text-align: justify;\">&nbsp;<\/p>\n\n<p style=\"text-align: justify;\"><span style=\"font-size:16px;\"><span style=\"font-family:tahoma,geneva,sans-serif;\">Workers will receive <strong>$0.16&nbsp;<\/strong>as compensation for their time.<\/span><\/span><\/p><p style=\"text-align: justify;\"><span style=\"font-size:16px;\"><span style=\"font-family:tahoma,geneva,sans-serif;\"><br><\/span><\/span><\/p><p style=\"text-align: justify;\"><span style=\"font-size:16px;\"><span style=\"font-family:tahoma,geneva,sans-serif;\">If you consent to participate in this survey, click the \"&gt;&gt;\" button below to begin.&nbsp;<\/span><\/span><\/p><p style=\"text-align: justify;\"><span style=\"font-size:16px;\"><span style=\"font-family:tahoma,geneva,sans-serif;\"><br><\/span><\/span><\/p><p style=\"text-align: justify;\"><span style=\"font-size:16px;\"><span style=\"font-family:tahoma,geneva,sans-serif;\">If you do not consent to participate in this study, you may close this window and return the HIT.<\/span><\/span><\/p>","DefaultChoices":false,"DataExportTag":"intro","QuestionType":"DB","Selector":"TB","DataVisibility":{"Private":false},"Configuration":{"QuestionDescriptionOption":"UseText"},"QuestionDescription":"The following is an experiment conducted by researchers at the University of California, Berkeley...","ChoiceOrder":[],"Validation":{"Settings":{"Type":"None"}},"GradingData":[],"Language":[],"QuestionID":"QID14"}},{"SurveyID":"SV_7PTBA2TELfKDjAp","Element":"SQ","PrimaryAttribute":"QID5","SecondaryAttribute":"Timing","TertiaryAttribute":null,"Payload":{"QuestionText":"Timing","DefaultChoices":false,"DataExportTag":"Q5","QuestionType":"Timing","Selector":"PageTimer","Configuration":{"QuestionDescriptionOption":"UseText","MinSeconds":10,"MaxSeconds":"0"},"QuestionDescription":"Timing","Choices":{"1":{"Display":"First Click"},"2":{"Display":"Last Click"},"3":{"Display":"Page Submit"},"4":{"Display":"Click Count"}},"GradingData":[],"Language":[],"QuestionID":"QID5"}},{"SurveyID":"SV_7PTBA2TELfKDjAp","Element":"SQ","PrimaryAttribute":"QID6","SecondaryAttribute":"Timing","TertiaryAttribute":null,"Payload":{"QuestionText":"Timing","DefaultChoices":false,"DataExportTag":"Q6","QuestionType":"Timing","Selector":"PageTimer","Configuration":{"QuestionDescriptionOption":"UseText","MinSeconds":10,"MaxSeconds":"0"},"QuestionDescription":"Timing","Choices":{"1":{"Display":"First Click"},"2":{"Display":"Last Click"},"3":{"Display":"Page Submit"},"4":{"Display":"Click Count"}},"GradingData":[],"Language":[],"QuestionID":"QID6"}},{"SurveyID":"SV_7PTBA2TELfKDjAp","Element":"SQ","PrimaryAttribute":"QID7","SecondaryAttribute":"Timing","TertiaryAttribute":null,"Payload":{"QuestionText":"Timing","DefaultChoices":false,"DataExportTag":"Q7","QuestionType":"Timing","Selector":"PageTimer","Configuration":{"QuestionDescriptionOption":"UseText","MinSeconds":10,"MaxSeconds":"0"},"QuestionDescription":"Timing","Choices":{"1":{"Display":"First Click"},"2":{"Display":"Last Click"},"3":{"Display":"Page Submit"},"4":{"Display":"Click Count"}},"GradingData":[],"Language":[],"QuestionID":"QID7"}},{"SurveyID":"SV_7PTBA2TELfKDjAp","Element":"SQ","PrimaryAttribute":"QID8","SecondaryAttribute":"Timing","TertiaryAttribute":null,"Payload":{"QuestionText":"Timing","DefaultChoices":false,"DataExportTag":"Q8","QuestionType":"Timing","Selector":"PageTimer","Configuration":{"QuestionDescriptionOption":"UseText","MinSeconds":10,"MaxSeconds":"0"},"QuestionDescription":"Timing","Choices":{"1":{"Display":"First Click"},"2":{"Display":"Last Click"},"3":{"Display":"Page Submit"},"4":{"Display":"Click Count"}},"GradingData":[],"Language":[],"QuestionID":"QID8"}},{"SurveyID":"SV_7PTBA2TELfKDjAp","Element":"SQ","PrimaryAttribute":"QID16","SecondaryAttribute":"Timing","TertiaryAttribute":null,"Payload":{"QuestionText":"Timing","DefaultChoices":false,"QuestionType":"Timing","Selector":"PageTimer","Configuration":{"QuestionDescriptionOption":"UseText","MinSeconds":10,"MaxSeconds":"0"},"QuestionDescription":"Timing","Choices":{"1":{"Display":"First Click"},"2":{"Display":"Last Click"},"3":{"Display":"Page Submit"},"4":{"Display":"Click Count"}},"GradingData":[],"Language":[],"QuestionText_Unsafe":"Timing","DataExportTag":"Q16","QuestionID":"QID16"}},{"SurveyID":"SV_7PTBA2TELfKDjAp","Element":"SQ","PrimaryAttribute":"QID18","SecondaryAttribute":"Timing","TertiaryAttribute":null,"Payload":{"QuestionText":"Timing","DefaultChoices":false,"QuestionType":"Timing","Selector":"PageTimer","Configuration":{"QuestionDescriptionOption":"UseText","MinSeconds":10,"MaxSeconds":"0"},"QuestionDescription":"Timing","Choices":{"1":{"Display":"First Click"},"2":{"Display":"Last Click"},"3":{"Display":"Page Submit"},"4":{"Display":"Click Count"}},"GradingData":[],"Language":[],"QuestionText_Unsafe":"Timing","DataExportTag":"Q18","QuestionID":"QID18"}},{"SurveyID":"SV_7PTBA2TELfKDjAp","Element":"SQ","PrimaryAttribute":"QID33","SecondaryAttribute":"Timing","TertiaryAttribute":null,"Payload":{"QuestionText":"Timing","DefaultChoices":false,"DataExportTag":"Q32","QuestionType":"Timing","Selector":"PageTimer","Configuration":{"QuestionDescriptionOption":"UseText","MinSeconds":10,"MaxSeconds":"0"},"QuestionDescription":"Timing","Choices":{"1":{"Display":"First Click"},"2":{"Display":"Last Click"},"3":{"Display":"Page Submit"},"4":{"Display":"Click Count"}},"GradingData":[],"Language":[],"QuestionID":"QID33"}},{"SurveyID":"SV_7PTBA2TELfKDjAp","Element":"SQ","PrimaryAttribute":"QID34","SecondaryAttribute":"Timing","TertiaryAttribute":null,"Payload":{"QuestionText":"Timing","DefaultChoices":false,"DataExportTag":"Q33","QuestionType":"Timing","Selector":"PageTimer","DataVisibility":{"Private":false},"Configuration":{"QuestionDescriptionOption":"UseText","MinSeconds":10,"MaxSeconds":"0"},"QuestionDescription":"Timing","Choices":{"1":{"Display":"First Click"},"2":{"Display":"Last Click"},"3":{"Display":"Page Submit"},"4":{"Display":"Click Count"}},"GradingData":[],"Language":[],"QuestionID":"QID34"}},{"SurveyID":"SV_7PTBA2TELfKDjAp","Element":"SQ","PrimaryAttribute":"QID37","SecondaryAttribute":"Timing","TertiaryAttribute":null,"Payload":{"QuestionText":"Timing","DefaultChoices":false,"DataExportTag":"Q36","QuestionType":"Timing","Selector":"PageTimer","Configuration":{"QuestionDescriptionOption":"UseText","MinSeconds":10,"MaxSeconds":"0"},"QuestionDescription":"Timing","Choices":{"1":{"Display":"First Click"},"2":{"Display":"Last Click"},"3":{"Display":"Page Submit"},"4":{"Display":"Click Count"}},"GradingData":[],"Language":[],"QuestionID":"QID37"}},{"SurveyID":"SV_7PTBA2TELfKDjAp","Element":"SQ","PrimaryAttribute":"QID39","SecondaryAttribute":"Timing","TertiaryAttribute":null,"Payload":{"QuestionText":"Timing","DefaultChoices":false,"DataExportTag":"Q38","QuestionType":"Timing","Selector":"PageTimer","Configuration":{"QuestionDescriptionOption":"UseText","MinSeconds":10,"MaxSeconds":"0"},"QuestionDescription":"Timing","Choices":{"1":{"Display":"First Click"},"2":{"Display":"Last Click"},"3":{"Display":"Page Submit"},"4":{"Display":"Click Count"}},"GradingData":[],"Language":[],"QuestionID":"QID39"}},{"SurveyID":"SV_7PTBA2TELfKDjAp","Element":"SQ","PrimaryAttribute":"QID41","SecondaryAttribute":"Timing","TertiaryAttribute":null,"Payload":{"QuestionText":"Timing","DefaultChoices":false,"DataExportTag":"Q40","QuestionType":"Timing","Selector":"PageTimer","Configuration":{"QuestionDescriptionOption":"UseText","MinSeconds":10,"MaxSeconds":"0"},"QuestionDescription":"Timing","Choices":{"1":{"Display":"First Click"},"2":{"Display":"Last Click"},"3":{"Display":"Page Submit"},"4":{"Display":"Click Count"}},"GradingData":[],"Language":[],"QuestionID":"QID41"}},{"SurveyID":"SV_7PTBA2TELfKDjAp","Element":"SQ","PrimaryAttribute":"QID43","SecondaryAttribute":"Timing","TertiaryAttribute":null,"Payload":{"QuestionText":"Timing","DefaultChoices":false,"DataExportTag":"Q42","QuestionType":"Timing","Selector":"PageTimer","Configuration":{"QuestionDescriptionOption":"UseText","MinSeconds":10,"MaxSeconds":"0"},"QuestionDescription":"Timing","Choices":{"1":{"Display":"First Click"},"2":{"Display":"Last Click"},"3":{"Display":"Page Submit"},"4":{"Display":"Click Count"}},"GradingData":[],"Language":[],"QuestionID":"QID43"}},{"SurveyID":"SV_7PTBA2TELfKDjAp","Element":"SQ","PrimaryAttribute":"QID60","SecondaryAttribute":"Timing","TertiaryAttribute":null,"Payload":{"QuestionText":"Timing","DefaultChoices":false,"DataExportTag":"Q36","QuestionType":"Timing","Selector":"PageTimer","DataVisibility":{"Private":false,"Hidden":false},"Configuration":{"QuestionDescriptionOption":"UseText","MinSeconds":15,"MaxSeconds":"0"},"QuestionDescription":"Timing","Choices":{"1":{"Display":"First Click"},"2":{"Display":"Last Click"},"3":{"Display":"Page Submit"},"4":{"Display":"Click Count"}},"GradingData":[],"Language":[],"QuestionID":"QID60"}},{"SurveyID":"SV_7PTBA2TELfKDjAp","Element":"SQ","PrimaryAttribute":"QID58","SecondaryAttribute":"We invite you to take part in this study, which is part of a larger program of research being car...","TertiaryAttribute":null,"Payload":{"QuestionText":"<style type=\"text\/css\">p.p1 {margin: 0.0px 0.0px 0.0px 0.0px; font: 11.5px Helvetica}\n<\/style>\n<p class=\"p1\"><span style=\"font-size:16px;\"><span style=\"font-family:arial,helvetica,sans-serif;\">We invite you to take part in this study, which is part of a larger program of research being carried out under the supervision of Professor Leif Nelson, who is a faculty member in the Haas School of Business at UC Berkeley.<br>\n<br>\nAs a participant in this research, you will be asked to complete the attached online survey, which contains a short questionnaire.<br>\n<br>\nYou will complete this survey at home, on your own computer<\/span><\/span><\/p>\n\n<p class=\"p1\"><br>\n<span style=\"font-size:16px;\"><span style=\"font-family:arial,helvetica,sans-serif;\">Although this research has no direct benefits for you, the findings from it may benefit scientific knowledge.<\/span><\/span><\/p>\n\n<p class=\"p1\"><br>\n<span style=\"font-size:16px;\"><span style=\"font-family:arial,helvetica,sans-serif;\">This study presents minimal risk to you. In the event of an unanticipated breach of confidentiality, you would be exposed to a loss of privacy; however, we are taking measures to minimize such a risk. Your responses will be kept as confidential as possible and all data will be stored on password protected computers and on encrypted hard drives.<br>\n<br>\nYour responses will be retained indefinitely. Your name and other identifying information will not be used in any publications of this research.<br>\n<br>\nIf you have any questions about your rights or treatment as a participant in this research project, please contact the University of California at Berkeley's Committee for the Protection of Human Subjects at 510-642-7461 or email subjects@berkeley.edu.<\/span><\/span><\/p>\n\n<p class=\"p1\"><br>\n<span style=\"font-size:16px;\"><span style=\"font-family:arial,helvetica,sans-serif;\">If you agree to participate in this study, select yes below to enter the survey.<\/span><\/span><\/p><p class=\"p1\"><span style=\"font-size:16px;\"><span style=\"font-family:arial,helvetica,sans-serif;\"><br><\/span><\/span><\/p><p class=\"p1\"><span style=\"font-size:16px;\"><span style=\"font-family:arial,helvetica,sans-serif;\">Do you consent to participate in this study?<\/span><\/span><\/p>","DefaultChoices":false,"DataExportTag":"consent","QuestionType":"MC","Selector":"SAVR","SubSelector":"TX","DataVisibility":{"Private":false,"Hidden":false},"Configuration":{"QuestionDescriptionOption":"UseText"},"QuestionDescription":"We invite you to take part in this study, which is part of a larger program of research being car...","Choices":{"1":{"Display":"Yes"},"2":{"Display":"No"}},"ChoiceOrder":["1","2"],"Validation":{"Settings":{"ForceResponse":"ON","ForceResponseType":"ON","Type":"None"}},"GradingData":[],"Language":[],"QuestionID":"QID58"}}]}