{"SurveyEntry":{"SurveyID":"SV_6M8uvqxpxui2i2x","SurveyName":"A_Better_Than_B_-_Luth_Pilot","SurveyDescription":"preferences_6","SurveyOwnerID":"UR_8kyzZFxv58Wxy8l","SurveyBrandID":"georgetown","DivisionID":null,"SurveyLanguage":"EN","SurveyActiveResponseSet":"RS_4MlalHkOfhRckkZ","SurveyStatus":"Inactive","SurveyStartDate":"0000-00-00 00:00:00","SurveyExpirationDate":"0000-00-00 00:00:00","SurveyCreationDate":"2020-12-30 11:28:13","CreatorID":"UR_8kyzZFxv58Wxy8l","LastModified":"2020-12-30 11:30:21","LastAccessed":"0000-00-00 00:00:00","LastActivated":"0000-00-00 00:00:00","Deleted":null},"SurveyElements":[{"SurveyID":"SV_6M8uvqxpxui2i2x","Element":"BL","PrimaryAttribute":"Survey Blocks","SecondaryAttribute":null,"TertiaryAttribute":null,"Payload":{"1":{"Type":"Trash","Description":"Trash \/ Unused Questions","ID":"BL_7aFtGT5bbHj2wGU","BlockElements":[]},"7":{"Type":"Standard","Description":"demos","ID":"BL_bDCSy7YC5vE3ZBO","BlockElements":[{"Type":"Question","QuestionID":"QID32"},{"Type":"Question","QuestionID":"QID195"},{"Type":"Question","QuestionID":"QID33"},{"Type":"Question","QuestionID":"QID34"},{"Type":"Question","QuestionID":"QID74"}],"Options":{"BlockLocking":"false","RandomizeQuestions":"false","BlockVisibility":"Collapsed"}},"12":{"Type":"Standard","Description":"intro","ID":"BL_eWCywxUwttGVuJL","BlockElements":[{"Type":"Question","QuestionID":"QID162"}],"Options":{"BlockLocking":"false","RandomizeQuestions":"false","BlockVisibility":"Collapsed"}},"13":{"Type":"Standard","SubType":"","Description":"better","ID":"BL_9MG4TdVyi63ICKV","BlockElements":[{"Type":"Question","QuestionID":"QID164"},{"Type":"Question","QuestionID":"QID165"},{"Type":"Question","QuestionID":"QID186"},{"Type":"Question","QuestionID":"QID187"},{"Type":"Question","QuestionID":"QID203"},{"Type":"Question","QuestionID":"QID202"},{"Type":"Question","QuestionID":"QID201"}],"Options":{"BlockLocking":"false","RandomizeQuestions":"false","BlockVisibility":"Collapsed"}},"17":{"Type":"Standard","SubType":"","Description":"worse","ID":"BL_3QSCPASDgCCd3wh","BlockElements":[{"Type":"Question","QuestionID":"QID196"},{"Type":"Question","QuestionID":"QID197"},{"Type":"Question","QuestionID":"QID198"},{"Type":"Question","QuestionID":"QID199"},{"Type":"Question","QuestionID":"QID208"},{"Type":"Question","QuestionID":"QID209"},{"Type":"Question","QuestionID":"QID210"}],"Options":{"BlockLocking":"false","RandomizeQuestions":"false","BlockVisibility":"Collapsed"}}}},{"SurveyID":"SV_6M8uvqxpxui2i2x","Element":"BR","PrimaryAttribute":"FL_8","SecondaryAttribute":null,"TertiaryAttribute":null,"Payload":{"FL_4":0,"FL_22":0,"FL_18":0,"FL_21":0,"FL_25":0,"FL_27":0,"FL_26":0,"FL_28":0,"ID":"FL_8"}},{"SurveyID":"SV_6M8uvqxpxui2i2x","Element":"FL","PrimaryAttribute":"Survey Flow","SecondaryAttribute":null,"TertiaryAttribute":null,"Payload":{"Type":"Root","FlowID":"FL_1","Flow":[{"Type":"Standard","ID":"BL_eWCywxUwttGVuJL","FlowID":"FL_14"},{"Type":"BlockRandomizer","FlowID":"FL_8","SubSet":1,"EvenPresentation":false,"Flow":[{"Type":"Standard","ID":"BL_9MG4TdVyi63ICKV","FlowID":"FL_32"},{"Type":"Standard","ID":"BL_3QSCPASDgCCd3wh","FlowID":"FL_37"}]},{"Type":"Standard","ID":"BL_bDCSy7YC5vE3ZBO","FlowID":"FL_9"},{"Type":"EndSurvey","FlowID":"FL_31","EndingType":"Advanced","Options":{"Advanced":"true","SurveyTermination":"Redirect","EOSMessageLibrary":"URH_8nQe5axlJAlJEFu","EOSMessage":"MS_dnGsikIV9O8fQDX","EOSRedirectURL":"https:\/\/berkeley.qualtrics.com\/jfe\/form\/SV_9mXPbmEHEjkyMnz"}}],"Properties":{"Count":38,"RemovedFieldsets":[]}}},{"SurveyID":"SV_6M8uvqxpxui2i2x","Element":"SO","PrimaryAttribute":"Survey Options","SecondaryAttribute":null,"TertiaryAttribute":null,"Payload":{"BackButton":"false","SaveAndContinue":"true","SurveyProtection":"PublicSurvey","BallotBoxStuffingPrevention":"true","OneCompletePerIP":"false","SurveyExpiration":null,"SurveyTermination":"Redirect","Header":"","Footer":"","ProgressBarDisplay":"None","PartialData":"+1 week","ValidationMessage":null,"PreviousButton":"  <<  ","NextButton":"  >>  ","SkinLibrary":"georgetown","SkinType":"MQ","Skin":"georgetownlibrary_skin1","ExternalCSS":null,"CustomStyles":{"errorStyles":{"selector":".Skin .ValidationError","styles":{"color":null,"backgroundColor":null,"borderColor":null}},"errorStylesBG":{"selector":".Skin .HeaderValidationError, .Skin .HeaderValidationError li a","styles":{"color":null,"backgroundColor":null}},"pageStyles":{"selector":"#SurveyEngineBody","styles":{"backgroundColor":null}},"textStyles":{"selector":".SkinInner","styles":{"fontFamily":"arial, helvetica, sans-serif","fontSize":"100%","fontWeight":null,"fontStyle":null,"textDecoration":null,"color":null}},"questionStyles":{"selector":".Skin .QuestionText","styles":{"fontFamily":"arial, helvetica, sans-serif","fontSize":"12pt","fontWeight":"normal","fontStyle":"normal","textDecoration":"none","color":null}},"choiceStyles":{"selector":".Skin .horizontalbar th.ylabel, .Skin .Matrix table td, .Skin .Matrix table th, .Skin .Matrix table thead th, .Skin .Matrix table thead td, .Skin .PGR .DragAndDrop .Items label, .Skin .QuestionBody ul.ChoiceStructure, .Skin .PGR .DragAndDrop .Group ul, .Skin .PGR .DragAndDrop .Group h2, .Skin .PGR .DragAndDrop .Items ul, .Skin .PGR .DragAndDrop .Items h2, .Skin .DD .QuestionBody table.ChoiceStructure, .Skin .PGR .DragAndDrop .NoColumns td.groupsContainerTd div ul, .Skin .PGR .DragAndDrop .NoColumns td.groupsContainerTd div h2, .Skin .SBS thead th, .Skin .SBS td, .Skin .SBS .Answers td, .Skin .SBS .Answers th, .SBS table.ChoiceStructure, .Skin .horizontalbar thead table.LabelDescriptions tr td, .Skin .horizontalbar thead tr td.NotApplicable, .QuestionBody th, .Skin .QuestionBody .MC .MAVR label, .Skin .QuestionBody .MC .SAVR label, .Skin .SBS thead th, .Skin .SBS td, .Skin .RO .DND ul li, .Skin .reg, .SkinInner .ChoiceStructure, .Skin thead, .Skin .GAP .ChoiceStructure thead th, .Skin .GAP .ChoiceStructure .c4, .Skin .GAP .ChoiceStructure th, .Skin .GAP .ChoiceStructure .WhyText, .SkinInner .ChoiceStructure .LightBG, .Skin .QuestionOuter.Highlight .Inner .reg, .Skin .QuestionOuter.Highlight .Inner .alt, .Skin .QuestionOuter.Highlight .Inner .ReadableAlt       ","styles":{"fontFamily":"arial, helvetica, sans-serif","fontSize":"12pt","fontWeight":"normal","fontStyle":"normal","textDecoration":"none","color":null}},"headerStyles":{"selector":".Skin div#Header","styles":{"color":null}},"footerStyles":{"selector":".Skin #Footer","styles":{"color":null}},"questionSeparatorStyles":{"selector":".Skin .Separator","styles":{"backgroundColor":null,"display":"block"}},"highlightStyles":{"selector":".Skin .QuestionOuter.Highlight .Inner, .Skin .QuestionOuter.Highlight .Inner .reg, .Skin .QuestionOuter.Highlight .Inner .alt, .Skin .QuestionOuter.Highlight .Inner .ReadableAlt","styles":{"backgroundColor":null}},"highlightStylesAlt":{"selector":".Skin .QuestionOuter.Highlight .Inner .ReadableAlt, .Skin .QuestionOuter.Highlight .Inner .LightBG","styles":{"backgroundColor":null}},"textEntryStyles":{"selector":".Skin select, .Skin .InputText","styles":{"color":null}},"borderStyles":{"selector":".Skin .CS .horizontalbar table.sliderGrid tr.xlabel th, .Skin .CS .horizontalbar .ylabel, .Skin .CS .horizontalbar table.sliderGrid tr td.value, .Skin .Slider .horizontalbar table.sliderGrid tr.xlabel th, .Skin .BorderColor, .Skin .DarkBorderColor, .Skin .Slider .horizontalbar table.sliderGrid tr td.value, .Skin thead, .Skin .GAP .ChoiceStructure thead th  ","styles":{"borderColor":null}},"altRowStyles":{"selector":".Skin .ReadableAlt, .Skin .LightBG","styles":{"backgroundColor":null}},"customCSS":null},"libraryId":"","nextButtonMid":"","previousButtonMid":"","headerMid":"","footerMid":"","QuestionsPerPage":"","HighlightQuestions":"off","ValidationMessageLibrary":null,"EOSMessage":"MS_1AdQSOhDVkNdg2M","ShowExportTags":"false","SurveyTitle":"Survey | Qualtrics Survey Software","SurveyMetaDescription":"Survey Software, Enterprise Survey software for enterprise feedback management and CRM solutions.  Enables high-quality data collection, panel management and results analysis. Perfect for market research or CRM solution (Customer Relationship Management) integration.  Free trial and consultation.","PasswordProtection":"No","AnonymizeResponse":"No","Password":"","RefererCheck":"No","NoIndex":"No","RefererURL":"http:\/\/","EOSMessageLibrary":"URH_8nQe5axlJAlJEFu","EOSRedirectURL":"https:\/\/pt.surveysavvy.com\/survey\/finish\/819\/5","EmailThankYou":"false","ThankYouEmailMessageLibrary":null,"ThankYouEmailMessage":null,"ValidateMessage":"false","InactiveSurvey":"DefaultMessage","InactiveMessageLibrary":"","InactiveMessage":"","AvailableLanguages":{"EN":[]},"SkinQuestionWidth":700,"SurveyCreationDate":"2012-11-12 15:28:50","NewScoring":1,"ProtectSelectionIds":true,"PageTransition":"Slide","CollectGeoLocation":"false","SecureResponseFiles":"false","ActiveResponseSet":null,"PartialDataCloseAfter":"LastActivity"}},{"SurveyID":"SV_6M8uvqxpxui2i2x","Element":"SCO","PrimaryAttribute":"Scoring","SecondaryAttribute":null,"TertiaryAttribute":null,"Payload":{"ScoringCategories":[],"ScoringCategoryGroups":[],"ScoringSummaryCategory":null,"ScoringSummaryAfterQuestions":false,"ScoringSummaryAfterSurvey":false,"NextCategoryId":1,"NextGroupId":1,"DefaultScoringCategory":null,"ID":"Scoring"}},{"SurveyID":"SV_6M8uvqxpxui2i2x","Element":"PROJ","PrimaryAttribute":"CORE","SecondaryAttribute":null,"TertiaryAttribute":"1.1.0","Payload":{"ProjectCategory":"CORE","SchemaVersion":"1.1.0"}},{"SurveyID":"SV_6M8uvqxpxui2i2x","Element":"STAT","PrimaryAttribute":"Survey Statistics","SecondaryAttribute":null,"TertiaryAttribute":null,"Payload":{"MobileCompatible":false,"ID":"Survey Statistics"}},{"SurveyID":"SV_6M8uvqxpxui2i2x","Element":"QC","PrimaryAttribute":"Survey Question Count","SecondaryAttribute":"210","TertiaryAttribute":null,"Payload":null},{"SurveyID":"SV_6M8uvqxpxui2i2x","Element":"SQ","PrimaryAttribute":"QID186","SecondaryAttribute":"Based on this, how qualified do you think Team A is?","TertiaryAttribute":null,"Payload":{"QuestionText":"<span style=\"color:#000000;\"><span style=\"font-size:16px;\"><span style=\"font-family:arial,helvetica,sans-serif;\">Based on this, how qualified do you think <b>Team A<\/b> is?<\/span><\/span><\/span>","DataExportTag":"better_A","QuestionType":"MC","Selector":"SAHR","SubSelector":"TX","Configuration":{"QuestionDescriptionOption":"UseText","LabelPosition":"BELOW"},"QuestionDescription":"Based on this, how qualified do you think Team A is?","Choices":{"1":{"Display":"<div style=\"text-align: center;\">Extremely unqualified<br \/>\n(-5)<\/div>"},"2":{"Display":"(-4)"},"3":{"Display":"(-3)"},"4":{"Display":"(-2)"},"5":{"Display":"(-1)"},"6":{"Display":"<div style=\"text-align: center;\">Middle of the pack<br \/>\n(0)<\/div>\n"},"7":{"Display":"(1)"},"8":{"Display":"(2)"},"9":{"Display":"(3)"},"10":{"Display":"(4)"},"11":{"Display":"Extremely qualified (5)"}},"ChoiceOrder":["1","2","3","4","5","6","7","8","9","10","11"],"Validation":{"Settings":{"ForceResponse":"ON","ForceResponseType":"ON","Type":"None"}},"Language":[],"QuestionID":"QID186","DataVisibility":{"Private":false,"Hidden":false},"NextChoiceId":12,"NextAnswerId":1}},{"SurveyID":"SV_6M8uvqxpxui2i2x","Element":"SQ","PrimaryAttribute":"QID198","SecondaryAttribute":"Based on this, how qualified do you think Team A is?","TertiaryAttribute":null,"Payload":{"QuestionText":"<span style=\"color:#000000;\"><span style=\"font-size:16px;\"><span style=\"font-family:arial,helvetica,sans-serif;\">Based on this, how qualified do you think <b>Team A<\/b> is?<\/span><\/span><\/span>","DataExportTag":"worse_A","QuestionType":"MC","Selector":"SAHR","SubSelector":"TX","Configuration":{"QuestionDescriptionOption":"UseText","LabelPosition":"BELOW"},"QuestionDescription":"Based on this, how qualified do you think Team A is?","Choices":{"1":{"Display":"<div style=\"text-align: center;\">Extremely unqualified<br \/>\n(-5)<\/div>"},"2":{"Display":"(-4)"},"3":{"Display":"(-3)"},"4":{"Display":"(-2)"},"5":{"Display":"(-1)"},"6":{"Display":"<div style=\"text-align: center;\">Middle of the pack<br \/>\n(0)<\/div>\n"},"7":{"Display":"(1)"},"8":{"Display":"(2)"},"9":{"Display":"(3)"},"10":{"Display":"(4)"},"11":{"Display":"Extremely qualified (5)"}},"ChoiceOrder":["1","2","3","4","5","6","7","8","9","10","11"],"Validation":{"Settings":{"ForceResponse":"ON","ForceResponseType":"ON","Type":"None"}},"Language":[],"QuestionID":"QID198","DataVisibility":{"Private":false,"Hidden":false},"NextChoiceId":12,"NextAnswerId":1}},{"SurveyID":"SV_6M8uvqxpxui2i2x","Element":"SQ","PrimaryAttribute":"QID187","SecondaryAttribute":"Based on this, how qualified do you think Team B is?","TertiaryAttribute":null,"Payload":{"QuestionText":"<span style=\"color:#000000;\"><span style=\"font-size:16px;\"><span style=\"font-family:arial,helvetica,sans-serif;\">Based on this, how qualified do you think <b>Team B<\/b> is?<\/span><\/span><\/span>","DataExportTag":"better_B","QuestionType":"MC","Selector":"SAHR","SubSelector":"TX","Configuration":{"QuestionDescriptionOption":"UseText","LabelPosition":"BELOW"},"QuestionDescription":"Based on this, how qualified do you think Team B is?","Choices":{"1":{"Display":"<div style=\"text-align: center;\">Extremely unqualified<br \/>\n(-5)<\/div>"},"2":{"Display":"(-4)"},"3":{"Display":"(-3)"},"4":{"Display":"(-2)"},"5":{"Display":"(-1)"},"6":{"Display":"<div style=\"text-align: center;\">Middle of the pack<br \/>\n(0)<\/div>\n"},"7":{"Display":"(1)"},"8":{"Display":"(2)"},"9":{"Display":"(3)"},"10":{"Display":"(4)"},"11":{"Display":"Extremely qualified (5)"}},"ChoiceOrder":["1","2","3","4","5","6","7","8","9","10","11"],"Validation":{"Settings":{"ForceResponse":"ON","ForceResponseType":"ON","Type":"None"}},"Language":[],"QuestionID":"QID187","DataVisibility":{"Private":false,"Hidden":false},"NextChoiceId":12,"NextAnswerId":1}},{"SurveyID":"SV_6M8uvqxpxui2i2x","Element":"SQ","PrimaryAttribute":"QID199","SecondaryAttribute":"Based on this, how qualified do you think Team B is?","TertiaryAttribute":null,"Payload":{"QuestionText":"<span style=\"font-size:16px;\"><span style=\"font-family:arial,helvetica,sans-serif;\"><span style=\"color:#000000;\">Based on this, how qualified do you think <b>Team B<\/b> is?<\/span><\/span><\/span>","DataExportTag":"worse_B","QuestionType":"MC","Selector":"SAHR","SubSelector":"TX","Configuration":{"QuestionDescriptionOption":"UseText","LabelPosition":"BELOW"},"QuestionDescription":"Based on this, how qualified do you think Team B is?","Choices":{"1":{"Display":"<div style=\"text-align: center;\">Extremely unqualified<br \/>\n(-5)<\/div>"},"2":{"Display":"(-4)"},"3":{"Display":"(-3)"},"4":{"Display":"(-2)"},"5":{"Display":"(-1)"},"6":{"Display":"<div style=\"text-align: center;\">Middle of the pack<br \/>\n(0)<\/div>\n"},"7":{"Display":"(1)"},"8":{"Display":"(2)"},"9":{"Display":"(3)"},"10":{"Display":"(4)"},"11":{"Display":"Extremely qualified (5)"}},"ChoiceOrder":["1","2","3","4","5","6","7","8","9","10","11"],"Validation":{"Settings":{"ForceResponse":"ON","ForceResponseType":"ON","Type":"None"}},"Language":[],"QuestionID":"QID199","DataVisibility":{"Private":false,"Hidden":false},"NextChoiceId":12,"NextAnswerId":1}},{"SurveyID":"SV_6M8uvqxpxui2i2x","Element":"SQ","PrimaryAttribute":"QID202","SecondaryAttribute":"Based on this, how qualified do you think the best team at the company is?","TertiaryAttribute":null,"Payload":{"QuestionText":"<span style=\"color:#000000;\"><span style=\"font-size:16px;\"><span style=\"font-family:arial,helvetica,sans-serif;\">Based on this, how qualified do you think the <b>best<\/b> team at the company is?<\/span><\/span><\/span>","DataExportTag":"better_best","QuestionType":"MC","Selector":"SAHR","SubSelector":"TX","Configuration":{"QuestionDescriptionOption":"UseText","LabelPosition":"BELOW"},"QuestionDescription":"Based on this, how qualified do you think the best team at the company is?","Choices":{"1":{"Display":"<div style=\"text-align: center;\">Extremely unqualified<br \/>\n(-5)<\/div>"},"2":{"Display":"(-4)"},"3":{"Display":"(-3)"},"4":{"Display":"(-2)"},"5":{"Display":"(-1)"},"6":{"Display":"<div style=\"text-align: center;\">Middle of the pack<br \/>\n(0)<\/div>\n"},"7":{"Display":"(1)"},"8":{"Display":"(2)"},"9":{"Display":"(3)"},"10":{"Display":"(4)"},"11":{"Display":"Extremely qualified (5)"}},"ChoiceOrder":["1","2","3","4","5","6","7","8","9","10","11"],"Validation":{"Settings":{"ForceResponse":"ON","ForceResponseType":"ON","Type":"None"}},"Language":[],"QuestionID":"QID202","DataVisibility":{"Private":false,"Hidden":false},"NextChoiceId":12,"NextAnswerId":1}},{"SurveyID":"SV_6M8uvqxpxui2i2x","Element":"SQ","PrimaryAttribute":"QID209","SecondaryAttribute":"Based on this, how qualified do you think the best team at the company is?","TertiaryAttribute":null,"Payload":{"QuestionText":"<span style=\"color:#000000;\"><span style=\"font-size:16px;\"><span style=\"font-family:arial,helvetica,sans-serif;\">Based on this, how qualified do you think the <b>best<\/b> team at the company is?<\/span><\/span><\/span>","DataExportTag":"worse_best","QuestionType":"MC","Selector":"SAHR","SubSelector":"TX","Configuration":{"QuestionDescriptionOption":"UseText","LabelPosition":"BELOW"},"QuestionDescription":"Based on this, how qualified do you think the best team at the company is?","Choices":{"1":{"Display":"<div style=\"text-align: center;\">Extremely unqualified<br \/>\n(-5)<\/div>"},"2":{"Display":"(-4)"},"3":{"Display":"(-3)"},"4":{"Display":"(-2)"},"5":{"Display":"(-1)"},"6":{"Display":"<div style=\"text-align: center;\">Middle of the pack<br \/>\n(0)<\/div>\n"},"7":{"Display":"(1)"},"8":{"Display":"(2)"},"9":{"Display":"(3)"},"10":{"Display":"(4)"},"11":{"Display":"Extremely qualified (5)"}},"ChoiceOrder":["1","2","3","4","5","6","7","8","9","10","11"],"Validation":{"Settings":{"ForceResponse":"ON","ForceResponseType":"ON","Type":"None"}},"Language":[],"QuestionID":"QID209","DataVisibility":{"Private":false,"Hidden":false},"NextChoiceId":12,"NextAnswerId":1}},{"SurveyID":"SV_6M8uvqxpxui2i2x","Element":"SQ","PrimaryAttribute":"QID203","SecondaryAttribute":"Based on this, how qualified do you think the worst team at the company is?","TertiaryAttribute":null,"Payload":{"QuestionText":"<span style=\"color:#000000;\"><span style=\"font-size:16px;\"><span style=\"font-family:arial,helvetica,sans-serif;\">Based on this, how qualified do you think the<b> worst<\/b> team at the company is?<\/span><\/span><\/span>","DataExportTag":"better_worse","QuestionType":"MC","Selector":"SAHR","SubSelector":"TX","Configuration":{"QuestionDescriptionOption":"UseText","LabelPosition":"BELOW"},"QuestionDescription":"Based on this, how qualified do you think the worst team at the company is?","Choices":{"1":{"Display":"<div style=\"text-align: center;\">Extremely unqualified<br \/>\n(-5)<\/div>"},"2":{"Display":"(-4)"},"3":{"Display":"(-3)"},"4":{"Display":"(-2)"},"5":{"Display":"(-1)"},"6":{"Display":"<div style=\"text-align: center;\">Middle of the pack<br \/>\n(0)<\/div>\n"},"7":{"Display":"(1)"},"8":{"Display":"(2)"},"9":{"Display":"(3)"},"10":{"Display":"(4)"},"11":{"Display":"Extremely qualified (5)"}},"ChoiceOrder":["1","2","3","4","5","6","7","8","9","10","11"],"Validation":{"Settings":{"ForceResponse":"ON","ForceResponseType":"ON","Type":"None"}},"Language":[],"QuestionID":"QID203","DataVisibility":{"Private":false,"Hidden":false},"NextChoiceId":12,"NextAnswerId":1}},{"SurveyID":"SV_6M8uvqxpxui2i2x","Element":"SQ","PrimaryAttribute":"QID208","SecondaryAttribute":"Based on this, how qualified do you think the worst team at the company is?","TertiaryAttribute":null,"Payload":{"QuestionText":"<span style=\"color:#000000;\"><span style=\"font-size:16px;\"><span style=\"font-family:arial,helvetica,sans-serif;\">Based on this, how qualified do you think the<b> worst<\/b> team at the company is?<\/span><\/span><\/span>","DataExportTag":"worse_worst","QuestionType":"MC","Selector":"SAHR","SubSelector":"TX","Configuration":{"QuestionDescriptionOption":"UseText","LabelPosition":"BELOW"},"QuestionDescription":"Based on this, how qualified do you think the worst team at the company is?","Choices":{"1":{"Display":"<div style=\"text-align: center;\">Extremely unqualified<br \/>\n(-5)<\/div>"},"2":{"Display":"(-4)"},"3":{"Display":"(-3)"},"4":{"Display":"(-2)"},"5":{"Display":"(-1)"},"6":{"Display":"<div style=\"text-align: center;\">Middle of the pack<br \/>\n(0)<\/div>\n"},"7":{"Display":"(1)"},"8":{"Display":"(2)"},"9":{"Display":"(3)"},"10":{"Display":"(4)"},"11":{"Display":"Extremely qualified (5)"}},"ChoiceOrder":["1","2","3","4","5","6","7","8","9","10","11"],"Validation":{"Settings":{"ForceResponse":"ON","ForceResponseType":"ON","Type":"None"}},"Language":[],"QuestionID":"QID208","DataVisibility":{"Private":false,"Hidden":false},"NextChoiceId":12,"NextAnswerId":1}},{"SurveyID":"SV_6M8uvqxpxui2i2x","Element":"SQ","PrimaryAttribute":"QID201","SecondaryAttribute":"Based on this, how qualified do you think the\u00a0average team at the company is?","TertiaryAttribute":null,"Payload":{"QuestionText":"<span style=\"font-size:16px;\"><span style=\"font-family:arial,helvetica,sans-serif;\"><span style=\"color:#000000;\">Based on this, how qualified do you think the<b>&nbsp;average <\/b>team at the company is?<\/span><\/span><\/span>","DataExportTag":"better_avg","QuestionType":"MC","Selector":"SAHR","SubSelector":"TX","Configuration":{"QuestionDescriptionOption":"UseText","LabelPosition":"BELOW"},"QuestionDescription":"Based on this, how qualified do you think the\u00a0average team at the company is?","Choices":{"1":{"Display":"<div style=\"text-align: center;\">Extremely unqualified<br \/>\n(-5)<\/div>"},"2":{"Display":"(-4)"},"3":{"Display":"(-3)"},"4":{"Display":"(-2)"},"5":{"Display":"(-1)"},"6":{"Display":"<div style=\"text-align: center;\">Middle of the pack<br \/>\n(0)<\/div>\n"},"7":{"Display":"(1)"},"8":{"Display":"(2)"},"9":{"Display":"(3)"},"10":{"Display":"(4)"},"11":{"Display":"Extremely qualified (5)"}},"ChoiceOrder":["1","2","3","4","5","6","7","8","9","10","11"],"Validation":{"Settings":{"ForceResponse":"ON","ForceResponseType":"ON","Type":"None"}},"Language":[],"QuestionID":"QID201","DataVisibility":{"Private":false,"Hidden":false},"NextChoiceId":12,"NextAnswerId":1}},{"SurveyID":"SV_6M8uvqxpxui2i2x","Element":"SQ","PrimaryAttribute":"QID210","SecondaryAttribute":"Based on this, how qualified do you think the\u00a0average team at the company is?","TertiaryAttribute":null,"Payload":{"QuestionText":"<span style=\"color:#000000;\"><span style=\"font-size:16px;\"><span style=\"font-family:arial,helvetica,sans-serif;\">Based on this, how qualified do you think the<b>&nbsp;average <\/b>team at the company is?<\/span><\/span><\/span>","DataExportTag":"worse_avg","QuestionType":"MC","Selector":"SAHR","SubSelector":"TX","Configuration":{"QuestionDescriptionOption":"UseText","LabelPosition":"BELOW"},"QuestionDescription":"Based on this, how qualified do you think the\u00a0average team at the company is?","Choices":{"1":{"Display":"<div style=\"text-align: center;\">Extremely unqualified<br \/>\n(-5)<\/div>"},"2":{"Display":"(-4)"},"3":{"Display":"(-3)"},"4":{"Display":"(-2)"},"5":{"Display":"(-1)"},"6":{"Display":"<div style=\"text-align: center;\">Middle of the pack<br \/>\n(0)<\/div>\n"},"7":{"Display":"(1)"},"8":{"Display":"(2)"},"9":{"Display":"(3)"},"10":{"Display":"(4)"},"11":{"Display":"Extremely qualified (5)"}},"ChoiceOrder":["1","2","3","4","5","6","7","8","9","10","11"],"Validation":{"Settings":{"ForceResponse":"ON","ForceResponseType":"ON","Type":"None"}},"Language":[],"QuestionID":"QID210","DataVisibility":{"Private":false,"Hidden":false},"NextChoiceId":12,"NextAnswerId":1}},{"SurveyID":"SV_6M8uvqxpxui2i2x","Element":"RS","PrimaryAttribute":"RS_4MlalHkOfhRckkZ","SecondaryAttribute":"Default Response Set","TertiaryAttribute":null,"Payload":null},{"SurveyID":"SV_6M8uvqxpxui2i2x","Element":"SQ","PrimaryAttribute":"QID32","SecondaryAttribute":"Finally, please answer these questions:","TertiaryAttribute":null,"Payload":{"QuestionText":"<strong><span style=\"font-size:16px;\"><span style=\"font-family:tahoma,geneva,sans-serif;\">Finally, please answer these questions:<\/span><\/span><\/strong>","DefaultChoices":false,"DataExportTag":"Q32","QuestionType":"DB","Selector":"TB","Configuration":{"QuestionDescriptionOption":"UseText"},"QuestionDescription":"Finally, please answer these questions:","ChoiceOrder":[],"Validation":{"Settings":{"Type":"None"}},"GradingData":[],"Language":[],"QuestionID":"QID32"}},{"SurveyID":"SV_6M8uvqxpxui2i2x","Element":"SQ","PrimaryAttribute":"QID74","SecondaryAttribute":"If you have any comments, please leave them below:","TertiaryAttribute":null,"Payload":{"QuestionText":"<span style=\"font-size:16px;\"><span style=\"font-family:tahoma,geneva,sans-serif;\">If you have any comments, please leave them below:<\/span><\/span>","DefaultChoices":false,"DataExportTag":"Q20","QuestionType":"TE","Selector":"ML","Configuration":{"QuestionDescriptionOption":"UseText","InputWidth":588,"InputHeight":199},"QuestionDescription":"If you have any comments, please leave them below:","Validation":{"Settings":{"ForceResponse":"OFF","ForceResponseType":"RequestResponse","Type":"None"}},"GradingData":[],"Language":[],"QuestionID":"QID74"}},{"SurveyID":"SV_6M8uvqxpxui2i2x","Element":"SQ","PrimaryAttribute":"QID165","SecondaryAttribute":"Imagine you are a manager at a large technology firm. You are overseeing an important new project...","TertiaryAttribute":null,"Payload":{"QuestionText":"<span style=\"color:#000000;\"><span style=\"font-size:16px;\"><span style=\"font-family:arial,helvetica,sans-serif;\">Imagine you are a manager at a large technology firm. You are overseeing an important new project and need to choose a team to assign to this project.<br \/>\n<br \/>\nYour assistant has compiled a list of all teams at the company.<br \/>\n<br \/>\nOnly two teams could start soon enough to keep the project on schedule: <b>Team A<\/b> and <b>Team B<\/b>.<br \/>\n<br \/>\nLooking at your assistant&rsquo;s profiles of each of these two teams, you see that <b>your assistant has rated Team A as significantly more qualified than Team B<\/b>.&nbsp;<\/span><\/span><\/span>","DefaultChoices":false,"DataExportTag":"better","QuestionType":"DB","Selector":"TB","Configuration":{"QuestionDescriptionOption":"UseText"},"QuestionDescription":"Imagine you are a manager at a large technology firm. You are overseeing an important new project...","ChoiceOrder":[],"Validation":{"Settings":{"Type":"None"}},"GradingData":[],"Language":[],"QuestionID":"QID165","DataVisibility":{"Private":false,"Hidden":false},"NextChoiceId":1,"NextAnswerId":1}},{"SurveyID":"SV_6M8uvqxpxui2i2x","Element":"SQ","PrimaryAttribute":"QID197","SecondaryAttribute":"Imagine you are a manager at a large technology firm. You are overseeing an important new project...","TertiaryAttribute":null,"Payload":{"QuestionText":"<div><span style=\"color:#000000;\"><span style=\"font-size:16px;\"><span style=\"font-family:arial,helvetica,sans-serif;\">Imagine you are a manager at a large technology firm. You are overseeing an important new project and need to choose a team to assign to this project.<br \/>\n<br \/>\nYour assistant has compiled a list of all teams at the company.<br \/>\n<br \/>\nOnly two teams could start soon enough to keep the project on schedule:&nbsp;<strong>Team A<\/strong>&nbsp;and&nbsp;<strong>Team B<\/strong>.<br \/>\n<br \/>\nLooking at your assistant&rsquo;s profiles of each of these two teams, you see that&nbsp;<strong>your assistant has rated Team B as significantly less qualified than Team A<\/strong>.<\/span><\/span><\/span><\/div>","DefaultChoices":false,"DataExportTag":"worse","QuestionType":"DB","Selector":"TB","Configuration":{"QuestionDescriptionOption":"UseText"},"QuestionDescription":"Imagine you are a manager at a large technology firm. You are overseeing an important new project...","ChoiceOrder":[],"Validation":{"Settings":{"Type":"None"}},"GradingData":[],"Language":[],"QuestionID":"QID197","DataVisibility":{"Private":false,"Hidden":false},"NextChoiceId":1,"NextAnswerId":1}},{"SurveyID":"SV_6M8uvqxpxui2i2x","Element":"SQ","PrimaryAttribute":"QID34","SecondaryAttribute":"My age is:","TertiaryAttribute":null,"Payload":{"QuestionText":"<span style=\"font-size:16px;\"><span style=\"font-family:tahoma,geneva,sans-serif;\">My age is:<\/span><\/span>","DefaultChoices":false,"DataExportTag":"age","QuestionType":"TE","Selector":"SL","Configuration":{"QuestionDescriptionOption":"UseText"},"QuestionDescription":"My age is:","Choices":{"1":{"Display":"Click to write Choice 1"},"2":{"Display":"Click to write Choice 2"},"3":{"Display":"Click to write Choice 3"}},"ChoiceOrder":["1","2","3"],"Validation":{"Settings":{"ForceResponse":"RequestResponse","ForceResponseType":"RequestResponse","Type":"ContentType","ContentType":"ValidNumber","ValidDateType":"DateWithFormat","ValidPhoneType":"ValidUSPhone","ValidZipType":"ValidUSZip","ValidNumber":{"NumDecimals":"0"}}},"GradingData":[],"Language":[],"QuestionID":"QID34"}},{"SurveyID":"SV_6M8uvqxpxui2i2x","Element":"SQ","PrimaryAttribute":"QID33","SecondaryAttribute":"My gender is:","TertiaryAttribute":null,"Payload":{"QuestionText":"<span style=\"font-size:16px;\"><span style=\"font-family:tahoma,geneva,sans-serif;\">My gender is:<\/span><\/span>","DataExportTag":"gender","QuestionType":"MC","Selector":"SAVR","SubSelector":"TX","Configuration":{"QuestionDescriptionOption":"UseText"},"QuestionDescription":"My gender is:","Choices":{"1":{"Display":"<span style=\"font-size:16px;\"><span style=\"font-family:tahoma,geneva,sans-serif;\">Male<\/span><\/span>"},"2":{"Display":"<span style=\"font-size:16px;\"><span style=\"font-family:tahoma,geneva,sans-serif;\">Female<\/span><\/span>"},"3":{"Display":"Non-binary"}},"ChoiceOrder":[1,2,"3"],"Validation":{"Settings":{"ForceResponse":"RequestResponse","ForceResponseType":"RequestResponse","Type":"None"}},"Language":[],"QuestionID":"QID33","DataVisibility":{"Private":false,"Hidden":false},"NextChoiceId":4,"NextAnswerId":1}},{"SurveyID":"SV_6M8uvqxpxui2i2x","Element":"SQ","PrimaryAttribute":"QID162","SecondaryAttribute":"The following is an experiment conducted by researchers at the University of California, Berkeley...","TertiaryAttribute":null,"Payload":{"QuestionText":"<p style=\"text-align: justify;\"><span style=\"font-size:16px;\"><span style=\"font-family:tahoma,geneva,sans-serif;\">The following is an experiment conducted by researchers at the University of California, Berkeley.&nbsp;<\/span><\/span><span style=\"font-family: tahoma, geneva, sans-serif; font-size: 16px;\">In this survey, we are interested in how people make various judgments.<\/span><\/p>","DefaultChoices":false,"DataExportTag":"Q68","QuestionType":"DB","Selector":"TB","Configuration":{"QuestionDescriptionOption":"UseText"},"QuestionDescription":"The following is an experiment conducted by researchers at the University of California, Berkeley...","ChoiceOrder":[],"Validation":{"Settings":{"Type":"None"}},"GradingData":[],"Language":[],"QuestionID":"QID162","DataVisibility":{"Private":false,"Hidden":false},"NextChoiceId":1,"NextAnswerId":1}},{"SurveyID":"SV_6M8uvqxpxui2i2x","Element":"SQ","PrimaryAttribute":"QID164","SecondaryAttribute":"Timing","TertiaryAttribute":null,"Payload":{"QuestionText":"Timing","DefaultChoices":false,"DataExportTag":"time_better","QuestionType":"Timing","Selector":"PageTimer","Configuration":{"QuestionDescriptionOption":"UseText","MinSeconds":"0","MaxSeconds":"0"},"QuestionDescription":"Timing","Choices":{"1":{"Display":"First Click"},"2":{"Display":"Last Click"},"3":{"Display":"Page Submit"},"4":{"Display":"Click Count"}},"GradingData":[],"Language":[],"QuestionID":"QID164"}},{"SurveyID":"SV_6M8uvqxpxui2i2x","Element":"SQ","PrimaryAttribute":"QID196","SecondaryAttribute":"Timing","TertiaryAttribute":null,"Payload":{"QuestionText":"Timing","DefaultChoices":false,"DataExportTag":"time_worse","QuestionType":"Timing","Selector":"PageTimer","Configuration":{"QuestionDescriptionOption":"UseText","MinSeconds":"0","MaxSeconds":"0"},"QuestionDescription":"Timing","Choices":{"1":{"Display":"First Click"},"2":{"Display":"Last Click"},"3":{"Display":"Page Submit"},"4":{"Display":"Click Count"}},"GradingData":[],"Language":[],"QuestionID":"QID196"}},{"SurveyID":"SV_6M8uvqxpxui2i2x","Element":"SQ","PrimaryAttribute":"QID195","SecondaryAttribute":"Which team was rated as more qualified by your assistant?","TertiaryAttribute":null,"Payload":{"QuestionText":"<span style=\"color:#000000;\"><span style=\"font-size:16px;\"><span style=\"font-family:arial,helvetica,sans-serif;\">Which team was rated as more qualified by your assistant?<\/span><\/span><\/span>","DataExportTag":"B_top10","QuestionType":"MC","Selector":"SAVR","SubSelector":"TX","Configuration":{"QuestionDescriptionOption":"UseText"},"QuestionDescription":"Which team was rated as more qualified by your assistant?","Choices":{"1":{"Display":"Team A"},"3":{"Display":"Don't remember"},"4":{"Display":"Team B"}},"ChoiceOrder":["1","4","3"],"Validation":{"Settings":{"ForceResponse":"RequestResponse","ForceResponseType":"RequestResponse","Type":"None"}},"Language":[],"QuestionID":"QID195","DataVisibility":{"Private":false,"Hidden":false},"NextChoiceId":6,"NextAnswerId":1}}]}